Microsoft Visual Studio Solution File, Format Version 12.00
# Visual Studio Version 16
VisualStudioVersion = 16.0.28721.148
MinimumVisualStudioVersion = 10.0.40219.1
Project("{2150E333-8FDC-42A3-9474-1A3956D46DE8}") = ".root", ".root", "{2F337CB6-0B9E-4765-A277-487E429DE9F1}"
	ProjectSection(SolutionItems) = preProject
		.editorconfig = .editorconfig
		.gitattributes = .gitattributes
		.gitignore = .gitignore
		build.cmd = build.cmd
		build.sh = build.sh
		Directory.Build.props = Directory.Build.props
		Directory.Build.targets = Directory.Build.targets
		LICENSE.md = LICENSE.md
		pack.cmd = pack.cmd
		pack.sh = pack.sh
		restore.cmd = restore.cmd
		restore.sh = restore.sh
		TerraFX.snk = TerraFX.snk
		test.cmd = test.cmd
		test.sh = test.sh
	EndProjectSection
EndProject
Project("{2150E333-8FDC-42A3-9474-1A3956D46DE8}") = "docs", "docs", "{8793898A-6542-4606-AA82-AB14151D2D20}"
	ProjectSection(SolutionItems) = preProject
		docs\CODE_OF_CONDUCT.md = docs\CODE_OF_CONDUCT.md
		docs\CODEOWNERS = docs\CODEOWNERS
		docs\CONTRIBUTING.md = docs\CONTRIBUTING.md
		docs\ISSUE_TEMPLATE.md = docs\ISSUE_TEMPLATE.md
		docs\PULL_REQUEST_TEMPLATE.md = docs\PULL_REQUEST_TEMPLATE.md
		docs\README.md = docs\README.md
	EndProjectSection
EndProject
Project("{2150E333-8FDC-42A3-9474-1A3956D46DE8}") = "samples", "samples", "{1054E499-981F-4EFA-855B-EC6FA604C6FB}"
	ProjectSection(SolutionItems) = preProject
		samples\Directory.Build.props = samples\Directory.Build.props
		samples\Directory.Build.targets = samples\Directory.Build.targets
	EndProjectSection
EndProject
Project("{2150E333-8FDC-42A3-9474-1A3956D46DE8}") = "DirectX", "DirectX", "{058D8853-1B5A-4AB0-AC39-80D4C1E802D6}"
EndProject
Project("{9A19103F-16F7-4668-BE54-9A1E7A4F7556}") = "TerraFX.Samples.DirectX", "samples\DirectX\TerraFX.Samples.DirectX.csproj", "{4D7EE8D8-9A02-43D4-8D7A-15E734E4D9AA}"
EndProject
Project("{2150E333-8FDC-42A3-9474-1A3956D46DE8}") = "sources", "sources", "{0B821858-8E47-4485-AC06-D2E971A53EB2}"
	ProjectSection(SolutionItems) = preProject
		sources\Directory.Build.props = sources\Directory.Build.props
		sources\Directory.Build.targets = sources\Directory.Build.targets
	EndProjectSection
EndProject
Project("{2150E333-8FDC-42A3-9474-1A3956D46DE8}") = "Interop", "Interop", "{70FBCFD9-B96E-4E72-B35C-681D9B2DA3D6}"
	ProjectSection(SolutionItems) = preProject
		sources\Interop\.editorconfig = sources\Interop\.editorconfig
	EndProjectSection
EndProject
Project("{2150E333-8FDC-42A3-9474-1A3956D46DE8}") = "Windows", "Windows", "{70B9DF97-05BA-4BF3-A945-60DF431235E0}"
EndProject
Project("{9A19103F-16F7-4668-BE54-9A1E7A4F7556}") = "TerraFX.Interop.Windows", "sources\Interop\Windows\TerraFX.Interop.Windows.csproj", "{6AB1F14A-F6F7-4B43-85C8-1C9703A0A1B8}"
EndProject
Project("{2150E333-8FDC-42A3-9474-1A3956D46DE8}") = "tests", "tests", "{EFB05081-EC44-49D3-B6D1-52AE42085B5B}"
	ProjectSection(SolutionItems) = preProject
		tests\Directory.Build.props = tests\Directory.Build.props
		tests\Directory.Build.targets = tests\Directory.Build.targets
	EndProjectSection
EndProject
Project("{2150E333-8FDC-42A3-9474-1A3956D46DE8}") = "Interop", "Interop", "{7E31C739-2787-44ED-8304-7EFCEE1A2B2C}"
EndProject
Project("{2150E333-8FDC-42A3-9474-1A3956D46DE8}") = "Windows", "Windows", "{83A9C646-8419-4C1C-886C-5340C90A7D5B}"
EndProject
Project("{9A19103F-16F7-4668-BE54-9A1E7A4F7556}") = "TerraFX.Interop.Windows.UnitTests", "tests\Interop\Windows\TerraFX.Interop.Windows.UnitTests.csproj", "{37ACC069-F0C9-4DC3-8E13-12C61ACF269D}"
EndProject
Project("{2150E333-8FDC-42A3-9474-1A3956D46DE8}") = "scripts", "scripts", "{48E1F49D-7103-4DE6-9F69-915183B85095}"
	ProjectSection(SolutionItems) = preProject
		scripts\azure-ci.yml = scripts\azure-ci.yml
		scripts\azure-pipelines.yml = scripts\azure-pipelines.yml
		scripts\azure-pr.yml = scripts\azure-pr.yml
		scripts\azure-unix.yml = scripts\azure-unix.yml
		scripts\azure-windows.yml = scripts\azure-windows.yml
		scripts\build.ps1 = scripts\build.ps1
		scripts\build.sh = scripts\build.sh
		scripts\cibuild.cmd = scripts\cibuild.cmd
		scripts\cibuild.sh = scripts\cibuild.sh
	EndProjectSection
EndProject
Project("{2150E333-8FDC-42A3-9474-1A3956D46DE8}") = "DXGI", "DXGI", "{A1C3BB6A-2366-4777-AB66-562E027F335A}"
EndProject
Project("{2150E333-8FDC-42A3-9474-1A3956D46DE8}") = "User32", "User32", "{FB9F289B-A123-433F-BA9F-250EFABDCC82}"
EndProject
Project("{2150E333-8FDC-42A3-9474-1A3956D46DE8}") = "D3D12", "D3D12", "{96D215CB-D32C-4A3D-9E56-EBE42BB99EDC}"
EndProject
Project("{9A19103F-16F7-4668-BE54-9A1E7A4F7556}") = "TerraFX.Interop.D3D12", "sources\Interop\D3D12\TerraFX.Interop.D3D12.csproj", "{6A5816A2-D890-4E55-BDB9-8B0BEFA0EC07}"
EndProject
Project("{9A19103F-16F7-4668-BE54-9A1E7A4F7556}") = "TerraFX.Interop.DXGI", "sources\Interop\DXGI\TerraFX.Interop.DXGI.csproj", "{AE4E2DC2-1107-4FD4-9BEE-3612AA4B8DEC}"
EndProject
Project("{9A19103F-16F7-4668-BE54-9A1E7A4F7556}") = "TerraFX.Interop.User32", "sources\Interop\User32\TerraFX.Interop.User32.csproj", "{B558A7A4-94BF-4E79-9C1A-29EB0DE66BBF}"
EndProject
Project("{2150E333-8FDC-42A3-9474-1A3956D46DE8}") = "D2D1", "D2D1", "{58E62626-B0EA-4A0D-8C9B-F8D51457186F}"
EndProject
Project("{9A19103F-16F7-4668-BE54-9A1E7A4F7556}") = "TerraFX.Interop.D2D1", "sources\Interop\D2D1\TerraFX.Interop.D2D1.csproj", "{0A306E78-3E0E-41F2-A0DA-9EE10462A589}"
EndProject
Project("{2150E333-8FDC-42A3-9474-1A3956D46DE8}") = "DWrite", "DWrite", "{D3671362-4DCA-45F5-9EFB-DD138697F183}"
EndProject
Project("{9A19103F-16F7-4668-BE54-9A1E7A4F7556}") = "TerraFX.Interop.DWrite", "sources\Interop\DWrite\TerraFX.Interop.DWrite.csproj", "{EDD57A66-8D74-4A22-8B10-DB4922749FFA}"
EndProject
Project("{2150E333-8FDC-42A3-9474-1A3956D46DE8}") = "WinCodec", "WinCodec", "{D0DAA89D-936D-499F-B51A-E27D9F28730D}"
EndProject
Project("{9A19103F-16F7-4668-BE54-9A1E7A4F7556}") = "TerraFX.Interop.WinCodec", "sources\Interop\WinCodec\TerraFX.Interop.WinCodec.csproj", "{D92253F2-6FB7-4986-84E8-637276EF0120}"
EndProject
Project("{2150E333-8FDC-42A3-9474-1A3956D46DE8}") = "D3DCompiler", "D3DCompiler", "{218FB49B-95C3-4DD3-A2EA-56F295065E4E}"
EndProject
Project("{9A19103F-16F7-4668-BE54-9A1E7A4F7556}") = "TerraFX.Interop.D3DCompiler", "sources\Interop\D3DCompiler\TerraFX.Interop.D3DCompiler.csproj", "{4286CED4-F95D-4FD6-A9E4-CD9E2952CD5E}"
EndProject
Project("{2150E333-8FDC-42A3-9474-1A3956D46DE8}") = "DXGIDebug", "DXGIDebug", "{8F1948E4-2F1D-4778-A687-247587926D71}"
EndProject
Project("{9A19103F-16F7-4668-BE54-9A1E7A4F7556}") = "TerraFX.Interop.DXGIDebug", "sources\Interop\DXGIDebug\TerraFX.Interop.DXGIDebug.csproj", "{4560CE81-E500-4BA4-B060-E9777E9D1614}"
EndProject
Project("{2150E333-8FDC-42A3-9474-1A3956D46DE8}") = "Kernel32", "Kernel32", "{D00A52EE-4753-40CB-9C98-866CFAE3508E}"
EndProject
Project("{9A19103F-16F7-4668-BE54-9A1E7A4F7556}") = "TerraFX.Interop.Kernel32", "sources\Interop\Kernel32\TerraFX.Interop.Kernel32.csproj", "{912F55B6-12F1-4C12-8B43-15F84490E9A8}"
EndProject
Project("{2150E333-8FDC-42A3-9474-1A3956D46DE8}") = "D3DCommon", "D3DCommon", "{6623F4B1-F2C6-4EAC-BB86-4B1E9CE457A2}"
EndProject
Project("{2150E333-8FDC-42A3-9474-1A3956D46DE8}") = "DCommon", "DCommon", "{561E70EA-96C1-463C-B6EE-CD08B6465C22}"
EndProject
Project("{9A19103F-16F7-4668-BE54-9A1E7A4F7556}") = "TerraFX.Interop.D3DCommon", "sources\Interop\D3DCommon\TerraFX.Interop.D3DCommon.csproj", "{265C1735-C169-4FF4-B1FC-102E8766A41A}"
EndProject
Project("{9A19103F-16F7-4668-BE54-9A1E7A4F7556}") = "TerraFX.Interop.DCommon", "sources\Interop\DCommon\TerraFX.Interop.DCommon.csproj", "{6C506E90-5E99-4650-8552-FD5F38E7EB79}"
EndProject
Project("{2150E333-8FDC-42A3-9474-1A3956D46DE8}") = "DXGI", "DXGI", "{BA9C7DB1-E671-4209-AA82-C9C704C11176}"
EndProject
Project("{9A19103F-16F7-4668-BE54-9A1E7A4F7556}") = "TerraFX.Interop.DXGI.UnitTests", "tests\Interop\DXGI\TerraFX.Interop.DXGI.UnitTests.csproj", "{A9A3E882-E21C-4AF6-9EAA-A85F86BFBA51}"
EndProject
Project("{2150E333-8FDC-42A3-9474-1A3956D46DE8}") = "D2D1", "D2D1", "{7EE5B442-96E7-4335-940A-2AB188C7AE4F}"
EndProject
Project("{9A19103F-16F7-4668-BE54-9A1E7A4F7556}") = "TerraFX.Interop.D2D1.UnitTests", "tests\Interop\D2D1\TerraFX.Interop.D2D1.UnitTests.csproj", "{A613FCDE-7E26-4197-87F9-E2E7545E2AB9}"
EndProject
Project("{2150E333-8FDC-42A3-9474-1A3956D46DE8}") = "D2D12", "D2D12", "{E06C2394-48D1-45A3-998F-4171504B01E9}"
EndProject
Project("{9A19103F-16F7-4668-BE54-9A1E7A4F7556}") = "TerraFX.Interop.D3D12.UnitTests", "tests\Interop\D3D12\TerraFX.Interop.D3D12.UnitTests.csproj", "{D21B456A-CDE5-431B-B49A-6ED56ECAFDEB}"
EndProject
Project("{2150E333-8FDC-42A3-9474-1A3956D46DE8}") = "D3DCommon", "D3DCommon", "{C691D945-B7F2-4D07-A172-CFBDBA55DD0A}"
EndProject
Project("{9A19103F-16F7-4668-BE54-9A1E7A4F7556}") = "TerraFX.Interop.D3DCommon.UnitTests", "tests\Interop\D3DCommon\TerraFX.Interop.D3DCommon.UnitTests.csproj", "{5664C933-D239-4432-A2D9-9366C5420396}"
EndProject
Project("{2150E333-8FDC-42A3-9474-1A3956D46DE8}") = "DCommon", "DCommon", "{E9333037-FA9E-404F-8847-B79912688DF7}"
EndProject
Project("{9A19103F-16F7-4668-BE54-9A1E7A4F7556}") = "TerraFX.Interop.DCommon.UnitTests", "tests\Interop\DCommon\TerraFX.Interop.DCommon.UnitTests.csproj", "{2C266D27-FB3F-432A-B53B-7CEEE0383F19}"
EndProject
Project("{2150E333-8FDC-42A3-9474-1A3956D46DE8}") = "DWrite", "DWrite", "{C4E87998-9EA3-4CA8-BC9C-B654028F7486}"
EndProject
Project("{9A19103F-16F7-4668-BE54-9A1E7A4F7556}") = "TerraFX.Interop.DWrite.UnitTests", "tests\Interop\DWrite\TerraFX.Interop.DWrite.UnitTests.csproj", "{603D8AA9-29D4-4B43-91E9-F3D5E7AB87B4}"
EndProject
Project("{2150E333-8FDC-42A3-9474-1A3956D46DE8}") = "DXGIDebug", "DXGIDebug", "{30EC7C03-CA31-436C-99BD-013E295D3EF4}"
EndProject
Project("{9A19103F-16F7-4668-BE54-9A1E7A4F7556}") = "TerraFX.Interop.DXGIDebug.UnitTests", "tests\Interop\DXGIDebug\TerraFX.Interop.DXGIDebug.UnitTests.csproj", "{EAD8B303-32BB-47EA-8F41-FA4393E12E4C}"
EndProject
Project("{2150E333-8FDC-42A3-9474-1A3956D46DE8}") = "WinCodec", "WinCodec", "{82F1C087-5129-4118-A446-269A6C2B657A}"
EndProject
Project("{9A19103F-16F7-4668-BE54-9A1E7A4F7556}") = "TerraFX.Interop.WinCodec.UnitTests", "tests\Interop\WinCodec\TerraFX.Interop.WinCodec.UnitTests.csproj", "{5FEAAC67-AC1C-490D-86D2-24ABCCAC4D60}"
EndProject
Project("{2150E333-8FDC-42A3-9474-1A3956D46DE8}") = "User32", "User32", "{12CA1DDE-F03C-4903-8977-AF0BA73DD656}"
EndProject
Project("{9A19103F-16F7-4668-BE54-9A1E7A4F7556}") = "TerraFX.Interop.User32.UnitTests", "tests\Interop\User32\TerraFX.Interop.User32.UnitTests.csproj", "{E1079FA4-5C96-45B4-8B51-C9DB23AB9831}"
EndProject
Project("{2150E333-8FDC-42A3-9474-1A3956D46DE8}") = "Gdi32", "Gdi32", "{E4BACF79-1227-41F7-98BC-E07A8689FEAE}"
EndProject
Project("{9A19103F-16F7-4668-BE54-9A1E7A4F7556}") = "TerraFX.Interop.Gdi32", "sources\Interop\Gdi32\TerraFX.Interop.Gdi32.csproj", "{C58F82C2-0906-4EE0-AEB7-C18D9E9A121C}"
EndProject
Project("{2150E333-8FDC-42A3-9474-1A3956D46DE8}") = "Gdi32", "Gdi32", "{F7740CF9-604C-4701-BE19-3669E79CA39D}"
EndProject
Project("{9A19103F-16F7-4668-BE54-9A1E7A4F7556}") = "TerraFX.Interop.Gdi32.UnitTests", "tests\Interop\Gdi32\TerraFX.Interop.Gdi32.UnitTests.csproj", "{794109BA-BF3E-4932-A723-7469C7BF6347}"
EndProject
Global
	GlobalSection(SolutionConfigurationPlatforms) = preSolution
		Debug|Any CPU = Debug|Any CPU
		Release|Any CPU = Release|Any CPU
	EndGlobalSection
	GlobalSection(ProjectConfigurationPlatforms) = postSolution
		{4D7EE8D8-9A02-43D4-8D7A-15E734E4D9AA}.Debug|Any CPU.ActiveCfg = Debug|Any CPU
		{4D7EE8D8-9A02-43D4-8D7A-15E734E4D9AA}.Debug|Any CPU.Build.0 = Debug|Any CPU
		{4D7EE8D8-9A02-43D4-8D7A-15E734E4D9AA}.Release|Any CPU.ActiveCfg = Release|Any CPU
		{4D7EE8D8-9A02-43D4-8D7A-15E734E4D9AA}.Release|Any CPU.Build.0 = Release|Any CPU
		{6AB1F14A-F6F7-4B43-85C8-1C9703A0A1B8}.Debug|Any CPU.ActiveCfg = Debug|Any CPU
		{6AB1F14A-F6F7-4B43-85C8-1C9703A0A1B8}.Debug|Any CPU.Build.0 = Debug|Any CPU
		{6AB1F14A-F6F7-4B43-85C8-1C9703A0A1B8}.Release|Any CPU.ActiveCfg = Release|Any CPU
		{6AB1F14A-F6F7-4B43-85C8-1C9703A0A1B8}.Release|Any CPU.Build.0 = Release|Any CPU
		{37ACC069-F0C9-4DC3-8E13-12C61ACF269D}.Debug|Any CPU.ActiveCfg = Debug|Any CPU
		{37ACC069-F0C9-4DC3-8E13-12C61ACF269D}.Debug|Any CPU.Build.0 = Debug|Any CPU
		{37ACC069-F0C9-4DC3-8E13-12C61ACF269D}.Release|Any CPU.ActiveCfg = Release|Any CPU
		{37ACC069-F0C9-4DC3-8E13-12C61ACF269D}.Release|Any CPU.Build.0 = Release|Any CPU
		{6A5816A2-D890-4E55-BDB9-8B0BEFA0EC07}.Debug|Any CPU.ActiveCfg = Debug|Any CPU
		{6A5816A2-D890-4E55-BDB9-8B0BEFA0EC07}.Debug|Any CPU.Build.0 = Debug|Any CPU
		{6A5816A2-D890-4E55-BDB9-8B0BEFA0EC07}.Release|Any CPU.ActiveCfg = Release|Any CPU
		{6A5816A2-D890-4E55-BDB9-8B0BEFA0EC07}.Release|Any CPU.Build.0 = Release|Any CPU
		{AE4E2DC2-1107-4FD4-9BEE-3612AA4B8DEC}.Debug|Any CPU.ActiveCfg = Debug|Any CPU
		{AE4E2DC2-1107-4FD4-9BEE-3612AA4B8DEC}.Debug|Any CPU.Build.0 = Debug|Any CPU
		{AE4E2DC2-1107-4FD4-9BEE-3612AA4B8DEC}.Release|Any CPU.ActiveCfg = Release|Any CPU
		{AE4E2DC2-1107-4FD4-9BEE-3612AA4B8DEC}.Release|Any CPU.Build.0 = Release|Any CPU
		{B558A7A4-94BF-4E79-9C1A-29EB0DE66BBF}.Debug|Any CPU.ActiveCfg = Debug|Any CPU
		{B558A7A4-94BF-4E79-9C1A-29EB0DE66BBF}.Debug|Any CPU.Build.0 = Debug|Any CPU
		{B558A7A4-94BF-4E79-9C1A-29EB0DE66BBF}.Release|Any CPU.ActiveCfg = Release|Any CPU
		{B558A7A4-94BF-4E79-9C1A-29EB0DE66BBF}.Release|Any CPU.Build.0 = Release|Any CPU
		{0A306E78-3E0E-41F2-A0DA-9EE10462A589}.Debug|Any CPU.ActiveCfg = Debug|Any CPU
		{0A306E78-3E0E-41F2-A0DA-9EE10462A589}.Debug|Any CPU.Build.0 = Debug|Any CPU
		{0A306E78-3E0E-41F2-A0DA-9EE10462A589}.Release|Any CPU.ActiveCfg = Release|Any CPU
		{0A306E78-3E0E-41F2-A0DA-9EE10462A589}.Release|Any CPU.Build.0 = Release|Any CPU
		{EDD57A66-8D74-4A22-8B10-DB4922749FFA}.Debug|Any CPU.ActiveCfg = Debug|Any CPU
		{EDD57A66-8D74-4A22-8B10-DB4922749FFA}.Debug|Any CPU.Build.0 = Debug|Any CPU
		{EDD57A66-8D74-4A22-8B10-DB4922749FFA}.Release|Any CPU.ActiveCfg = Release|Any CPU
		{EDD57A66-8D74-4A22-8B10-DB4922749FFA}.Release|Any CPU.Build.0 = Release|Any CPU
		{D92253F2-6FB7-4986-84E8-637276EF0120}.Debug|Any CPU.ActiveCfg = Debug|Any CPU
		{D92253F2-6FB7-4986-84E8-637276EF0120}.Debug|Any CPU.Build.0 = Debug|Any CPU
		{D92253F2-6FB7-4986-84E8-637276EF0120}.Release|Any CPU.ActiveCfg = Release|Any CPU
		{D92253F2-6FB7-4986-84E8-637276EF0120}.Release|Any CPU.Build.0 = Release|Any CPU
		{4286CED4-F95D-4FD6-A9E4-CD9E2952CD5E}.Debug|Any CPU.ActiveCfg = Debug|Any CPU
		{4286CED4-F95D-4FD6-A9E4-CD9E2952CD5E}.Debug|Any CPU.Build.0 = Debug|Any CPU
		{4286CED4-F95D-4FD6-A9E4-CD9E2952CD5E}.Release|Any CPU.ActiveCfg = Release|Any CPU
		{4286CED4-F95D-4FD6-A9E4-CD9E2952CD5E}.Release|Any CPU.Build.0 = Release|Any CPU
		{4560CE81-E500-4BA4-B060-E9777E9D1614}.Debug|Any CPU.ActiveCfg = Debug|Any CPU
		{4560CE81-E500-4BA4-B060-E9777E9D1614}.Debug|Any CPU.Build.0 = Debug|Any CPU
		{4560CE81-E500-4BA4-B060-E9777E9D1614}.Release|Any CPU.ActiveCfg = Release|Any CPU
		{4560CE81-E500-4BA4-B060-E9777E9D1614}.Release|Any CPU.Build.0 = Release|Any CPU
		{912F55B6-12F1-4C12-8B43-15F84490E9A8}.Debug|Any CPU.ActiveCfg = Debug|Any CPU
		{912F55B6-12F1-4C12-8B43-15F84490E9A8}.Debug|Any CPU.Build.0 = Debug|Any CPU
		{912F55B6-12F1-4C12-8B43-15F84490E9A8}.Release|Any CPU.ActiveCfg = Release|Any CPU
		{912F55B6-12F1-4C12-8B43-15F84490E9A8}.Release|Any CPU.Build.0 = Release|Any CPU
		{265C1735-C169-4FF4-B1FC-102E8766A41A}.Debug|Any CPU.ActiveCfg = Debug|Any CPU
		{265C1735-C169-4FF4-B1FC-102E8766A41A}.Debug|Any CPU.Build.0 = Debug|Any CPU
		{265C1735-C169-4FF4-B1FC-102E8766A41A}.Release|Any CPU.ActiveCfg = Release|Any CPU
		{265C1735-C169-4FF4-B1FC-102E8766A41A}.Release|Any CPU.Build.0 = Release|Any CPU
		{6C506E90-5E99-4650-8552-FD5F38E7EB79}.Debug|Any CPU.ActiveCfg = Debug|Any CPU
		{6C506E90-5E99-4650-8552-FD5F38E7EB79}.Debug|Any CPU.Build.0 = Debug|Any CPU
		{6C506E90-5E99-4650-8552-FD5F38E7EB79}.Release|Any CPU.ActiveCfg = Release|Any CPU
		{6C506E90-5E99-4650-8552-FD5F38E7EB79}.Release|Any CPU.Build.0 = Release|Any CPU
		{A9A3E882-E21C-4AF6-9EAA-A85F86BFBA51}.Debug|Any CPU.ActiveCfg = Debug|Any CPU
		{A9A3E882-E21C-4AF6-9EAA-A85F86BFBA51}.Debug|Any CPU.Build.0 = Debug|Any CPU
		{A9A3E882-E21C-4AF6-9EAA-A85F86BFBA51}.Release|Any CPU.ActiveCfg = Release|Any CPU
		{A9A3E882-E21C-4AF6-9EAA-A85F86BFBA51}.Release|Any CPU.Build.0 = Release|Any CPU
		{A613FCDE-7E26-4197-87F9-E2E7545E2AB9}.Debug|Any CPU.ActiveCfg = Debug|Any CPU
		{A613FCDE-7E26-4197-87F9-E2E7545E2AB9}.Debug|Any CPU.Build.0 = Debug|Any CPU
		{A613FCDE-7E26-4197-87F9-E2E7545E2AB9}.Release|Any CPU.ActiveCfg = Release|Any CPU
		{A613FCDE-7E26-4197-87F9-E2E7545E2AB9}.Release|Any CPU.Build.0 = Release|Any CPU
		{D21B456A-CDE5-431B-B49A-6ED56ECAFDEB}.Debug|Any CPU.ActiveCfg = Debug|Any CPU
		{D21B456A-CDE5-431B-B49A-6ED56ECAFDEB}.Debug|Any CPU.Build.0 = Debug|Any CPU
		{D21B456A-CDE5-431B-B49A-6ED56ECAFDEB}.Release|Any CPU.ActiveCfg = Release|Any CPU
		{D21B456A-CDE5-431B-B49A-6ED56ECAFDEB}.Release|Any CPU.Build.0 = Release|Any CPU
		{5664C933-D239-4432-A2D9-9366C5420396}.Debug|Any CPU.ActiveCfg = Debug|Any CPU
		{5664C933-D239-4432-A2D9-9366C5420396}.Debug|Any CPU.Build.0 = Debug|Any CPU
		{5664C933-D239-4432-A2D9-9366C5420396}.Release|Any CPU.ActiveCfg = Release|Any CPU
		{5664C933-D239-4432-A2D9-9366C5420396}.Release|Any CPU.Build.0 = Release|Any CPU
		{2C266D27-FB3F-432A-B53B-7CEEE0383F19}.Debug|Any CPU.ActiveCfg = Debug|Any CPU
		{2C266D27-FB3F-432A-B53B-7CEEE0383F19}.Debug|Any CPU.Build.0 = Debug|Any CPU
		{2C266D27-FB3F-432A-B53B-7CEEE0383F19}.Release|Any CPU.ActiveCfg = Release|Any CPU
		{2C266D27-FB3F-432A-B53B-7CEEE0383F19}.Release|Any CPU.Build.0 = Release|Any CPU
		{603D8AA9-29D4-4B43-91E9-F3D5E7AB87B4}.Debug|Any CPU.ActiveCfg = Debug|Any CPU
		{603D8AA9-29D4-4B43-91E9-F3D5E7AB87B4}.Debug|Any CPU.Build.0 = Debug|Any CPU
		{603D8AA9-29D4-4B43-91E9-F3D5E7AB87B4}.Release|Any CPU.ActiveCfg = Release|Any CPU
		{603D8AA9-29D4-4B43-91E9-F3D5E7AB87B4}.Release|Any CPU.Build.0 = Release|Any CPU
		{EAD8B303-32BB-47EA-8F41-FA4393E12E4C}.Debug|Any CPU.ActiveCfg = Debug|Any CPU
		{EAD8B303-32BB-47EA-8F41-FA4393E12E4C}.Debug|Any CPU.Build.0 = Debug|Any CPU
		{EAD8B303-32BB-47EA-8F41-FA4393E12E4C}.Release|Any CPU.ActiveCfg = Release|Any CPU
		{EAD8B303-32BB-47EA-8F41-FA4393E12E4C}.Release|Any CPU.Build.0 = Release|Any CPU
		{5FEAAC67-AC1C-490D-86D2-24ABCCAC4D60}.Debug|Any CPU.ActiveCfg = Debug|Any CPU
		{5FEAAC67-AC1C-490D-86D2-24ABCCAC4D60}.Debug|Any CPU.Build.0 = Debug|Any CPU
		{5FEAAC67-AC1C-490D-86D2-24ABCCAC4D60}.Release|Any CPU.ActiveCfg = Release|Any CPU
		{5FEAAC67-AC1C-490D-86D2-24ABCCAC4D60}.Release|Any CPU.Build.0 = Release|Any CPU
		{E1079FA4-5C96-45B4-8B51-C9DB23AB9831}.Debug|Any CPU.ActiveCfg = Debug|Any CPU
		{E1079FA4-5C96-45B4-8B51-C9DB23AB9831}.Debug|Any CPU.Build.0 = Debug|Any CPU
		{E1079FA4-5C96-45B4-8B51-C9DB23AB9831}.Release|Any CPU.ActiveCfg = Release|Any CPU
		{E1079FA4-5C96-45B4-8B51-C9DB23AB9831}.Release|Any CPU.Build.0 = Release|Any CPU
		{C58F82C2-0906-4EE0-AEB7-C18D9E9A121C}.Debug|Any CPU.ActiveCfg = Debug|Any CPU
		{C58F82C2-0906-4EE0-AEB7-C18D9E9A121C}.Debug|Any CPU.Build.0 = Debug|Any CPU
		{C58F82C2-0906-4EE0-AEB7-C18D9E9A121C}.Release|Any CPU.ActiveCfg = Release|Any CPU
		{C58F82C2-0906-4EE0-AEB7-C18D9E9A121C}.Release|Any CPU.Build.0 = Release|Any CPU
		{794109BA-BF3E-4932-A723-7469C7BF6347}.Debug|Any CPU.ActiveCfg = Debug|Any CPU
		{794109BA-BF3E-4932-A723-7469C7BF6347}.Debug|Any CPU.Build.0 = Debug|Any CPU
		{794109BA-BF3E-4932-A723-7469C7BF6347}.Release|Any CPU.ActiveCfg = Release|Any CPU
		{794109BA-BF3E-4932-A723-7469C7BF6347}.Release|Any CPU.Build.0 = Release|Any CPU
	EndGlobalSection
	GlobalSection(SolutionProperties) = preSolution
		HideSolutionNode = FALSE
	EndGlobalSection
	GlobalSection(NestedProjects) = preSolution
		{058D8853-1B5A-4AB0-AC39-80D4C1E802D6} = {1054E499-981F-4EFA-855B-EC6FA604C6FB}
		{4D7EE8D8-9A02-43D4-8D7A-15E734E4D9AA} = {058D8853-1B5A-4AB0-AC39-80D4C1E802D6}
		{70FBCFD9-B96E-4E72-B35C-681D9B2DA3D6} = {0B821858-8E47-4485-AC06-D2E971A53EB2}
		{70B9DF97-05BA-4BF3-A945-60DF431235E0} = {70FBCFD9-B96E-4E72-B35C-681D9B2DA3D6}
		{6AB1F14A-F6F7-4B43-85C8-1C9703A0A1B8} = {70B9DF97-05BA-4BF3-A945-60DF431235E0}
		{7E31C739-2787-44ED-8304-7EFCEE1A2B2C} = {EFB05081-EC44-49D3-B6D1-52AE42085B5B}
		{83A9C646-8419-4C1C-886C-5340C90A7D5B} = {7E31C739-2787-44ED-8304-7EFCEE1A2B2C}
		{37ACC069-F0C9-4DC3-8E13-12C61ACF269D} = {83A9C646-8419-4C1C-886C-5340C90A7D5B}
		{A1C3BB6A-2366-4777-AB66-562E027F335A} = {70FBCFD9-B96E-4E72-B35C-681D9B2DA3D6}
		{FB9F289B-A123-433F-BA9F-250EFABDCC82} = {70FBCFD9-B96E-4E72-B35C-681D9B2DA3D6}
		{96D215CB-D32C-4A3D-9E56-EBE42BB99EDC} = {70FBCFD9-B96E-4E72-B35C-681D9B2DA3D6}
		{6A5816A2-D890-4E55-BDB9-8B0BEFA0EC07} = {96D215CB-D32C-4A3D-9E56-EBE42BB99EDC}
		{AE4E2DC2-1107-4FD4-9BEE-3612AA4B8DEC} = {A1C3BB6A-2366-4777-AB66-562E027F335A}
		{B558A7A4-94BF-4E79-9C1A-29EB0DE66BBF} = {FB9F289B-A123-433F-BA9F-250EFABDCC82}
		{58E62626-B0EA-4A0D-8C9B-F8D51457186F} = {70FBCFD9-B96E-4E72-B35C-681D9B2DA3D6}
		{0A306E78-3E0E-41F2-A0DA-9EE10462A589} = {58E62626-B0EA-4A0D-8C9B-F8D51457186F}
		{D3671362-4DCA-45F5-9EFB-DD138697F183} = {70FBCFD9-B96E-4E72-B35C-681D9B2DA3D6}
		{EDD57A66-8D74-4A22-8B10-DB4922749FFA} = {D3671362-4DCA-45F5-9EFB-DD138697F183}
		{D0DAA89D-936D-499F-B51A-E27D9F28730D} = {70FBCFD9-B96E-4E72-B35C-681D9B2DA3D6}
		{D92253F2-6FB7-4986-84E8-637276EF0120} = {D0DAA89D-936D-499F-B51A-E27D9F28730D}
		{218FB49B-95C3-4DD3-A2EA-56F295065E4E} = {70FBCFD9-B96E-4E72-B35C-681D9B2DA3D6}
		{4286CED4-F95D-4FD6-A9E4-CD9E2952CD5E} = {218FB49B-95C3-4DD3-A2EA-56F295065E4E}
		{8F1948E4-2F1D-4778-A687-247587926D71} = {70FBCFD9-B96E-4E72-B35C-681D9B2DA3D6}
		{4560CE81-E500-4BA4-B060-E9777E9D1614} = {8F1948E4-2F1D-4778-A687-247587926D71}
		{D00A52EE-4753-40CB-9C98-866CFAE3508E} = {70FBCFD9-B96E-4E72-B35C-681D9B2DA3D6}
		{912F55B6-12F1-4C12-8B43-15F84490E9A8} = {D00A52EE-4753-40CB-9C98-866CFAE3508E}
		{6623F4B1-F2C6-4EAC-BB86-4B1E9CE457A2} = {70FBCFD9-B96E-4E72-B35C-681D9B2DA3D6}
		{561E70EA-96C1-463C-B6EE-CD08B6465C22} = {70FBCFD9-B96E-4E72-B35C-681D9B2DA3D6}
		{265C1735-C169-4FF4-B1FC-102E8766A41A} = {6623F4B1-F2C6-4EAC-BB86-4B1E9CE457A2}
		{6C506E90-5E99-4650-8552-FD5F38E7EB79} = {561E70EA-96C1-463C-B6EE-CD08B6465C22}
		{BA9C7DB1-E671-4209-AA82-C9C704C11176} = {7E31C739-2787-44ED-8304-7EFCEE1A2B2C}
		{A9A3E882-E21C-4AF6-9EAA-A85F86BFBA51} = {BA9C7DB1-E671-4209-AA82-C9C704C11176}
		{7EE5B442-96E7-4335-940A-2AB188C7AE4F} = {7E31C739-2787-44ED-8304-7EFCEE1A2B2C}
		{A613FCDE-7E26-4197-87F9-E2E7545E2AB9} = {7EE5B442-96E7-4335-940A-2AB188C7AE4F}
		{E06C2394-48D1-45A3-998F-4171504B01E9} = {7E31C739-2787-44ED-8304-7EFCEE1A2B2C}
		{D21B456A-CDE5-431B-B49A-6ED56ECAFDEB} = {E06C2394-48D1-45A3-998F-4171504B01E9}
		{C691D945-B7F2-4D07-A172-CFBDBA55DD0A} = {7E31C739-2787-44ED-8304-7EFCEE1A2B2C}
		{5664C933-D239-4432-A2D9-9366C5420396} = {C691D945-B7F2-4D07-A172-CFBDBA55DD0A}
		{E9333037-FA9E-404F-8847-B79912688DF7} = {7E31C739-2787-44ED-8304-7EFCEE1A2B2C}
		{2C266D27-FB3F-432A-B53B-7CEEE0383F19} = {E9333037-FA9E-404F-8847-B79912688DF7}
		{C4E87998-9EA3-4CA8-BC9C-B654028F7486} = {7E31C739-2787-44ED-8304-7EFCEE1A2B2C}
		{603D8AA9-29D4-4B43-91E9-F3D5E7AB87B4} = {C4E87998-9EA3-4CA8-BC9C-B654028F7486}
		{30EC7C03-CA31-436C-99BD-013E295D3EF4} = {7E31C739-2787-44ED-8304-7EFCEE1A2B2C}
		{EAD8B303-32BB-47EA-8F41-FA4393E12E4C} = {30EC7C03-CA31-436C-99BD-013E295D3EF4}
		{82F1C087-5129-4118-A446-269A6C2B657A} = {7E31C739-2787-44ED-8304-7EFCEE1A2B2C}
		{5FEAAC67-AC1C-490D-86D2-24ABCCAC4D60} = {82F1C087-5129-4118-A446-269A6C2B657A}
		{12CA1DDE-F03C-4903-8977-AF0BA73DD656} = {7E31C739-2787-44ED-8304-7EFCEE1A2B2C}
		{E1079FA4-5C96-45B4-8B51-C9DB23AB9831} = {12CA1DDE-F03C-4903-8977-AF0BA73DD656}
		{E4BACF79-1227-41F7-98BC-E07A8689FEAE} = {70FBCFD9-B96E-4E72-B35C-681D9B2DA3D6}
		{C58F82C2-0906-4EE0-AEB7-C18D9E9A121C} = {E4BACF79-1227-41F7-98BC-E07A8689FEAE}
		{F7740CF9-604C-4701-BE19-3669E79CA39D} = {7E31C739-2787-44ED-8304-7EFCEE1A2B2C}
		{794109BA-BF3E-4932-A723-7469C7BF6347} = {F7740CF9-604C-4701-BE19-3669E79CA39D}
	EndGlobalSection
	GlobalSection(ExtensibilityGlobals) = postSolution
		SolutionGuid = {2FE36DF8-2D9C-4F20-8787-45DC74B57461}
	EndGlobalSection
EndGlobal
