Microsoft Visual Studio Solution File, Format Version 12.00
# Visual Studio Version 16
VisualStudioVersion = 16.0.28721.148
MinimumVisualStudioVersion = 10.0.40219.1
Project("{2150E333-8FDC-42A3-9474-1A3956D46DE8}") = ".root", ".root", "{2F337CB6-0B9E-4765-A277-487E429DE9F1}"
	ProjectSection(SolutionItems) = preProject
		.editorconfig = .editorconfig
		.gitattributes = .gitattributes
		.gitignore = .gitignore
		build.cmd = build.cmd
		build.sh = build.sh
		Directory.Build.props = Directory.Build.props
		Directory.Build.targets = Directory.Build.targets
		LICENSE.md = LICENSE.md
		pack.cmd = pack.cmd
		pack.sh = pack.sh
		restore.cmd = restore.cmd
		restore.sh = restore.sh
		TerraFX.snk = TerraFX.snk
		test.cmd = test.cmd
		test.sh = test.sh
	EndProjectSection
EndProject
Project("{2150E333-8FDC-42A3-9474-1A3956D46DE8}") = "docs", "docs", "{8793898A-6542-4606-AA82-AB14151D2D20}"
	ProjectSection(SolutionItems) = preProject
		docs\CODE_OF_CONDUCT.md = docs\CODE_OF_CONDUCT.md
		docs\CODEOWNERS = docs\CODEOWNERS
		docs\CONTRIBUTING.md = docs\CONTRIBUTING.md
		docs\ISSUE_TEMPLATE.md = docs\ISSUE_TEMPLATE.md
		docs\PULL_REQUEST_TEMPLATE.md = docs\PULL_REQUEST_TEMPLATE.md
		docs\README.md = docs\README.md
	EndProjectSection
EndProject
Project("{2150E333-8FDC-42A3-9474-1A3956D46DE8}") = "generation", "generation", "{D9638FEE-50A4-44FF-B1F6-72E59548490B}"
EndProject
Project("{2150E333-8FDC-42A3-9474-1A3956D46DE8}") = "shared", "shared", "{F9716DD9-2967-4295-AC71-F1FD5A9EEFEF}"
EndProject
Project("{2150E333-8FDC-42A3-9474-1A3956D46DE8}") = "dxgi", "dxgi", "{27AC8160-04C5-4FC1-AE12-C3BCCEC59B3E}"
	ProjectSection(SolutionItems) = preProject
		generation\shared\dxgi\generate.rsp = generation\shared\dxgi\generate.rsp
		generation\shared\dxgi\header.txt = generation\shared\dxgi\header.txt
		generation\shared\dxgi\shared-dxgi.h = generation\shared\dxgi\shared-dxgi.h
	EndProjectSection
EndProject
Project("{2150E333-8FDC-42A3-9474-1A3956D46DE8}") = "dxgi1_2", "dxgi1_2", "{5E52E621-8D72-4017-84CD-D73940044AA6}"
	ProjectSection(SolutionItems) = preProject
		generation\shared\dxgi1_2\generate.rsp = generation\shared\dxgi1_2\generate.rsp
		generation\shared\dxgi1_2\header.txt = generation\shared\dxgi1_2\header.txt
		generation\shared\dxgi1_2\shared-dxgi1_2.h = generation\shared\dxgi1_2\shared-dxgi1_2.h
	EndProjectSection
EndProject
Project("{2150E333-8FDC-42A3-9474-1A3956D46DE8}") = "dxgi1_3", "dxgi1_3", "{7DE990A2-DE34-4BB1-8B0E-C10DB9BFD625}"
	ProjectSection(SolutionItems) = preProject
		generation\shared\dxgi1_3\generate.rsp = generation\shared\dxgi1_3\generate.rsp
		generation\shared\dxgi1_3\header.txt = generation\shared\dxgi1_3\header.txt
		generation\shared\dxgi1_3\shared-dxgi1_3.h = generation\shared\dxgi1_3\shared-dxgi1_3.h
	EndProjectSection
EndProject
Project("{2150E333-8FDC-42A3-9474-1A3956D46DE8}") = "dxgi1_4", "dxgi1_4", "{2A0AF32A-A785-4055-8CB4-BCCDE7437D34}"
	ProjectSection(SolutionItems) = preProject
		generation\shared\dxgi1_4\generate.rsp = generation\shared\dxgi1_4\generate.rsp
		generation\shared\dxgi1_4\header.txt = generation\shared\dxgi1_4\header.txt
		generation\shared\dxgi1_4\shared-dxgi1_4.h = generation\shared\dxgi1_4\shared-dxgi1_4.h
	EndProjectSection
EndProject
Project("{2150E333-8FDC-42A3-9474-1A3956D46DE8}") = "dxgi1_5", "dxgi1_5", "{88D06B2F-FAA9-4B0A-8E50-63AC28AC4464}"
	ProjectSection(SolutionItems) = preProject
		generation\shared\dxgi1_5\generate.rsp = generation\shared\dxgi1_5\generate.rsp
		generation\shared\dxgi1_5\header.txt = generation\shared\dxgi1_5\header.txt
		generation\shared\dxgi1_5\shared-dxgi1_5.h = generation\shared\dxgi1_5\shared-dxgi1_5.h
	EndProjectSection
EndProject
Project("{2150E333-8FDC-42A3-9474-1A3956D46DE8}") = "dxgi1_6", "dxgi1_6", "{C46C3D04-D9B6-440F-8644-3DA27525198B}"
	ProjectSection(SolutionItems) = preProject
		generation\shared\dxgi1_6\generate.rsp = generation\shared\dxgi1_6\generate.rsp
		generation\shared\dxgi1_6\header.txt = generation\shared\dxgi1_6\header.txt
		generation\shared\dxgi1_6\shared-dxgi1_6.h = generation\shared\dxgi1_6\shared-dxgi1_6.h
	EndProjectSection
EndProject
Project("{2150E333-8FDC-42A3-9474-1A3956D46DE8}") = "dxgicommon", "dxgicommon", "{4D5B32E6-D5DA-4D2E-B87E-389DF3066B0C}"
	ProjectSection(SolutionItems) = preProject
		generation\shared\dxgicommon\generate.rsp = generation\shared\dxgicommon\generate.rsp
		generation\shared\dxgicommon\header.txt = generation\shared\dxgicommon\header.txt
		generation\shared\dxgicommon\shared-dxgicommon.h = generation\shared\dxgicommon\shared-dxgicommon.h
	EndProjectSection
EndProject
Project("{2150E333-8FDC-42A3-9474-1A3956D46DE8}") = "dxgiformat", "dxgiformat", "{79C044F1-E0EB-42EC-A4ED-1F086089853A}"
	ProjectSection(SolutionItems) = preProject
		generation\shared\dxgiformat\generate.rsp = generation\shared\dxgiformat\generate.rsp
		generation\shared\dxgiformat\header.txt = generation\shared\dxgiformat\header.txt
		generation\shared\dxgiformat\shared-dxgiformat.h = generation\shared\dxgiformat\shared-dxgiformat.h
	EndProjectSection
EndProject
Project("{2150E333-8FDC-42A3-9474-1A3956D46DE8}") = "dxgitype", "dxgitype", "{133D4A58-8AD4-4D46-9847-3C12F24A775E}"
	ProjectSection(SolutionItems) = preProject
		generation\shared\dxgitype\generate.rsp = generation\shared\dxgitype\generate.rsp
		generation\shared\dxgitype\header.txt = generation\shared\dxgitype\header.txt
		generation\shared\dxgitype\shared-dxgitype.h = generation\shared\dxgitype\shared-dxgitype.h
	EndProjectSection
EndProject
Project("{2150E333-8FDC-42A3-9474-1A3956D46DE8}") = "tvout", "tvout", "{6B586C09-33B0-4E3E-9EBE-36152E748B42}"
	ProjectSection(SolutionItems) = preProject
		generation\shared\tvout\generate.rsp = generation\shared\tvout\generate.rsp
		generation\shared\tvout\header.txt = generation\shared\tvout\header.txt
		generation\shared\tvout\shared-tvout.h = generation\shared\tvout\shared-tvout.h
	EndProjectSection
EndProject
Project("{2150E333-8FDC-42A3-9474-1A3956D46DE8}") = "um", "um", "{67311E5E-FA9C-43A6-B431-9EF10047A0CE}"
EndProject
Project("{2150E333-8FDC-42A3-9474-1A3956D46DE8}") = "d2d1", "d2d1", "{D07DF48F-006E-4843-8506-E156319C2601}"
	ProjectSection(SolutionItems) = preProject
		generation\um\d2d1\generate.rsp = generation\um\d2d1\generate.rsp
		generation\um\d2d1\header.txt = generation\um\d2d1\header.txt
		generation\um\d2d1\um-d2d1.h = generation\um\d2d1\um-d2d1.h
	EndProjectSection
EndProject
Project("{2150E333-8FDC-42A3-9474-1A3956D46DE8}") = "d2d1_1", "d2d1_1", "{36713FD3-DF89-4FCD-9534-6DDCE8571836}"
	ProjectSection(SolutionItems) = preProject
		generation\um\d2d1_1\generate.rsp = generation\um\d2d1_1\generate.rsp
		generation\um\d2d1_1\header.txt = generation\um\d2d1_1\header.txt
		generation\um\d2d1_1\um-d2d1_1.h = generation\um\d2d1_1\um-d2d1_1.h
	EndProjectSection
EndProject
Project("{2150E333-8FDC-42A3-9474-1A3956D46DE8}") = "d2d1_2", "d2d1_2", "{4471B4D7-342C-44B7-AA3E-8ED44CD90F33}"
	ProjectSection(SolutionItems) = preProject
		generation\um\d2d1_2\generate.rsp = generation\um\d2d1_2\generate.rsp
		generation\um\d2d1_2\header.txt = generation\um\d2d1_2\header.txt
		generation\um\d2d1_2\um-d2d1_2.h = generation\um\d2d1_2\um-d2d1_2.h
	EndProjectSection
EndProject
Project("{2150E333-8FDC-42A3-9474-1A3956D46DE8}") = "d2d1_3", "d2d1_3", "{9EBCE1E4-21A5-4DCC-8373-A65ADB7C800A}"
	ProjectSection(SolutionItems) = preProject
		generation\um\d2d1_3\generate.rsp = generation\um\d2d1_3\generate.rsp
		generation\um\d2d1_3\header.txt = generation\um\d2d1_3\header.txt
		generation\um\d2d1_3\um-d2d1_3.h = generation\um\d2d1_3\um-d2d1_3.h
	EndProjectSection
EndProject
Project("{2150E333-8FDC-42A3-9474-1A3956D46DE8}") = "d2d1effectauthor", "d2d1effectauthor", "{3FAA36F0-DC75-4C7E-8324-E69988904AE4}"
	ProjectSection(SolutionItems) = preProject
		generation\um\d2d1effectauthor\generate.rsp = generation\um\d2d1effectauthor\generate.rsp
		generation\um\d2d1effectauthor\header.txt = generation\um\d2d1effectauthor\header.txt
		generation\um\d2d1effectauthor\um-d2d1effectauthor.h = generation\um\d2d1effectauthor\um-d2d1effectauthor.h
	EndProjectSection
EndProject
Project("{2150E333-8FDC-42A3-9474-1A3956D46DE8}") = "d2d1effectauthor_1", "d2d1effectauthor_1", "{46B4E5B1-EA95-418D-B39D-982A1AF8DA35}"
	ProjectSection(SolutionItems) = preProject
		generation\um\d2d1effectauthor_1\generate.rsp = generation\um\d2d1effectauthor_1\generate.rsp
		generation\um\d2d1effectauthor_1\header.txt = generation\um\d2d1effectauthor_1\header.txt
		generation\um\d2d1effectauthor_1\um-d2d1effectauthor_1.h = generation\um\d2d1effectauthor_1\um-d2d1effectauthor_1.h
	EndProjectSection
EndProject
Project("{2150E333-8FDC-42A3-9474-1A3956D46DE8}") = "d2d1effects", "d2d1effects", "{77F9C5DB-A736-4501-B346-9E1F4FC33559}"
	ProjectSection(SolutionItems) = preProject
		generation\um\d2d1effects\generate.rsp = generation\um\d2d1effects\generate.rsp
		generation\um\d2d1effects\header.txt = generation\um\d2d1effects\header.txt
		generation\um\d2d1effects\um-d2d1effects.h = generation\um\d2d1effects\um-d2d1effects.h
	EndProjectSection
EndProject
Project("{2150E333-8FDC-42A3-9474-1A3956D46DE8}") = "d2d1effects_1", "d2d1effects_1", "{C56E4948-F4E6-4571-AFBA-14D4916FD949}"
	ProjectSection(SolutionItems) = preProject
		generation\um\d2d1effects_1\generate.rsp = generation\um\d2d1effects_1\generate.rsp
		generation\um\d2d1effects_1\header.txt = generation\um\d2d1effects_1\header.txt
		generation\um\d2d1effects_1\um-d2d1effects_1.h = generation\um\d2d1effects_1\um-d2d1effects_1.h
	EndProjectSection
EndProject
Project("{2150E333-8FDC-42A3-9474-1A3956D46DE8}") = "d2d1effects_2", "d2d1effects_2", "{8C5D6885-5588-4549-BCB2-EBEC35984ED7}"
	ProjectSection(SolutionItems) = preProject
		generation\um\d2d1effects_2\generate.rsp = generation\um\d2d1effects_2\generate.rsp
		generation\um\d2d1effects_2\header.txt = generation\um\d2d1effects_2\header.txt
		generation\um\d2d1effects_2\um-d2d1effects_2.h = generation\um\d2d1effects_2\um-d2d1effects_2.h
	EndProjectSection
EndProject
Project("{2150E333-8FDC-42A3-9474-1A3956D46DE8}") = "d2d1svg", "d2d1svg", "{4767AEE5-45C0-49D1-806A-E5817F64C6CF}"
	ProjectSection(SolutionItems) = preProject
		generation\um\d2d1svg\generate.rsp = generation\um\d2d1svg\generate.rsp
		generation\um\d2d1svg\header.txt = generation\um\d2d1svg\header.txt
		generation\um\d2d1svg\um-d2d1svg.h = generation\um\d2d1svg\um-d2d1svg.h
	EndProjectSection
EndProject
Project("{2150E333-8FDC-42A3-9474-1A3956D46DE8}") = "d3d11", "d3d11", "{AFDB842D-1FEC-48E1-A0F3-B4F53FD3299D}"
	ProjectSection(SolutionItems) = preProject
		generation\um\d3d11\generate.rsp = generation\um\d3d11\generate.rsp
		generation\um\d3d11\header.txt = generation\um\d3d11\header.txt
		generation\um\d3d11\um-d3d11.h = generation\um\d3d11\um-d3d11.h
	EndProjectSection
EndProject
Project("{2150E333-8FDC-42A3-9474-1A3956D46DE8}") = "d3d11_1", "d3d11_1", "{A9C066D4-C8B6-4062-9D86-2EFE4D8EABCD}"
	ProjectSection(SolutionItems) = preProject
		generation\um\d3d11_1\generate.rsp = generation\um\d3d11_1\generate.rsp
		generation\um\d3d11_1\header.txt = generation\um\d3d11_1\header.txt
		generation\um\d3d11_1\um-d3d11_1.h = generation\um\d3d11_1\um-d3d11_1.h
	EndProjectSection
EndProject
Project("{2150E333-8FDC-42A3-9474-1A3956D46DE8}") = "d3d11_2", "d3d11_2", "{CD484A42-0C12-473E-B084-68EB9C10D401}"
	ProjectSection(SolutionItems) = preProject
		generation\um\d3d11_2\generate.rsp = generation\um\d3d11_2\generate.rsp
		generation\um\d3d11_2\header.txt = generation\um\d3d11_2\header.txt
		generation\um\d3d11_2\um-d3d11_2.h = generation\um\d3d11_2\um-d3d11_2.h
	EndProjectSection
EndProject
Project("{2150E333-8FDC-42A3-9474-1A3956D46DE8}") = "d3d11_3", "d3d11_3", "{EAB815D2-DA56-4661-9F7E-55E38FF205A9}"
	ProjectSection(SolutionItems) = preProject
		generation\um\d3d11_3\generate.rsp = generation\um\d3d11_3\generate.rsp
		generation\um\d3d11_3\header.txt = generation\um\d3d11_3\header.txt
		generation\um\d3d11_3\um-d3d11_3.h = generation\um\d3d11_3\um-d3d11_3.h
	EndProjectSection
EndProject
Project("{2150E333-8FDC-42A3-9474-1A3956D46DE8}") = "d3d11_4", "d3d11_4", "{6381B008-24FA-43F6-AD66-30EBD25DC8CF}"
	ProjectSection(SolutionItems) = preProject
		generation\um\d3d11_4\generate.rsp = generation\um\d3d11_4\generate.rsp
		generation\um\d3d11_4\header.txt = generation\um\d3d11_4\header.txt
		generation\um\d3d11_4\um-d3d11_4.h = generation\um\d3d11_4\um-d3d11_4.h
	EndProjectSection
EndProject
Project("{2150E333-8FDC-42A3-9474-1A3956D46DE8}") = "d3d11on12", "d3d11on12", "{760D5A8A-0810-4C1A-A4F0-12982D8F38AA}"
	ProjectSection(SolutionItems) = preProject
		generation\um\d3d11on12\generate.rsp = generation\um\d3d11on12\generate.rsp
		generation\um\d3d11on12\header.txt = generation\um\d3d11on12\header.txt
		generation\um\d3d11on12\um-d3d11on12.h = generation\um\d3d11on12\um-d3d11on12.h
	EndProjectSection
EndProject
Project("{2150E333-8FDC-42A3-9474-1A3956D46DE8}") = "d3d11sdklayers", "d3d11sdklayers", "{9B109AFE-7566-44CC-BABB-E91EC6BA3EB0}"
	ProjectSection(SolutionItems) = preProject
		generation\um\d3d11sdklayers\generate.rsp = generation\um\d3d11sdklayers\generate.rsp
		generation\um\d3d11sdklayers\header.txt = generation\um\d3d11sdklayers\header.txt
		generation\um\d3d11sdklayers\um-d3d11sdklayers.h = generation\um\d3d11sdklayers\um-d3d11sdklayers.h
	EndProjectSection
EndProject
Project("{2150E333-8FDC-42A3-9474-1A3956D46DE8}") = "d3d11shader", "d3d11shader", "{A871F4B8-AC38-4393-B724-422654496AF0}"
	ProjectSection(SolutionItems) = preProject
		generation\um\d3d11shader\generate.rsp = generation\um\d3d11shader\generate.rsp
		generation\um\d3d11shader\header.txt = generation\um\d3d11shader\header.txt
		generation\um\d3d11shader\um-d3d11shader.h = generation\um\d3d11shader\um-d3d11shader.h
	EndProjectSection
EndProject
Project("{2150E333-8FDC-42A3-9474-1A3956D46DE8}") = "d3d11shadertracing", "d3d11shadertracing", "{1B60B7F5-0CAD-4A13-85C2-2BE7FD06665A}"
	ProjectSection(SolutionItems) = preProject
		generation\um\d3d11shadertracing\generate.rsp = generation\um\d3d11shadertracing\generate.rsp
		generation\um\d3d11shadertracing\header.txt = generation\um\d3d11shadertracing\header.txt
		generation\um\d3d11shadertracing\um-d3d11shadertracing.h = generation\um\d3d11shadertracing\um-d3d11shadertracing.h
	EndProjectSection
EndProject
Project("{2150E333-8FDC-42A3-9474-1A3956D46DE8}") = "d3d12", "d3d12", "{E39DBBA1-F5E9-453E-9475-EE95300CE502}"
	ProjectSection(SolutionItems) = preProject
		generation\um\d3d12\generate.rsp = generation\um\d3d12\generate.rsp
		generation\um\d3d12\header.txt = generation\um\d3d12\header.txt
		generation\um\d3d12\um-d3d12.h = generation\um\d3d12\um-d3d12.h
	EndProjectSection
EndProject
Project("{2150E333-8FDC-42A3-9474-1A3956D46DE8}") = "d3d12sdklayers", "d3d12sdklayers", "{6F7520F0-9CA7-4A23-A17E-77762DA10BA7}"
	ProjectSection(SolutionItems) = preProject
		generation\um\d3d12sdklayers\generate.rsp = generation\um\d3d12sdklayers\generate.rsp
		generation\um\d3d12sdklayers\header.txt = generation\um\d3d12sdklayers\header.txt
		generation\um\d3d12sdklayers\um-d3d12sdklayers.h = generation\um\d3d12sdklayers\um-d3d12sdklayers.h
	EndProjectSection
EndProject
Project("{2150E333-8FDC-42A3-9474-1A3956D46DE8}") = "d3d12shader", "d3d12shader", "{2463B9AF-56DB-4871-AEA5-19B3A30BFD1F}"
	ProjectSection(SolutionItems) = preProject
		generation\um\d3d12shader\generate.rsp = generation\um\d3d12shader\generate.rsp
		generation\um\d3d12shader\header.txt = generation\um\d3d12shader\header.txt
		generation\um\d3d12shader\um-d3d12shader.h = generation\um\d3d12shader\um-d3d12shader.h
	EndProjectSection
EndProject
Project("{2150E333-8FDC-42A3-9474-1A3956D46DE8}") = "d3d12video", "d3d12video", "{52B605C1-A287-4414-BA82-13A9BC64D644}"
	ProjectSection(SolutionItems) = preProject
		generation\um\d3d12video\generate.rsp = generation\um\d3d12video\generate.rsp
		generation\um\d3d12video\header.txt = generation\um\d3d12video\header.txt
		generation\um\d3d12video\um-d3d12video.h = generation\um\d3d12video\um-d3d12video.h
	EndProjectSection
EndProject
Project("{2150E333-8FDC-42A3-9474-1A3956D46DE8}") = "d3dcommon", "d3dcommon", "{E3186B8B-0517-439C-9BE5-61BF82800E5E}"
	ProjectSection(SolutionItems) = preProject
		generation\um\d3dcommon\generate.rsp = generation\um\d3dcommon\generate.rsp
		generation\um\d3dcommon\header.txt = generation\um\d3dcommon\header.txt
		generation\um\d3dcommon\um-d3dcommon.h = generation\um\d3dcommon\um-d3dcommon.h
	EndProjectSection
EndProject
Project("{2150E333-8FDC-42A3-9474-1A3956D46DE8}") = "d3dcompiler", "d3dcompiler", "{DE030AE1-665D-41D9-A64A-D9D9BC4E3484}"
	ProjectSection(SolutionItems) = preProject
		generation\um\d3dcompiler\generate.rsp = generation\um\d3dcompiler\generate.rsp
		generation\um\d3dcompiler\header.txt = generation\um\d3dcompiler\header.txt
		generation\um\d3dcompiler\um-d3dcompiler.h = generation\um\d3dcompiler\um-d3dcompiler.h
	EndProjectSection
EndProject
Project("{2150E333-8FDC-42A3-9474-1A3956D46DE8}") = "dcommon", "dcommon", "{67458011-CEA9-4383-87BC-60AF489D695F}"
	ProjectSection(SolutionItems) = preProject
		generation\um\dcommon\generate.rsp = generation\um\dcommon\generate.rsp
		generation\um\dcommon\header.txt = generation\um\dcommon\header.txt
		generation\um\dcommon\um-dcommon.h = generation\um\dcommon\um-dcommon.h
	EndProjectSection
EndProject
Project("{2150E333-8FDC-42A3-9474-1A3956D46DE8}") = "dwrite", "dwrite", "{76F117AB-8B46-4614-99A5-5D64AF304973}"
	ProjectSection(SolutionItems) = preProject
		generation\um\dwrite\generate.rsp = generation\um\dwrite\generate.rsp
		generation\um\dwrite\header.txt = generation\um\dwrite\header.txt
		generation\um\dwrite\um-dwrite.h = generation\um\dwrite\um-dwrite.h
	EndProjectSection
EndProject
Project("{2150E333-8FDC-42A3-9474-1A3956D46DE8}") = "dwrite_1", "dwrite_1", "{9EF3BB14-04ED-4642-9281-B4744426129C}"
	ProjectSection(SolutionItems) = preProject
		generation\um\dwrite_1\generate.rsp = generation\um\dwrite_1\generate.rsp
		generation\um\dwrite_1\header.txt = generation\um\dwrite_1\header.txt
		generation\um\dwrite_1\um-dwrite_1.h = generation\um\dwrite_1\um-dwrite_1.h
	EndProjectSection
EndProject
Project("{2150E333-8FDC-42A3-9474-1A3956D46DE8}") = "dwrite_2", "dwrite_2", "{F21745DB-8D42-462D-A683-E1E44A060389}"
	ProjectSection(SolutionItems) = preProject
		generation\um\dwrite_2\generate.rsp = generation\um\dwrite_2\generate.rsp
		generation\um\dwrite_2\header.txt = generation\um\dwrite_2\header.txt
		generation\um\dwrite_2\um-dwrite_2.h = generation\um\dwrite_2\um-dwrite_2.h
	EndProjectSection
EndProject
Project("{2150E333-8FDC-42A3-9474-1A3956D46DE8}") = "dwrite_3", "dwrite_3", "{58433F10-9D25-4E1E-B472-EE3CC0FA9967}"
	ProjectSection(SolutionItems) = preProject
		generation\um\dwrite_3\generate.rsp = generation\um\dwrite_3\generate.rsp
		generation\um\dwrite_3\header.txt = generation\um\dwrite_3\header.txt
		generation\um\dwrite_3\um-dwrite_3.h = generation\um\dwrite_3\um-dwrite_3.h
	EndProjectSection
EndProject
Project("{2150E333-8FDC-42A3-9474-1A3956D46DE8}") = "dxgidebug", "dxgidebug", "{9983F062-7D44-4A3B-99B9-246E8E279B9C}"
	ProjectSection(SolutionItems) = preProject
		generation\um\dxgidebug\generate.rsp = generation\um\dxgidebug\generate.rsp
		generation\um\dxgidebug\header.txt = generation\um\dxgidebug\header.txt
		generation\um\dxgidebug\um-dxgidebug.h = generation\um\dxgidebug\um-dxgidebug.h
	EndProjectSection
EndProject
Project("{2150E333-8FDC-42A3-9474-1A3956D46DE8}") = "DXGIMessages", "DXGIMessages", "{8C9D5EA5-DB96-4900-9CFA-2E34C2238868}"
	ProjectSection(SolutionItems) = preProject
		generation\um\DXGIMessages\generate.rsp = generation\um\DXGIMessages\generate.rsp
		generation\um\DXGIMessages\header.txt = generation\um\DXGIMessages\header.txt
		generation\um\DXGIMessages\um-DXGIMessages.h = generation\um\DXGIMessages\um-DXGIMessages.h
	EndProjectSection
EndProject
Project("{2150E333-8FDC-42A3-9474-1A3956D46DE8}") = "handleapi", "handleapi", "{9EE9BB6F-0387-4450-B6EF-A58008E69169}"
	ProjectSection(SolutionItems) = preProject
		generation\um\handleapi\generate.rsp = generation\um\handleapi\generate.rsp
		generation\um\handleapi\header.txt = generation\um\handleapi\header.txt
		generation\um\handleapi\um-handleapi.h = generation\um\handleapi\um-handleapi.h
	EndProjectSection
EndProject
Project("{2150E333-8FDC-42A3-9474-1A3956D46DE8}") = "heapapi", "heapapi", "{A81407E5-C3A9-45FA-BF70-148840B975E5}"
	ProjectSection(SolutionItems) = preProject
		generation\um\heapapi\generate.rsp = generation\um\heapapi\generate.rsp
		generation\um\heapapi\header.txt = generation\um\heapapi\header.txt
		generation\um\heapapi\um-heapapi.h = generation\um\heapapi\um-heapapi.h
	EndProjectSection
EndProject
Project("{2150E333-8FDC-42A3-9474-1A3956D46DE8}") = "libloaderapi", "libloaderapi", "{2DEAA573-56ED-452F-95E0-EB997592C972}"
	ProjectSection(SolutionItems) = preProject
		generation\um\libloaderapi\generate.rsp = generation\um\libloaderapi\generate.rsp
		generation\um\libloaderapi\header.txt = generation\um\libloaderapi\header.txt
		generation\um\libloaderapi\um-libloaderapi.h = generation\um\libloaderapi\um-libloaderapi.h
	EndProjectSection
EndProject
Project("{2150E333-8FDC-42A3-9474-1A3956D46DE8}") = "profileapi", "profileapi", "{48DA0623-BEB9-4BF3-B3BE-490FA85A9A0C}"
	ProjectSection(SolutionItems) = preProject
		generation\um\profileapi\generate.rsp = generation\um\profileapi\generate.rsp
		generation\um\profileapi\header.txt = generation\um\profileapi\header.txt
		generation\um\profileapi\um-profileapi.h = generation\um\profileapi\um-profileapi.h
	EndProjectSection
EndProject
Project("{2150E333-8FDC-42A3-9474-1A3956D46DE8}") = "synchapi", "synchapi", "{45B40D25-2FB7-4AB5-9EF7-1F5AFC97E40B}"
	ProjectSection(SolutionItems) = preProject
		generation\um\synchapi\generate.rsp = generation\um\synchapi\generate.rsp
		generation\um\synchapi\header.txt = generation\um\synchapi\header.txt
		generation\um\synchapi\um-synchapi.h = generation\um\synchapi\um-synchapi.h
	EndProjectSection
EndProject
Project("{2150E333-8FDC-42A3-9474-1A3956D46DE8}") = "wincodec", "wincodec", "{C0B34C98-1624-453B-98F7-EC313DB05ECF}"
	ProjectSection(SolutionItems) = preProject
		generation\um\wincodec\generate.rsp = generation\um\wincodec\generate.rsp
		generation\um\wincodec\header.txt = generation\um\wincodec\header.txt
		generation\um\wincodec\um-wincodec.h = generation\um\wincodec\um-wincodec.h
	EndProjectSection
EndProject
Project("{2150E333-8FDC-42A3-9474-1A3956D46DE8}") = "wincodecsdk", "wincodecsdk", "{3F55BFA9-5AEE-41CF-9EB1-E395B1B7CDC1}"
	ProjectSection(SolutionItems) = preProject
		generation\um\wincodecsdk\generate.rsp = generation\um\wincodecsdk\generate.rsp
		generation\um\wincodecsdk\header.txt = generation\um\wincodecsdk\header.txt
		generation\um\wincodecsdk\um-wincodecsdk.h = generation\um\wincodecsdk\um-wincodecsdk.h
	EndProjectSection
EndProject
Project("{2150E333-8FDC-42A3-9474-1A3956D46DE8}") = "wingdi", "wingdi", "{63E40D39-F1AB-4B4B-A9D3-DB17172332A3}"
	ProjectSection(SolutionItems) = preProject
		generation\um\wingdi\generate.rsp = generation\um\wingdi\generate.rsp
		generation\um\wingdi\header.txt = generation\um\wingdi\header.txt
		generation\um\wingdi\um-wingdi.h = generation\um\wingdi\um-wingdi.h
	EndProjectSection
EndProject
Project("{2150E333-8FDC-42A3-9474-1A3956D46DE8}") = "WinUser", "WinUser", "{E2ADCD01-C759-4103-98C5-5C5B980D53B0}"
	ProjectSection(SolutionItems) = preProject
		generation\um\WinUser\generate.rsp = generation\um\WinUser\generate.rsp
		generation\um\WinUser\header.txt = generation\um\WinUser\header.txt
		generation\um\WinUser\um-WinUser.h = generation\um\WinUser\um-WinUser.h
	EndProjectSection
EndProject
Project("{2150E333-8FDC-42A3-9474-1A3956D46DE8}") = "samples", "samples", "{1054E499-981F-4EFA-855B-EC6FA604C6FB}"
	ProjectSection(SolutionItems) = preProject
		samples\Directory.Build.props = samples\Directory.Build.props
		samples\Directory.Build.targets = samples\Directory.Build.targets
	EndProjectSection
EndProject
Project("{2150E333-8FDC-42A3-9474-1A3956D46DE8}") = "DirectX", "DirectX", "{058D8853-1B5A-4AB0-AC39-80D4C1E802D6}"
EndProject
Project("{9A19103F-16F7-4668-BE54-9A1E7A4F7556}") = "TerraFX.Samples.DirectX", "samples\DirectX\TerraFX.Samples.DirectX.csproj", "{4D7EE8D8-9A02-43D4-8D7A-15E734E4D9AA}"
EndProject
Project("{2150E333-8FDC-42A3-9474-1A3956D46DE8}") = "sources", "sources", "{0B821858-8E47-4485-AC06-D2E971A53EB2}"
	ProjectSection(SolutionItems) = preProject
		sources\Directory.Build.props = sources\Directory.Build.props
		sources\Directory.Build.targets = sources\Directory.Build.targets
	EndProjectSection
EndProject
Project("{2150E333-8FDC-42A3-9474-1A3956D46DE8}") = "Interop", "Interop", "{70FBCFD9-B96E-4E72-B35C-681D9B2DA3D6}"
	ProjectSection(SolutionItems) = preProject
		sources\Interop\.editorconfig = sources\Interop\.editorconfig
	EndProjectSection
EndProject
Project("{2150E333-8FDC-42A3-9474-1A3956D46DE8}") = "Windows", "Windows", "{70B9DF97-05BA-4BF3-A945-60DF431235E0}"
EndProject
Project("{9A19103F-16F7-4668-BE54-9A1E7A4F7556}") = "TerraFX.Interop.Windows", "sources\Interop\Windows\TerraFX.Interop.Windows.csproj", "{6AB1F14A-F6F7-4B43-85C8-1C9703A0A1B8}"
EndProject
Project("{2150E333-8FDC-42A3-9474-1A3956D46DE8}") = "tests", "tests", "{EFB05081-EC44-49D3-B6D1-52AE42085B5B}"
	ProjectSection(SolutionItems) = preProject
		tests\Directory.Build.props = tests\Directory.Build.props
		tests\Directory.Build.targets = tests\Directory.Build.targets
	EndProjectSection
EndProject
Project("{2150E333-8FDC-42A3-9474-1A3956D46DE8}") = "Interop", "Interop", "{7E31C739-2787-44ED-8304-7EFCEE1A2B2C}"
EndProject
Project("{2150E333-8FDC-42A3-9474-1A3956D46DE8}") = "Windows", "Windows", "{83A9C646-8419-4C1C-886C-5340C90A7D5B}"
EndProject
Project("{9A19103F-16F7-4668-BE54-9A1E7A4F7556}") = "TerraFX.Interop.Windows.UnitTests", "tests\Interop\Windows\TerraFX.Interop.Windows.UnitTests.csproj", "{37ACC069-F0C9-4DC3-8E13-12C61ACF269D}"
EndProject
Project("{2150E333-8FDC-42A3-9474-1A3956D46DE8}") = "scripts", "scripts", "{48E1F49D-7103-4DE6-9F69-915183B85095}"
	ProjectSection(SolutionItems) = preProject
		scripts\azure-ci.yml = scripts\azure-ci.yml
		scripts\azure-pipelines.yml = scripts\azure-pipelines.yml
		scripts\azure-pr.yml = scripts\azure-pr.yml
		scripts\azure-unix.yml = scripts\azure-unix.yml
		scripts\azure-windows.yml = scripts\azure-windows.yml
		scripts\build.ps1 = scripts\build.ps1
		scripts\build.sh = scripts\build.sh
		scripts\cibuild.cmd = scripts\cibuild.cmd
		scripts\cibuild.sh = scripts\cibuild.sh
	EndProjectSection
EndProject
Project("{2150E333-8FDC-42A3-9474-1A3956D46DE8}") = "DXGI", "DXGI", "{A1C3BB6A-2366-4777-AB66-562E027F335A}"
EndProject
Project("{2150E333-8FDC-42A3-9474-1A3956D46DE8}") = "User32", "User32", "{FB9F289B-A123-433F-BA9F-250EFABDCC82}"
EndProject
Project("{2150E333-8FDC-42A3-9474-1A3956D46DE8}") = "D3D12", "D3D12", "{96D215CB-D32C-4A3D-9E56-EBE42BB99EDC}"
EndProject
Project("{9A19103F-16F7-4668-BE54-9A1E7A4F7556}") = "TerraFX.Interop.D3D12", "sources\Interop\D3D12\TerraFX.Interop.D3D12.csproj", "{6A5816A2-D890-4E55-BDB9-8B0BEFA0EC07}"
EndProject
Project("{9A19103F-16F7-4668-BE54-9A1E7A4F7556}") = "TerraFX.Interop.DXGI", "sources\Interop\DXGI\TerraFX.Interop.DXGI.csproj", "{AE4E2DC2-1107-4FD4-9BEE-3612AA4B8DEC}"
EndProject
Project("{9A19103F-16F7-4668-BE54-9A1E7A4F7556}") = "TerraFX.Interop.User32", "sources\Interop\User32\TerraFX.Interop.User32.csproj", "{B558A7A4-94BF-4E79-9C1A-29EB0DE66BBF}"
EndProject
Project("{2150E333-8FDC-42A3-9474-1A3956D46DE8}") = "D2D1", "D2D1", "{58E62626-B0EA-4A0D-8C9B-F8D51457186F}"
EndProject
Project("{9A19103F-16F7-4668-BE54-9A1E7A4F7556}") = "TerraFX.Interop.D2D1", "sources\Interop\D2D1\TerraFX.Interop.D2D1.csproj", "{0A306E78-3E0E-41F2-A0DA-9EE10462A589}"
EndProject
Project("{2150E333-8FDC-42A3-9474-1A3956D46DE8}") = "DWrite", "DWrite", "{D3671362-4DCA-45F5-9EFB-DD138697F183}"
EndProject
Project("{9A19103F-16F7-4668-BE54-9A1E7A4F7556}") = "TerraFX.Interop.DWrite", "sources\Interop\DWrite\TerraFX.Interop.DWrite.csproj", "{EDD57A66-8D74-4A22-8B10-DB4922749FFA}"
EndProject
Project("{2150E333-8FDC-42A3-9474-1A3956D46DE8}") = "WinCodec", "WinCodec", "{D0DAA89D-936D-499F-B51A-E27D9F28730D}"
EndProject
Project("{9A19103F-16F7-4668-BE54-9A1E7A4F7556}") = "TerraFX.Interop.WinCodec", "sources\Interop\WinCodec\TerraFX.Interop.WinCodec.csproj", "{D92253F2-6FB7-4986-84E8-637276EF0120}"
EndProject
Project("{2150E333-8FDC-42A3-9474-1A3956D46DE8}") = "D3DCompiler", "D3DCompiler", "{218FB49B-95C3-4DD3-A2EA-56F295065E4E}"
EndProject
Project("{9A19103F-16F7-4668-BE54-9A1E7A4F7556}") = "TerraFX.Interop.D3DCompiler", "sources\Interop\D3DCompiler\TerraFX.Interop.D3DCompiler.csproj", "{4286CED4-F95D-4FD6-A9E4-CD9E2952CD5E}"
EndProject
Project("{2150E333-8FDC-42A3-9474-1A3956D46DE8}") = "DXGIDebug", "DXGIDebug", "{8F1948E4-2F1D-4778-A687-247587926D71}"
EndProject
Project("{9A19103F-16F7-4668-BE54-9A1E7A4F7556}") = "TerraFX.Interop.DXGIDebug", "sources\Interop\DXGIDebug\TerraFX.Interop.DXGIDebug.csproj", "{4560CE81-E500-4BA4-B060-E9777E9D1614}"
EndProject
Project("{2150E333-8FDC-42A3-9474-1A3956D46DE8}") = "Kernel32", "Kernel32", "{D00A52EE-4753-40CB-9C98-866CFAE3508E}"
EndProject
Project("{9A19103F-16F7-4668-BE54-9A1E7A4F7556}") = "TerraFX.Interop.Kernel32", "sources\Interop\Kernel32\TerraFX.Interop.Kernel32.csproj", "{912F55B6-12F1-4C12-8B43-15F84490E9A8}"
EndProject
Project("{2150E333-8FDC-42A3-9474-1A3956D46DE8}") = "D3DCommon", "D3DCommon", "{6623F4B1-F2C6-4EAC-BB86-4B1E9CE457A2}"
EndProject
Project("{2150E333-8FDC-42A3-9474-1A3956D46DE8}") = "DCommon", "DCommon", "{561E70EA-96C1-463C-B6EE-CD08B6465C22}"
EndProject
Project("{9A19103F-16F7-4668-BE54-9A1E7A4F7556}") = "TerraFX.Interop.D3DCommon", "sources\Interop\D3DCommon\TerraFX.Interop.D3DCommon.csproj", "{265C1735-C169-4FF4-B1FC-102E8766A41A}"
EndProject
Project("{9A19103F-16F7-4668-BE54-9A1E7A4F7556}") = "TerraFX.Interop.DCommon", "sources\Interop\DCommon\TerraFX.Interop.DCommon.csproj", "{6C506E90-5E99-4650-8552-FD5F38E7EB79}"
EndProject
Project("{2150E333-8FDC-42A3-9474-1A3956D46DE8}") = "DXGI", "DXGI", "{BA9C7DB1-E671-4209-AA82-C9C704C11176}"
EndProject
Project("{9A19103F-16F7-4668-BE54-9A1E7A4F7556}") = "TerraFX.Interop.DXGI.UnitTests", "tests\Interop\DXGI\TerraFX.Interop.DXGI.UnitTests.csproj", "{A9A3E882-E21C-4AF6-9EAA-A85F86BFBA51}"
EndProject
Project("{2150E333-8FDC-42A3-9474-1A3956D46DE8}") = "D2D1", "D2D1", "{7EE5B442-96E7-4335-940A-2AB188C7AE4F}"
EndProject
Project("{9A19103F-16F7-4668-BE54-9A1E7A4F7556}") = "TerraFX.Interop.D2D1.UnitTests", "tests\Interop\D2D1\TerraFX.Interop.D2D1.UnitTests.csproj", "{A613FCDE-7E26-4197-87F9-E2E7545E2AB9}"
EndProject
Project("{2150E333-8FDC-42A3-9474-1A3956D46DE8}") = "D2D12", "D2D12", "{E06C2394-48D1-45A3-998F-4171504B01E9}"
EndProject
Project("{9A19103F-16F7-4668-BE54-9A1E7A4F7556}") = "TerraFX.Interop.D3D12.UnitTests", "tests\Interop\D3D12\TerraFX.Interop.D3D12.UnitTests.csproj", "{D21B456A-CDE5-431B-B49A-6ED56ECAFDEB}"
EndProject
Project("{2150E333-8FDC-42A3-9474-1A3956D46DE8}") = "D3DCommon", "D3DCommon", "{C691D945-B7F2-4D07-A172-CFBDBA55DD0A}"
EndProject
Project("{9A19103F-16F7-4668-BE54-9A1E7A4F7556}") = "TerraFX.Interop.D3DCommon.UnitTests", "tests\Interop\D3DCommon\TerraFX.Interop.D3DCommon.UnitTests.csproj", "{5664C933-D239-4432-A2D9-9366C5420396}"
EndProject
Project("{2150E333-8FDC-42A3-9474-1A3956D46DE8}") = "DCommon", "DCommon", "{E9333037-FA9E-404F-8847-B79912688DF7}"
EndProject
Project("{9A19103F-16F7-4668-BE54-9A1E7A4F7556}") = "TerraFX.Interop.DCommon.UnitTests", "tests\Interop\DCommon\TerraFX.Interop.DCommon.UnitTests.csproj", "{2C266D27-FB3F-432A-B53B-7CEEE0383F19}"
EndProject
Project("{2150E333-8FDC-42A3-9474-1A3956D46DE8}") = "DWrite", "DWrite", "{C4E87998-9EA3-4CA8-BC9C-B654028F7486}"
EndProject
Project("{9A19103F-16F7-4668-BE54-9A1E7A4F7556}") = "TerraFX.Interop.DWrite.UnitTests", "tests\Interop\DWrite\TerraFX.Interop.DWrite.UnitTests.csproj", "{603D8AA9-29D4-4B43-91E9-F3D5E7AB87B4}"
EndProject
Project("{2150E333-8FDC-42A3-9474-1A3956D46DE8}") = "DXGIDebug", "DXGIDebug", "{30EC7C03-CA31-436C-99BD-013E295D3EF4}"
EndProject
Project("{9A19103F-16F7-4668-BE54-9A1E7A4F7556}") = "TerraFX.Interop.DXGIDebug.UnitTests", "tests\Interop\DXGIDebug\TerraFX.Interop.DXGIDebug.UnitTests.csproj", "{EAD8B303-32BB-47EA-8F41-FA4393E12E4C}"
EndProject
Project("{2150E333-8FDC-42A3-9474-1A3956D46DE8}") = "WinCodec", "WinCodec", "{82F1C087-5129-4118-A446-269A6C2B657A}"
EndProject
Project("{9A19103F-16F7-4668-BE54-9A1E7A4F7556}") = "TerraFX.Interop.WinCodec.UnitTests", "tests\Interop\WinCodec\TerraFX.Interop.WinCodec.UnitTests.csproj", "{5FEAAC67-AC1C-490D-86D2-24ABCCAC4D60}"
EndProject
Project("{2150E333-8FDC-42A3-9474-1A3956D46DE8}") = "User32", "User32", "{12CA1DDE-F03C-4903-8977-AF0BA73DD656}"
EndProject
Project("{9A19103F-16F7-4668-BE54-9A1E7A4F7556}") = "TerraFX.Interop.User32.UnitTests", "tests\Interop\User32\TerraFX.Interop.User32.UnitTests.csproj", "{E1079FA4-5C96-45B4-8B51-C9DB23AB9831}"
EndProject
Project("{2150E333-8FDC-42A3-9474-1A3956D46DE8}") = "Gdi32", "Gdi32", "{E4BACF79-1227-41F7-98BC-E07A8689FEAE}"
EndProject
Project("{9A19103F-16F7-4668-BE54-9A1E7A4F7556}") = "TerraFX.Interop.Gdi32", "sources\Interop\Gdi32\TerraFX.Interop.Gdi32.csproj", "{C58F82C2-0906-4EE0-AEB7-C18D9E9A121C}"
EndProject
Project("{2150E333-8FDC-42A3-9474-1A3956D46DE8}") = "Gdi32", "Gdi32", "{F7740CF9-604C-4701-BE19-3669E79CA39D}"
EndProject
Project("{9A19103F-16F7-4668-BE54-9A1E7A4F7556}") = "TerraFX.Interop.Gdi32.UnitTests", "tests\Interop\Gdi32\TerraFX.Interop.Gdi32.UnitTests.csproj", "{794109BA-BF3E-4932-A723-7469C7BF6347}"
EndProject
Project("{2150E333-8FDC-42A3-9474-1A3956D46DE8}") = "D3D11", "D3D11", "{E2E77B05-1796-447A-9A5F-763E83942D8C}"
EndProject
Project("{9A19103F-16F7-4668-BE54-9A1E7A4F7556}") = "TerraFX.Interop.D3D11", "sources\Interop\D3D11\TerraFX.Interop.D3D11.csproj", "{9DC15E80-23E5-4010-8E48-EE440CC87AC8}"
EndProject
Project("{2150E333-8FDC-42A3-9474-1A3956D46DE8}") = "XInput", "XInput", "{1CBFE848-29C5-4030-8975-4558096783C8}"
EndProject
Project("{9A19103F-16F7-4668-BE54-9A1E7A4F7556}") = "TerraFX.Interop.XInput", "sources\Interop\XInput\TerraFX.Interop.XInput.csproj", "{DEF05B64-811C-4B86-BD00-427DA7CBF9F6}"
EndProject
Project("{2150E333-8FDC-42A3-9474-1A3956D46DE8}") = "XInput", "XInput", "{83F8ABB6-1E31-44C4-9A27-DF9784DC7D3B}"
EndProject
Project("{9A19103F-16F7-4668-BE54-9A1E7A4F7556}") = "TerraFX.Interop.XInput.UnitTests", "tests\Interop\XInput\TerraFX.Interop.XInput.UnitTests.csproj", "{2F19CBEE-9D2B-4E98-97C3-0D52C8CB6906}"
EndProject
Project("{2150E333-8FDC-42A3-9474-1A3956D46DE8}") = "Xinput", "Xinput", "{F54C5855-9C8D-4EDF-BFC8-41F2E46DBE3C}"
	ProjectSection(SolutionItems) = preProject
		generation\um\Xinput\generate.rsp = generation\um\Xinput\generate.rsp
		generation\um\Xinput\header.txt = generation\um\Xinput\header.txt
		generation\um\Xinput\um-Xinput.h = generation\um\Xinput\um-Xinput.h
	EndProjectSection
EndProject
Project("{2150E333-8FDC-42A3-9474-1A3956D46DE8}") = "combaseapi", "combaseapi", "{1A62D4BF-8828-434B-98EA-23B1F1AEDDDD}"
	ProjectSection(SolutionItems) = preProject
		generation\um\combaseapi\generate.rsp = generation\um\combaseapi\generate.rsp
		generation\um\combaseapi\header.txt = generation\um\combaseapi\header.txt
		generation\um\combaseapi\um-combaseapi.h = generation\um\combaseapi\um-combaseapi.h
	EndProjectSection
EndProject
Project("{2150E333-8FDC-42A3-9474-1A3956D46DE8}") = "Ole32", "Ole32", "{1DB3338E-B68C-4160-B055-4A1DF528382A}"
EndProject
Project("{9A19103F-16F7-4668-BE54-9A1E7A4F7556}") = "TerraFX.Interop.Ole32", "sources\Interop\Ole32\TerraFX.Interop.Ole32.csproj", "{59523383-A860-48C1-8F3B-39C0D7D41E50}"
EndProject
Project("{2150E333-8FDC-42A3-9474-1A3956D46DE8}") = "ObjIdlbase", "ObjIdlbase", "{325F3936-6CD2-4395-BD7C-972A2B75A0DD}"
	ProjectSection(SolutionItems) = preProject
		generation\um\ObjIdlbase\generate.rsp = generation\um\ObjIdlbase\generate.rsp
		generation\um\ObjIdlbase\header.txt = generation\um\ObjIdlbase\header.txt
		generation\um\ObjIdlbase\um-ObjIdlbase.h = generation\um\ObjIdlbase\um-ObjIdlbase.h
	EndProjectSection
EndProject
Project("{2150E333-8FDC-42A3-9474-1A3956D46DE8}") = "WinTrust", "WinTrust", "{DF5832DD-F45B-467A-BDE5-086D19CE9363}"
EndProject
Project("{9A19103F-16F7-4668-BE54-9A1E7A4F7556}") = "TerraFX.Interop.WinTrust", "sources\Interop\WinTrust\TerraFX.Interop.WinTrust.csproj", "{28419EBA-A88D-41AD-BBA3-0E405D007666}"
EndProject
Project("{2150E333-8FDC-42A3-9474-1A3956D46DE8}") = "Advapi32", "Advapi32", "{496B3D51-00C7-46F3-BA16-9B94B1A72333}"
EndProject
Project("{9A19103F-16F7-4668-BE54-9A1E7A4F7556}") = "TerraFX.Interop.Advapi32", "sources\Interop\Advapi32\TerraFX.Interop.Advapi32.csproj", "{0AC2D7D3-6D40-4894-87DC-F9DB871D28FF}"
EndProject
Project("{2150E333-8FDC-42A3-9474-1A3956D46DE8}") = "Crypt32", "Crypt32", "{CB94EF31-03A9-41F5-AEAC-CD5288A0F32B}"
EndProject
Project("{9A19103F-16F7-4668-BE54-9A1E7A4F7556}") = "TerraFX.Interop.Crypt32", "sources\Interop\Crypt32\TerraFX.Interop.Crypt32.csproj", "{E8E70EEC-1DC8-42C8-9C69-2DC02AC7A76B}"
EndProject
Project("{2150E333-8FDC-42A3-9474-1A3956D46DE8}") = "SoftPub", "SoftPub", "{3D9A2652-972F-48E3-BFC3-25D3DAB2730D}"
	ProjectSection(SolutionItems) = preProject
		generation\um\SoftPub\generate.rsp = generation\um\SoftPub\generate.rsp
		generation\um\SoftPub\header.txt = generation\um\SoftPub\header.txt
		generation\um\SoftPub\um-SoftPub.h = generation\um\SoftPub\um-SoftPub.h
	EndProjectSection
EndProject
Project("{2150E333-8FDC-42A3-9474-1A3956D46DE8}") = "WinTrust", "WinTrust", "{806E005D-A8C4-41A7-AE4E-292CB96C1C59}"
	ProjectSection(SolutionItems) = preProject
		generation\um\WinTrust\generate.rsp = generation\um\WinTrust\generate.rsp
		generation\um\WinTrust\header.txt = generation\um\WinTrust\header.txt
		generation\um\WinTrust\um-WinTrust.h = generation\um\WinTrust\um-WinTrust.h
	EndProjectSection
EndProject
Project("{2150E333-8FDC-42A3-9474-1A3956D46DE8}") = "wincrypt", "wincrypt", "{3E9056CE-8852-4DE8-AC76-182401F7EBD1}"
	ProjectSection(SolutionItems) = preProject
		generation\um\wincrypt\generate.rsp = generation\um\wincrypt\generate.rsp
		generation\um\wincrypt\header.txt = generation\um\wincrypt\header.txt
		generation\um\wincrypt\um-wincrypt.h = generation\um\wincrypt\um-wincrypt.h
	EndProjectSection
EndProject
Project("{2150E333-8FDC-42A3-9474-1A3956D46DE8}") = "mssip", "mssip", "{CB299971-15C7-4F00-9329-D8B3AAE2227E}"
	ProjectSection(SolutionItems) = preProject
		generation\um\mssip\generate.rsp = generation\um\mssip\generate.rsp
		generation\um\mssip\header.txt = generation\um\mssip\header.txt
		generation\um\mssip\um-mssip.h = generation\um\mssip\um-mssip.h
	EndProjectSection
EndProject
Project("{2150E333-8FDC-42A3-9474-1A3956D46DE8}") = "Hid", "Hid", "{7B16D394-6BA3-4E14-B7D7-74406CB7091D}"
EndProject
Project("{9A19103F-16F7-4668-BE54-9A1E7A4F7556}") = "TerraFX.Interop.Hid", "sources\Interop\Hid\TerraFX.Interop.Hid.csproj", "{76F08927-F5CF-43B1-8FD2-B4983904FDF4}"
EndProject
Project("{9A19103F-16F7-4668-BE54-9A1E7A4F7556}") = "WinFormsDx12", "samples\WinFormsDx12\WinFormsDx12.csproj", "{D9BB5958-069D-47F4-93EB-C13C3BBDF641}"
EndProject
Global
	GlobalSection(SolutionConfigurationPlatforms) = preSolution
		Debug|Any CPU = Debug|Any CPU
		Release|Any CPU = Release|Any CPU
	EndGlobalSection
	GlobalSection(ProjectConfigurationPlatforms) = postSolution
		{4D7EE8D8-9A02-43D4-8D7A-15E734E4D9AA}.Debug|Any CPU.ActiveCfg = Debug|Any CPU
		{4D7EE8D8-9A02-43D4-8D7A-15E734E4D9AA}.Debug|Any CPU.Build.0 = Debug|Any CPU
		{4D7EE8D8-9A02-43D4-8D7A-15E734E4D9AA}.Release|Any CPU.ActiveCfg = Release|Any CPU
		{4D7EE8D8-9A02-43D4-8D7A-15E734E4D9AA}.Release|Any CPU.Build.0 = Release|Any CPU
		{6AB1F14A-F6F7-4B43-85C8-1C9703A0A1B8}.Debug|Any CPU.ActiveCfg = Debug|Any CPU
		{6AB1F14A-F6F7-4B43-85C8-1C9703A0A1B8}.Debug|Any CPU.Build.0 = Debug|Any CPU
		{6AB1F14A-F6F7-4B43-85C8-1C9703A0A1B8}.Release|Any CPU.ActiveCfg = Release|Any CPU
		{6AB1F14A-F6F7-4B43-85C8-1C9703A0A1B8}.Release|Any CPU.Build.0 = Release|Any CPU
		{37ACC069-F0C9-4DC3-8E13-12C61ACF269D}.Debug|Any CPU.ActiveCfg = Debug|Any CPU
		{37ACC069-F0C9-4DC3-8E13-12C61ACF269D}.Debug|Any CPU.Build.0 = Debug|Any CPU
		{37ACC069-F0C9-4DC3-8E13-12C61ACF269D}.Release|Any CPU.ActiveCfg = Release|Any CPU
		{37ACC069-F0C9-4DC3-8E13-12C61ACF269D}.Release|Any CPU.Build.0 = Release|Any CPU
		{6A5816A2-D890-4E55-BDB9-8B0BEFA0EC07}.Debug|Any CPU.ActiveCfg = Debug|Any CPU
		{6A5816A2-D890-4E55-BDB9-8B0BEFA0EC07}.Debug|Any CPU.Build.0 = Debug|Any CPU
		{6A5816A2-D890-4E55-BDB9-8B0BEFA0EC07}.Release|Any CPU.ActiveCfg = Release|Any CPU
		{6A5816A2-D890-4E55-BDB9-8B0BEFA0EC07}.Release|Any CPU.Build.0 = Release|Any CPU
		{AE4E2DC2-1107-4FD4-9BEE-3612AA4B8DEC}.Debug|Any CPU.ActiveCfg = Debug|Any CPU
		{AE4E2DC2-1107-4FD4-9BEE-3612AA4B8DEC}.Debug|Any CPU.Build.0 = Debug|Any CPU
		{AE4E2DC2-1107-4FD4-9BEE-3612AA4B8DEC}.Release|Any CPU.ActiveCfg = Release|Any CPU
		{AE4E2DC2-1107-4FD4-9BEE-3612AA4B8DEC}.Release|Any CPU.Build.0 = Release|Any CPU
		{B558A7A4-94BF-4E79-9C1A-29EB0DE66BBF}.Debug|Any CPU.ActiveCfg = Debug|Any CPU
		{B558A7A4-94BF-4E79-9C1A-29EB0DE66BBF}.Debug|Any CPU.Build.0 = Debug|Any CPU
		{B558A7A4-94BF-4E79-9C1A-29EB0DE66BBF}.Release|Any CPU.ActiveCfg = Release|Any CPU
		{B558A7A4-94BF-4E79-9C1A-29EB0DE66BBF}.Release|Any CPU.Build.0 = Release|Any CPU
		{0A306E78-3E0E-41F2-A0DA-9EE10462A589}.Debug|Any CPU.ActiveCfg = Debug|Any CPU
		{0A306E78-3E0E-41F2-A0DA-9EE10462A589}.Debug|Any CPU.Build.0 = Debug|Any CPU
		{0A306E78-3E0E-41F2-A0DA-9EE10462A589}.Release|Any CPU.ActiveCfg = Release|Any CPU
		{0A306E78-3E0E-41F2-A0DA-9EE10462A589}.Release|Any CPU.Build.0 = Release|Any CPU
		{EDD57A66-8D74-4A22-8B10-DB4922749FFA}.Debug|Any CPU.ActiveCfg = Debug|Any CPU
		{EDD57A66-8D74-4A22-8B10-DB4922749FFA}.Debug|Any CPU.Build.0 = Debug|Any CPU
		{EDD57A66-8D74-4A22-8B10-DB4922749FFA}.Release|Any CPU.ActiveCfg = Release|Any CPU
		{EDD57A66-8D74-4A22-8B10-DB4922749FFA}.Release|Any CPU.Build.0 = Release|Any CPU
		{D92253F2-6FB7-4986-84E8-637276EF0120}.Debug|Any CPU.ActiveCfg = Debug|Any CPU
		{D92253F2-6FB7-4986-84E8-637276EF0120}.Debug|Any CPU.Build.0 = Debug|Any CPU
		{D92253F2-6FB7-4986-84E8-637276EF0120}.Release|Any CPU.ActiveCfg = Release|Any CPU
		{D92253F2-6FB7-4986-84E8-637276EF0120}.Release|Any CPU.Build.0 = Release|Any CPU
		{4286CED4-F95D-4FD6-A9E4-CD9E2952CD5E}.Debug|Any CPU.ActiveCfg = Debug|Any CPU
		{4286CED4-F95D-4FD6-A9E4-CD9E2952CD5E}.Debug|Any CPU.Build.0 = Debug|Any CPU
		{4286CED4-F95D-4FD6-A9E4-CD9E2952CD5E}.Release|Any CPU.ActiveCfg = Release|Any CPU
		{4286CED4-F95D-4FD6-A9E4-CD9E2952CD5E}.Release|Any CPU.Build.0 = Release|Any CPU
		{4560CE81-E500-4BA4-B060-E9777E9D1614}.Debug|Any CPU.ActiveCfg = Debug|Any CPU
		{4560CE81-E500-4BA4-B060-E9777E9D1614}.Debug|Any CPU.Build.0 = Debug|Any CPU
		{4560CE81-E500-4BA4-B060-E9777E9D1614}.Release|Any CPU.ActiveCfg = Release|Any CPU
		{4560CE81-E500-4BA4-B060-E9777E9D1614}.Release|Any CPU.Build.0 = Release|Any CPU
		{912F55B6-12F1-4C12-8B43-15F84490E9A8}.Debug|Any CPU.ActiveCfg = Debug|Any CPU
		{912F55B6-12F1-4C12-8B43-15F84490E9A8}.Debug|Any CPU.Build.0 = Debug|Any CPU
		{912F55B6-12F1-4C12-8B43-15F84490E9A8}.Release|Any CPU.ActiveCfg = Release|Any CPU
		{912F55B6-12F1-4C12-8B43-15F84490E9A8}.Release|Any CPU.Build.0 = Release|Any CPU
		{265C1735-C169-4FF4-B1FC-102E8766A41A}.Debug|Any CPU.ActiveCfg = Debug|Any CPU
		{265C1735-C169-4FF4-B1FC-102E8766A41A}.Debug|Any CPU.Build.0 = Debug|Any CPU
		{265C1735-C169-4FF4-B1FC-102E8766A41A}.Release|Any CPU.ActiveCfg = Release|Any CPU
		{265C1735-C169-4FF4-B1FC-102E8766A41A}.Release|Any CPU.Build.0 = Release|Any CPU
		{6C506E90-5E99-4650-8552-FD5F38E7EB79}.Debug|Any CPU.ActiveCfg = Debug|Any CPU
		{6C506E90-5E99-4650-8552-FD5F38E7EB79}.Debug|Any CPU.Build.0 = Debug|Any CPU
		{6C506E90-5E99-4650-8552-FD5F38E7EB79}.Release|Any CPU.ActiveCfg = Release|Any CPU
		{6C506E90-5E99-4650-8552-FD5F38E7EB79}.Release|Any CPU.Build.0 = Release|Any CPU
		{A9A3E882-E21C-4AF6-9EAA-A85F86BFBA51}.Debug|Any CPU.ActiveCfg = Debug|Any CPU
		{A9A3E882-E21C-4AF6-9EAA-A85F86BFBA51}.Debug|Any CPU.Build.0 = Debug|Any CPU
		{A9A3E882-E21C-4AF6-9EAA-A85F86BFBA51}.Release|Any CPU.ActiveCfg = Release|Any CPU
		{A9A3E882-E21C-4AF6-9EAA-A85F86BFBA51}.Release|Any CPU.Build.0 = Release|Any CPU
		{A613FCDE-7E26-4197-87F9-E2E7545E2AB9}.Debug|Any CPU.ActiveCfg = Debug|Any CPU
		{A613FCDE-7E26-4197-87F9-E2E7545E2AB9}.Debug|Any CPU.Build.0 = Debug|Any CPU
		{A613FCDE-7E26-4197-87F9-E2E7545E2AB9}.Release|Any CPU.ActiveCfg = Release|Any CPU
		{A613FCDE-7E26-4197-87F9-E2E7545E2AB9}.Release|Any CPU.Build.0 = Release|Any CPU
		{D21B456A-CDE5-431B-B49A-6ED56ECAFDEB}.Debug|Any CPU.ActiveCfg = Debug|Any CPU
		{D21B456A-CDE5-431B-B49A-6ED56ECAFDEB}.Debug|Any CPU.Build.0 = Debug|Any CPU
		{D21B456A-CDE5-431B-B49A-6ED56ECAFDEB}.Release|Any CPU.ActiveCfg = Release|Any CPU
		{D21B456A-CDE5-431B-B49A-6ED56ECAFDEB}.Release|Any CPU.Build.0 = Release|Any CPU
		{5664C933-D239-4432-A2D9-9366C5420396}.Debug|Any CPU.ActiveCfg = Debug|Any CPU
		{5664C933-D239-4432-A2D9-9366C5420396}.Debug|Any CPU.Build.0 = Debug|Any CPU
		{5664C933-D239-4432-A2D9-9366C5420396}.Release|Any CPU.ActiveCfg = Release|Any CPU
		{5664C933-D239-4432-A2D9-9366C5420396}.Release|Any CPU.Build.0 = Release|Any CPU
		{2C266D27-FB3F-432A-B53B-7CEEE0383F19}.Debug|Any CPU.ActiveCfg = Debug|Any CPU
		{2C266D27-FB3F-432A-B53B-7CEEE0383F19}.Debug|Any CPU.Build.0 = Debug|Any CPU
		{2C266D27-FB3F-432A-B53B-7CEEE0383F19}.Release|Any CPU.ActiveCfg = Release|Any CPU
		{2C266D27-FB3F-432A-B53B-7CEEE0383F19}.Release|Any CPU.Build.0 = Release|Any CPU
		{603D8AA9-29D4-4B43-91E9-F3D5E7AB87B4}.Debug|Any CPU.ActiveCfg = Debug|Any CPU
		{603D8AA9-29D4-4B43-91E9-F3D5E7AB87B4}.Debug|Any CPU.Build.0 = Debug|Any CPU
		{603D8AA9-29D4-4B43-91E9-F3D5E7AB87B4}.Release|Any CPU.ActiveCfg = Release|Any CPU
		{603D8AA9-29D4-4B43-91E9-F3D5E7AB87B4}.Release|Any CPU.Build.0 = Release|Any CPU
		{EAD8B303-32BB-47EA-8F41-FA4393E12E4C}.Debug|Any CPU.ActiveCfg = Debug|Any CPU
		{EAD8B303-32BB-47EA-8F41-FA4393E12E4C}.Debug|Any CPU.Build.0 = Debug|Any CPU
		{EAD8B303-32BB-47EA-8F41-FA4393E12E4C}.Release|Any CPU.ActiveCfg = Release|Any CPU
		{EAD8B303-32BB-47EA-8F41-FA4393E12E4C}.Release|Any CPU.Build.0 = Release|Any CPU
		{5FEAAC67-AC1C-490D-86D2-24ABCCAC4D60}.Debug|Any CPU.ActiveCfg = Debug|Any CPU
		{5FEAAC67-AC1C-490D-86D2-24ABCCAC4D60}.Debug|Any CPU.Build.0 = Debug|Any CPU
		{5FEAAC67-AC1C-490D-86D2-24ABCCAC4D60}.Release|Any CPU.ActiveCfg = Release|Any CPU
		{5FEAAC67-AC1C-490D-86D2-24ABCCAC4D60}.Release|Any CPU.Build.0 = Release|Any CPU
		{E1079FA4-5C96-45B4-8B51-C9DB23AB9831}.Debug|Any CPU.ActiveCfg = Debug|Any CPU
		{E1079FA4-5C96-45B4-8B51-C9DB23AB9831}.Debug|Any CPU.Build.0 = Debug|Any CPU
		{E1079FA4-5C96-45B4-8B51-C9DB23AB9831}.Release|Any CPU.ActiveCfg = Release|Any CPU
		{E1079FA4-5C96-45B4-8B51-C9DB23AB9831}.Release|Any CPU.Build.0 = Release|Any CPU
		{C58F82C2-0906-4EE0-AEB7-C18D9E9A121C}.Debug|Any CPU.ActiveCfg = Debug|Any CPU
		{C58F82C2-0906-4EE0-AEB7-C18D9E9A121C}.Debug|Any CPU.Build.0 = Debug|Any CPU
		{C58F82C2-0906-4EE0-AEB7-C18D9E9A121C}.Release|Any CPU.ActiveCfg = Release|Any CPU
		{C58F82C2-0906-4EE0-AEB7-C18D9E9A121C}.Release|Any CPU.Build.0 = Release|Any CPU
		{794109BA-BF3E-4932-A723-7469C7BF6347}.Debug|Any CPU.ActiveCfg = Debug|Any CPU
		{794109BA-BF3E-4932-A723-7469C7BF6347}.Debug|Any CPU.Build.0 = Debug|Any CPU
		{794109BA-BF3E-4932-A723-7469C7BF6347}.Release|Any CPU.ActiveCfg = Release|Any CPU
		{794109BA-BF3E-4932-A723-7469C7BF6347}.Release|Any CPU.Build.0 = Release|Any CPU
		{9DC15E80-23E5-4010-8E48-EE440CC87AC8}.Debug|Any CPU.ActiveCfg = Debug|Any CPU
		{9DC15E80-23E5-4010-8E48-EE440CC87AC8}.Debug|Any CPU.Build.0 = Debug|Any CPU
		{9DC15E80-23E5-4010-8E48-EE440CC87AC8}.Release|Any CPU.ActiveCfg = Release|Any CPU
		{9DC15E80-23E5-4010-8E48-EE440CC87AC8}.Release|Any CPU.Build.0 = Release|Any CPU
		{DEF05B64-811C-4B86-BD00-427DA7CBF9F6}.Debug|Any CPU.ActiveCfg = Debug|Any CPU
		{DEF05B64-811C-4B86-BD00-427DA7CBF9F6}.Debug|Any CPU.Build.0 = Debug|Any CPU
		{DEF05B64-811C-4B86-BD00-427DA7CBF9F6}.Release|Any CPU.ActiveCfg = Release|Any CPU
		{DEF05B64-811C-4B86-BD00-427DA7CBF9F6}.Release|Any CPU.Build.0 = Release|Any CPU
		{2F19CBEE-9D2B-4E98-97C3-0D52C8CB6906}.Debug|Any CPU.ActiveCfg = Debug|Any CPU
		{2F19CBEE-9D2B-4E98-97C3-0D52C8CB6906}.Debug|Any CPU.Build.0 = Debug|Any CPU
		{2F19CBEE-9D2B-4E98-97C3-0D52C8CB6906}.Release|Any CPU.ActiveCfg = Release|Any CPU
		{2F19CBEE-9D2B-4E98-97C3-0D52C8CB6906}.Release|Any CPU.Build.0 = Release|Any CPU
		{59523383-A860-48C1-8F3B-39C0D7D41E50}.Debug|Any CPU.ActiveCfg = Debug|Any CPU
		{59523383-A860-48C1-8F3B-39C0D7D41E50}.Debug|Any CPU.Build.0 = Debug|Any CPU
		{59523383-A860-48C1-8F3B-39C0D7D41E50}.Release|Any CPU.ActiveCfg = Release|Any CPU
		{59523383-A860-48C1-8F3B-39C0D7D41E50}.Release|Any CPU.Build.0 = Release|Any CPU
		{28419EBA-A88D-41AD-BBA3-0E405D007666}.Debug|Any CPU.ActiveCfg = Debug|Any CPU
		{28419EBA-A88D-41AD-BBA3-0E405D007666}.Debug|Any CPU.Build.0 = Debug|Any CPU
		{28419EBA-A88D-41AD-BBA3-0E405D007666}.Release|Any CPU.ActiveCfg = Release|Any CPU
		{28419EBA-A88D-41AD-BBA3-0E405D007666}.Release|Any CPU.Build.0 = Release|Any CPU
		{0AC2D7D3-6D40-4894-87DC-F9DB871D28FF}.Debug|Any CPU.ActiveCfg = Debug|Any CPU
		{0AC2D7D3-6D40-4894-87DC-F9DB871D28FF}.Debug|Any CPU.Build.0 = Debug|Any CPU
		{0AC2D7D3-6D40-4894-87DC-F9DB871D28FF}.Release|Any CPU.ActiveCfg = Release|Any CPU
		{0AC2D7D3-6D40-4894-87DC-F9DB871D28FF}.Release|Any CPU.Build.0 = Release|Any CPU
		{E8E70EEC-1DC8-42C8-9C69-2DC02AC7A76B}.Debug|Any CPU.ActiveCfg = Debug|Any CPU
		{E8E70EEC-1DC8-42C8-9C69-2DC02AC7A76B}.Debug|Any CPU.Build.0 = Debug|Any CPU
		{E8E70EEC-1DC8-42C8-9C69-2DC02AC7A76B}.Release|Any CPU.ActiveCfg = Release|Any CPU
		{E8E70EEC-1DC8-42C8-9C69-2DC02AC7A76B}.Release|Any CPU.Build.0 = Release|Any CPU
		{76F08927-F5CF-43B1-8FD2-B4983904FDF4}.Debug|Any CPU.ActiveCfg = Debug|Any CPU
		{76F08927-F5CF-43B1-8FD2-B4983904FDF4}.Debug|Any CPU.Build.0 = Debug|Any CPU
		{76F08927-F5CF-43B1-8FD2-B4983904FDF4}.Release|Any CPU.ActiveCfg = Release|Any CPU
		{76F08927-F5CF-43B1-8FD2-B4983904FDF4}.Release|Any CPU.Build.0 = Release|Any CPU
		{D9BB5958-069D-47F4-93EB-C13C3BBDF641}.Debug|Any CPU.ActiveCfg = Debug|Any CPU
		{D9BB5958-069D-47F4-93EB-C13C3BBDF641}.Debug|Any CPU.Build.0 = Debug|Any CPU
		{D9BB5958-069D-47F4-93EB-C13C3BBDF641}.Release|Any CPU.ActiveCfg = Release|Any CPU
		{D9BB5958-069D-47F4-93EB-C13C3BBDF641}.Release|Any CPU.Build.0 = Release|Any CPU
	EndGlobalSection
	GlobalSection(SolutionProperties) = preSolution
		HideSolutionNode = FALSE
	EndGlobalSection
	GlobalSection(NestedProjects) = preSolution
		{F9716DD9-2967-4295-AC71-F1FD5A9EEFEF} = {D9638FEE-50A4-44FF-B1F6-72E59548490B}
		{27AC8160-04C5-4FC1-AE12-C3BCCEC59B3E} = {F9716DD9-2967-4295-AC71-F1FD5A9EEFEF}
		{5E52E621-8D72-4017-84CD-D73940044AA6} = {F9716DD9-2967-4295-AC71-F1FD5A9EEFEF}
		{7DE990A2-DE34-4BB1-8B0E-C10DB9BFD625} = {F9716DD9-2967-4295-AC71-F1FD5A9EEFEF}
		{2A0AF32A-A785-4055-8CB4-BCCDE7437D34} = {F9716DD9-2967-4295-AC71-F1FD5A9EEFEF}
		{88D06B2F-FAA9-4B0A-8E50-63AC28AC4464} = {F9716DD9-2967-4295-AC71-F1FD5A9EEFEF}
		{C46C3D04-D9B6-440F-8644-3DA27525198B} = {F9716DD9-2967-4295-AC71-F1FD5A9EEFEF}
		{4D5B32E6-D5DA-4D2E-B87E-389DF3066B0C} = {F9716DD9-2967-4295-AC71-F1FD5A9EEFEF}
		{79C044F1-E0EB-42EC-A4ED-1F086089853A} = {F9716DD9-2967-4295-AC71-F1FD5A9EEFEF}
		{133D4A58-8AD4-4D46-9847-3C12F24A775E} = {F9716DD9-2967-4295-AC71-F1FD5A9EEFEF}
		{6B586C09-33B0-4E3E-9EBE-36152E748B42} = {F9716DD9-2967-4295-AC71-F1FD5A9EEFEF}
		{67311E5E-FA9C-43A6-B431-9EF10047A0CE} = {D9638FEE-50A4-44FF-B1F6-72E59548490B}
		{D07DF48F-006E-4843-8506-E156319C2601} = {67311E5E-FA9C-43A6-B431-9EF10047A0CE}
		{36713FD3-DF89-4FCD-9534-6DDCE8571836} = {67311E5E-FA9C-43A6-B431-9EF10047A0CE}
		{4471B4D7-342C-44B7-AA3E-8ED44CD90F33} = {67311E5E-FA9C-43A6-B431-9EF10047A0CE}
		{9EBCE1E4-21A5-4DCC-8373-A65ADB7C800A} = {67311E5E-FA9C-43A6-B431-9EF10047A0CE}
		{3FAA36F0-DC75-4C7E-8324-E69988904AE4} = {67311E5E-FA9C-43A6-B431-9EF10047A0CE}
		{46B4E5B1-EA95-418D-B39D-982A1AF8DA35} = {67311E5E-FA9C-43A6-B431-9EF10047A0CE}
		{77F9C5DB-A736-4501-B346-9E1F4FC33559} = {67311E5E-FA9C-43A6-B431-9EF10047A0CE}
		{C56E4948-F4E6-4571-AFBA-14D4916FD949} = {67311E5E-FA9C-43A6-B431-9EF10047A0CE}
		{8C5D6885-5588-4549-BCB2-EBEC35984ED7} = {67311E5E-FA9C-43A6-B431-9EF10047A0CE}
		{4767AEE5-45C0-49D1-806A-E5817F64C6CF} = {67311E5E-FA9C-43A6-B431-9EF10047A0CE}
		{AFDB842D-1FEC-48E1-A0F3-B4F53FD3299D} = {67311E5E-FA9C-43A6-B431-9EF10047A0CE}
		{A9C066D4-C8B6-4062-9D86-2EFE4D8EABCD} = {67311E5E-FA9C-43A6-B431-9EF10047A0CE}
		{CD484A42-0C12-473E-B084-68EB9C10D401} = {67311E5E-FA9C-43A6-B431-9EF10047A0CE}
		{EAB815D2-DA56-4661-9F7E-55E38FF205A9} = {67311E5E-FA9C-43A6-B431-9EF10047A0CE}
		{6381B008-24FA-43F6-AD66-30EBD25DC8CF} = {67311E5E-FA9C-43A6-B431-9EF10047A0CE}
		{760D5A8A-0810-4C1A-A4F0-12982D8F38AA} = {67311E5E-FA9C-43A6-B431-9EF10047A0CE}
		{9B109AFE-7566-44CC-BABB-E91EC6BA3EB0} = {67311E5E-FA9C-43A6-B431-9EF10047A0CE}
		{A871F4B8-AC38-4393-B724-422654496AF0} = {67311E5E-FA9C-43A6-B431-9EF10047A0CE}
		{1B60B7F5-0CAD-4A13-85C2-2BE7FD06665A} = {67311E5E-FA9C-43A6-B431-9EF10047A0CE}
		{E39DBBA1-F5E9-453E-9475-EE95300CE502} = {67311E5E-FA9C-43A6-B431-9EF10047A0CE}
		{6F7520F0-9CA7-4A23-A17E-77762DA10BA7} = {67311E5E-FA9C-43A6-B431-9EF10047A0CE}
		{2463B9AF-56DB-4871-AEA5-19B3A30BFD1F} = {67311E5E-FA9C-43A6-B431-9EF10047A0CE}
		{52B605C1-A287-4414-BA82-13A9BC64D644} = {67311E5E-FA9C-43A6-B431-9EF10047A0CE}
		{E3186B8B-0517-439C-9BE5-61BF82800E5E} = {67311E5E-FA9C-43A6-B431-9EF10047A0CE}
		{DE030AE1-665D-41D9-A64A-D9D9BC4E3484} = {67311E5E-FA9C-43A6-B431-9EF10047A0CE}
		{67458011-CEA9-4383-87BC-60AF489D695F} = {67311E5E-FA9C-43A6-B431-9EF10047A0CE}
		{76F117AB-8B46-4614-99A5-5D64AF304973} = {67311E5E-FA9C-43A6-B431-9EF10047A0CE}
		{9EF3BB14-04ED-4642-9281-B4744426129C} = {67311E5E-FA9C-43A6-B431-9EF10047A0CE}
		{F21745DB-8D42-462D-A683-E1E44A060389} = {67311E5E-FA9C-43A6-B431-9EF10047A0CE}
		{58433F10-9D25-4E1E-B472-EE3CC0FA9967} = {67311E5E-FA9C-43A6-B431-9EF10047A0CE}
		{9983F062-7D44-4A3B-99B9-246E8E279B9C} = {67311E5E-FA9C-43A6-B431-9EF10047A0CE}
		{8C9D5EA5-DB96-4900-9CFA-2E34C2238868} = {67311E5E-FA9C-43A6-B431-9EF10047A0CE}
		{9EE9BB6F-0387-4450-B6EF-A58008E69169} = {67311E5E-FA9C-43A6-B431-9EF10047A0CE}
		{A81407E5-C3A9-45FA-BF70-148840B975E5} = {67311E5E-FA9C-43A6-B431-9EF10047A0CE}
		{2DEAA573-56ED-452F-95E0-EB997592C972} = {67311E5E-FA9C-43A6-B431-9EF10047A0CE}
		{48DA0623-BEB9-4BF3-B3BE-490FA85A9A0C} = {67311E5E-FA9C-43A6-B431-9EF10047A0CE}
		{45B40D25-2FB7-4AB5-9EF7-1F5AFC97E40B} = {67311E5E-FA9C-43A6-B431-9EF10047A0CE}
		{C0B34C98-1624-453B-98F7-EC313DB05ECF} = {67311E5E-FA9C-43A6-B431-9EF10047A0CE}
		{3F55BFA9-5AEE-41CF-9EB1-E395B1B7CDC1} = {67311E5E-FA9C-43A6-B431-9EF10047A0CE}
		{63E40D39-F1AB-4B4B-A9D3-DB17172332A3} = {67311E5E-FA9C-43A6-B431-9EF10047A0CE}
		{E2ADCD01-C759-4103-98C5-5C5B980D53B0} = {67311E5E-FA9C-43A6-B431-9EF10047A0CE}
		{058D8853-1B5A-4AB0-AC39-80D4C1E802D6} = {1054E499-981F-4EFA-855B-EC6FA604C6FB}
		{4D7EE8D8-9A02-43D4-8D7A-15E734E4D9AA} = {058D8853-1B5A-4AB0-AC39-80D4C1E802D6}
		{70FBCFD9-B96E-4E72-B35C-681D9B2DA3D6} = {0B821858-8E47-4485-AC06-D2E971A53EB2}
		{70B9DF97-05BA-4BF3-A945-60DF431235E0} = {70FBCFD9-B96E-4E72-B35C-681D9B2DA3D6}
		{6AB1F14A-F6F7-4B43-85C8-1C9703A0A1B8} = {70B9DF97-05BA-4BF3-A945-60DF431235E0}
		{7E31C739-2787-44ED-8304-7EFCEE1A2B2C} = {EFB05081-EC44-49D3-B6D1-52AE42085B5B}
		{83A9C646-8419-4C1C-886C-5340C90A7D5B} = {7E31C739-2787-44ED-8304-7EFCEE1A2B2C}
		{37ACC069-F0C9-4DC3-8E13-12C61ACF269D} = {83A9C646-8419-4C1C-886C-5340C90A7D5B}
		{A1C3BB6A-2366-4777-AB66-562E027F335A} = {70FBCFD9-B96E-4E72-B35C-681D9B2DA3D6}
		{FB9F289B-A123-433F-BA9F-250EFABDCC82} = {70FBCFD9-B96E-4E72-B35C-681D9B2DA3D6}
		{96D215CB-D32C-4A3D-9E56-EBE42BB99EDC} = {70FBCFD9-B96E-4E72-B35C-681D9B2DA3D6}
		{6A5816A2-D890-4E55-BDB9-8B0BEFA0EC07} = {96D215CB-D32C-4A3D-9E56-EBE42BB99EDC}
		{AE4E2DC2-1107-4FD4-9BEE-3612AA4B8DEC} = {A1C3BB6A-2366-4777-AB66-562E027F335A}
		{B558A7A4-94BF-4E79-9C1A-29EB0DE66BBF} = {FB9F289B-A123-433F-BA9F-250EFABDCC82}
		{58E62626-B0EA-4A0D-8C9B-F8D51457186F} = {70FBCFD9-B96E-4E72-B35C-681D9B2DA3D6}
		{0A306E78-3E0E-41F2-A0DA-9EE10462A589} = {58E62626-B0EA-4A0D-8C9B-F8D51457186F}
		{D3671362-4DCA-45F5-9EFB-DD138697F183} = {70FBCFD9-B96E-4E72-B35C-681D9B2DA3D6}
		{EDD57A66-8D74-4A22-8B10-DB4922749FFA} = {D3671362-4DCA-45F5-9EFB-DD138697F183}
		{D0DAA89D-936D-499F-B51A-E27D9F28730D} = {70FBCFD9-B96E-4E72-B35C-681D9B2DA3D6}
		{D92253F2-6FB7-4986-84E8-637276EF0120} = {D0DAA89D-936D-499F-B51A-E27D9F28730D}
		{218FB49B-95C3-4DD3-A2EA-56F295065E4E} = {70FBCFD9-B96E-4E72-B35C-681D9B2DA3D6}
		{4286CED4-F95D-4FD6-A9E4-CD9E2952CD5E} = {218FB49B-95C3-4DD3-A2EA-56F295065E4E}
		{8F1948E4-2F1D-4778-A687-247587926D71} = {70FBCFD9-B96E-4E72-B35C-681D9B2DA3D6}
		{4560CE81-E500-4BA4-B060-E9777E9D1614} = {8F1948E4-2F1D-4778-A687-247587926D71}
		{D00A52EE-4753-40CB-9C98-866CFAE3508E} = {70FBCFD9-B96E-4E72-B35C-681D9B2DA3D6}
		{912F55B6-12F1-4C12-8B43-15F84490E9A8} = {D00A52EE-4753-40CB-9C98-866CFAE3508E}
		{6623F4B1-F2C6-4EAC-BB86-4B1E9CE457A2} = {70FBCFD9-B96E-4E72-B35C-681D9B2DA3D6}
		{561E70EA-96C1-463C-B6EE-CD08B6465C22} = {70FBCFD9-B96E-4E72-B35C-681D9B2DA3D6}
		{265C1735-C169-4FF4-B1FC-102E8766A41A} = {6623F4B1-F2C6-4EAC-BB86-4B1E9CE457A2}
		{6C506E90-5E99-4650-8552-FD5F38E7EB79} = {561E70EA-96C1-463C-B6EE-CD08B6465C22}
		{BA9C7DB1-E671-4209-AA82-C9C704C11176} = {7E31C739-2787-44ED-8304-7EFCEE1A2B2C}
		{A9A3E882-E21C-4AF6-9EAA-A85F86BFBA51} = {BA9C7DB1-E671-4209-AA82-C9C704C11176}
		{7EE5B442-96E7-4335-940A-2AB188C7AE4F} = {7E31C739-2787-44ED-8304-7EFCEE1A2B2C}
		{A613FCDE-7E26-4197-87F9-E2E7545E2AB9} = {7EE5B442-96E7-4335-940A-2AB188C7AE4F}
		{E06C2394-48D1-45A3-998F-4171504B01E9} = {7E31C739-2787-44ED-8304-7EFCEE1A2B2C}
		{D21B456A-CDE5-431B-B49A-6ED56ECAFDEB} = {E06C2394-48D1-45A3-998F-4171504B01E9}
		{C691D945-B7F2-4D07-A172-CFBDBA55DD0A} = {7E31C739-2787-44ED-8304-7EFCEE1A2B2C}
		{5664C933-D239-4432-A2D9-9366C5420396} = {C691D945-B7F2-4D07-A172-CFBDBA55DD0A}
		{E9333037-FA9E-404F-8847-B79912688DF7} = {7E31C739-2787-44ED-8304-7EFCEE1A2B2C}
		{2C266D27-FB3F-432A-B53B-7CEEE0383F19} = {E9333037-FA9E-404F-8847-B79912688DF7}
		{C4E87998-9EA3-4CA8-BC9C-B654028F7486} = {7E31C739-2787-44ED-8304-7EFCEE1A2B2C}
		{603D8AA9-29D4-4B43-91E9-F3D5E7AB87B4} = {C4E87998-9EA3-4CA8-BC9C-B654028F7486}
		{30EC7C03-CA31-436C-99BD-013E295D3EF4} = {7E31C739-2787-44ED-8304-7EFCEE1A2B2C}
		{EAD8B303-32BB-47EA-8F41-FA4393E12E4C} = {30EC7C03-CA31-436C-99BD-013E295D3EF4}
		{82F1C087-5129-4118-A446-269A6C2B657A} = {7E31C739-2787-44ED-8304-7EFCEE1A2B2C}
		{5FEAAC67-AC1C-490D-86D2-24ABCCAC4D60} = {82F1C087-5129-4118-A446-269A6C2B657A}
		{12CA1DDE-F03C-4903-8977-AF0BA73DD656} = {7E31C739-2787-44ED-8304-7EFCEE1A2B2C}
		{E1079FA4-5C96-45B4-8B51-C9DB23AB9831} = {12CA1DDE-F03C-4903-8977-AF0BA73DD656}
		{E4BACF79-1227-41F7-98BC-E07A8689FEAE} = {70FBCFD9-B96E-4E72-B35C-681D9B2DA3D6}
		{C58F82C2-0906-4EE0-AEB7-C18D9E9A121C} = {E4BACF79-1227-41F7-98BC-E07A8689FEAE}
		{F7740CF9-604C-4701-BE19-3669E79CA39D} = {7E31C739-2787-44ED-8304-7EFCEE1A2B2C}
		{794109BA-BF3E-4932-A723-7469C7BF6347} = {F7740CF9-604C-4701-BE19-3669E79CA39D}
		{E2E77B05-1796-447A-9A5F-763E83942D8C} = {70FBCFD9-B96E-4E72-B35C-681D9B2DA3D6}
		{9DC15E80-23E5-4010-8E48-EE440CC87AC8} = {E2E77B05-1796-447A-9A5F-763E83942D8C}
		{1CBFE848-29C5-4030-8975-4558096783C8} = {70FBCFD9-B96E-4E72-B35C-681D9B2DA3D6}
		{DEF05B64-811C-4B86-BD00-427DA7CBF9F6} = {1CBFE848-29C5-4030-8975-4558096783C8}
		{83F8ABB6-1E31-44C4-9A27-DF9784DC7D3B} = {7E31C739-2787-44ED-8304-7EFCEE1A2B2C}
		{2F19CBEE-9D2B-4E98-97C3-0D52C8CB6906} = {83F8ABB6-1E31-44C4-9A27-DF9784DC7D3B}
		{F54C5855-9C8D-4EDF-BFC8-41F2E46DBE3C} = {67311E5E-FA9C-43A6-B431-9EF10047A0CE}
		{1A62D4BF-8828-434B-98EA-23B1F1AEDDDD} = {67311E5E-FA9C-43A6-B431-9EF10047A0CE}
		{1DB3338E-B68C-4160-B055-4A1DF528382A} = {70FBCFD9-B96E-4E72-B35C-681D9B2DA3D6}
		{59523383-A860-48C1-8F3B-39C0D7D41E50} = {1DB3338E-B68C-4160-B055-4A1DF528382A}
		{325F3936-6CD2-4395-BD7C-972A2B75A0DD} = {67311E5E-FA9C-43A6-B431-9EF10047A0CE}
		{DF5832DD-F45B-467A-BDE5-086D19CE9363} = {70FBCFD9-B96E-4E72-B35C-681D9B2DA3D6}
		{28419EBA-A88D-41AD-BBA3-0E405D007666} = {DF5832DD-F45B-467A-BDE5-086D19CE9363}
		{496B3D51-00C7-46F3-BA16-9B94B1A72333} = {70FBCFD9-B96E-4E72-B35C-681D9B2DA3D6}
		{0AC2D7D3-6D40-4894-87DC-F9DB871D28FF} = {496B3D51-00C7-46F3-BA16-9B94B1A72333}
		{CB94EF31-03A9-41F5-AEAC-CD5288A0F32B} = {70FBCFD9-B96E-4E72-B35C-681D9B2DA3D6}
		{E8E70EEC-1DC8-42C8-9C69-2DC02AC7A76B} = {CB94EF31-03A9-41F5-AEAC-CD5288A0F32B}
		{3D9A2652-972F-48E3-BFC3-25D3DAB2730D} = {67311E5E-FA9C-43A6-B431-9EF10047A0CE}
		{806E005D-A8C4-41A7-AE4E-292CB96C1C59} = {67311E5E-FA9C-43A6-B431-9EF10047A0CE}
		{3E9056CE-8852-4DE8-AC76-182401F7EBD1} = {67311E5E-FA9C-43A6-B431-9EF10047A0CE}
		{CB299971-15C7-4F00-9329-D8B3AAE2227E} = {67311E5E-FA9C-43A6-B431-9EF10047A0CE}
		{7B16D394-6BA3-4E14-B7D7-74406CB7091D} = {70FBCFD9-B96E-4E72-B35C-681D9B2DA3D6}
		{76F08927-F5CF-43B1-8FD2-B4983904FDF4} = {7B16D394-6BA3-4E14-B7D7-74406CB7091D}
		{D9BB5958-069D-47F4-93EB-C13C3BBDF641} = {1054E499-981F-4EFA-855B-EC6FA604C6FB}
	EndGlobalSection
	GlobalSection(ExtensibilityGlobals) = postSolution
		SolutionGuid = {2FE36DF8-2D9C-4F20-8787-45DC74B57461}
	EndGlobalSection
EndGlobal
