
Microsoft Visual Studio Solution File, Format Version 12.00
# Visual Studio Version 16
VisualStudioVersion = 16.0.30028.174
MinimumVisualStudioVersion = 10.0.40219.1
Project("{9A19103F-16F7-4668-BE54-9A1E7A4F7556}") = "WinFormsDx12", "Samples\WinFormsDx12\WinFormsDx12.csproj", "{B65F682F-1AE9-4B34-AA7B-B2E03665C8BA}"
EndProject
Global
	GlobalSection(SolutionConfigurationPlatforms) = preSolution
		Debug|Any CPU = Debug|Any CPU
		Release|Any CPU = Release|Any CPU
	EndGlobalSection
	GlobalSection(ProjectConfigurationPlatforms) = postSolution
		{B65F682F-1AE9-4B34-AA7B-B2E03665C8BA}.Debug|Any CPU.ActiveCfg = Debug|Any CPU
		{B65F682F-1AE9-4B34-AA7B-B2E03665C8BA}.Debug|Any CPU.Build.0 = Debug|Any CPU
		{B65F682F-1AE9-4B34-AA7B-B2E03665C8BA}.Release|Any CPU.ActiveCfg = Release|Any CPU
		{B65F682F-1AE9-4B34-AA7B-B2E03665C8BA}.Release|Any CPU.Build.0 = Release|Any CPU
	EndGlobalSection
	GlobalSection(SolutionProperties) = preSolution
		HideSolutionNode = FALSE
	EndGlobalSection
	GlobalSection(ExtensibilityGlobals) = postSolution
		SolutionGuid = {EA157110-7D43-4492-BA82-B05DCCFED58C}
	EndGlobalSection
EndGlobal
