Microsoft Visual Studio Solution File, Format Version 12.00
# Visual Studio Version 16
VisualStudioVersion = 16.0.28721.148
MinimumVisualStudioVersion = 10.0.40219.1
Project("{2150E333-8FDC-42A3-9474-1A3956D46DE8}") = ".root", ".root", "{2F337CB6-0B9E-4765-A277-487E429DE9F1}"
	ProjectSection(SolutionItems) = preProject
		.editorconfig = .editorconfig
		.gitattributes = .gitattributes
		.gitignore = .gitignore
		build.cmd = build.cmd
		build.sh = build.sh
		Directory.Build.props = Directory.Build.props
		Directory.Build.targets = Directory.Build.targets
		LICENSE.md = LICENSE.md
		pack.cmd = pack.cmd
		pack.sh = pack.sh
		restore.cmd = restore.cmd
		restore.sh = restore.sh
		TerraFX.snk = TerraFX.snk
		test.cmd = test.cmd
		test.sh = test.sh
		THIRD-PARTY-NOTICES.md = THIRD-PARTY-NOTICES.md
	EndProjectSection
EndProject
Project("{2150E333-8FDC-42A3-9474-1A3956D46DE8}") = "docs", "docs", "{8793898A-6542-4606-AA82-AB14151D2D20}"
	ProjectSection(SolutionItems) = preProject
		docs\CODE_OF_CONDUCT.md = docs\CODE_OF_CONDUCT.md
		docs\CODEOWNERS = docs\CODEOWNERS
		docs\CONTRIBUTING.md = docs\CONTRIBUTING.md
		docs\ISSUE_TEMPLATE.md = docs\ISSUE_TEMPLATE.md
		docs\PULL_REQUEST_TEMPLATE.md = docs\PULL_REQUEST_TEMPLATE.md
		docs\README.md = docs\README.md
	EndProjectSection
EndProject
Project("{2150E333-8FDC-42A3-9474-1A3956D46DE8}") = "generation", "generation", "{D9638FEE-50A4-44FF-B1F6-72E59548490B}"
	ProjectSection(SolutionItems) = preProject
		generation\remap.rsp = generation\remap.rsp
		generation\settings.rsp = generation\settings.rsp
	EndProjectSection
EndProject
Project("{2150E333-8FDC-42A3-9474-1A3956D46DE8}") = "shared", "shared", "{F9716DD9-2967-4295-AC71-F1FD5A9EEFEF}"
EndProject
Project("{2150E333-8FDC-42A3-9474-1A3956D46DE8}") = "dxgi", "dxgi", "{27AC8160-04C5-4FC1-AE12-C3BCCEC59B3E}"
	ProjectSection(SolutionItems) = preProject
		generation\shared\dxgi\generate.rsp = generation\shared\dxgi\generate.rsp
		generation\shared\dxgi\header.txt = generation\shared\dxgi\header.txt
		generation\shared\dxgi\shared-dxgi.h = generation\shared\dxgi\shared-dxgi.h
	EndProjectSection
EndProject
Project("{2150E333-8FDC-42A3-9474-1A3956D46DE8}") = "dxgi1_2", "dxgi1_2", "{5E52E621-8D72-4017-84CD-D73940044AA6}"
	ProjectSection(SolutionItems) = preProject
		generation\shared\dxgi1_2\generate.rsp = generation\shared\dxgi1_2\generate.rsp
		generation\shared\dxgi1_2\header.txt = generation\shared\dxgi1_2\header.txt
		generation\shared\dxgi1_2\shared-dxgi1_2.h = generation\shared\dxgi1_2\shared-dxgi1_2.h
	EndProjectSection
EndProject
Project("{2150E333-8FDC-42A3-9474-1A3956D46DE8}") = "dxgi1_3", "dxgi1_3", "{7DE990A2-DE34-4BB1-8B0E-C10DB9BFD625}"
	ProjectSection(SolutionItems) = preProject
		generation\shared\dxgi1_3\generate.rsp = generation\shared\dxgi1_3\generate.rsp
		generation\shared\dxgi1_3\header.txt = generation\shared\dxgi1_3\header.txt
		generation\shared\dxgi1_3\shared-dxgi1_3.h = generation\shared\dxgi1_3\shared-dxgi1_3.h
	EndProjectSection
EndProject
Project("{2150E333-8FDC-42A3-9474-1A3956D46DE8}") = "dxgi1_4", "dxgi1_4", "{2A0AF32A-A785-4055-8CB4-BCCDE7437D34}"
	ProjectSection(SolutionItems) = preProject
		generation\shared\dxgi1_4\generate.rsp = generation\shared\dxgi1_4\generate.rsp
		generation\shared\dxgi1_4\header.txt = generation\shared\dxgi1_4\header.txt
		generation\shared\dxgi1_4\shared-dxgi1_4.h = generation\shared\dxgi1_4\shared-dxgi1_4.h
	EndProjectSection
EndProject
Project("{2150E333-8FDC-42A3-9474-1A3956D46DE8}") = "dxgi1_5", "dxgi1_5", "{88D06B2F-FAA9-4B0A-8E50-63AC28AC4464}"
	ProjectSection(SolutionItems) = preProject
		generation\shared\dxgi1_5\generate.rsp = generation\shared\dxgi1_5\generate.rsp
		generation\shared\dxgi1_5\header.txt = generation\shared\dxgi1_5\header.txt
		generation\shared\dxgi1_5\shared-dxgi1_5.h = generation\shared\dxgi1_5\shared-dxgi1_5.h
	EndProjectSection
EndProject
Project("{2150E333-8FDC-42A3-9474-1A3956D46DE8}") = "dxgi1_6", "dxgi1_6", "{C46C3D04-D9B6-440F-8644-3DA27525198B}"
	ProjectSection(SolutionItems) = preProject
		generation\shared\dxgi1_6\generate.rsp = generation\shared\dxgi1_6\generate.rsp
		generation\shared\dxgi1_6\header.txt = generation\shared\dxgi1_6\header.txt
		generation\shared\dxgi1_6\shared-dxgi1_6.h = generation\shared\dxgi1_6\shared-dxgi1_6.h
	EndProjectSection
EndProject
Project("{2150E333-8FDC-42A3-9474-1A3956D46DE8}") = "dxgicommon", "dxgicommon", "{4D5B32E6-D5DA-4D2E-B87E-389DF3066B0C}"
	ProjectSection(SolutionItems) = preProject
		generation\shared\dxgicommon\generate.rsp = generation\shared\dxgicommon\generate.rsp
		generation\shared\dxgicommon\header.txt = generation\shared\dxgicommon\header.txt
		generation\shared\dxgicommon\shared-dxgicommon.h = generation\shared\dxgicommon\shared-dxgicommon.h
	EndProjectSection
EndProject
Project("{2150E333-8FDC-42A3-9474-1A3956D46DE8}") = "dxgiformat", "dxgiformat", "{79C044F1-E0EB-42EC-A4ED-1F086089853A}"
	ProjectSection(SolutionItems) = preProject
		generation\shared\dxgiformat\generate.rsp = generation\shared\dxgiformat\generate.rsp
		generation\shared\dxgiformat\header.txt = generation\shared\dxgiformat\header.txt
		generation\shared\dxgiformat\shared-dxgiformat.h = generation\shared\dxgiformat\shared-dxgiformat.h
	EndProjectSection
EndProject
Project("{2150E333-8FDC-42A3-9474-1A3956D46DE8}") = "dxgitype", "dxgitype", "{133D4A58-8AD4-4D46-9847-3C12F24A775E}"
	ProjectSection(SolutionItems) = preProject
		generation\shared\dxgitype\generate.rsp = generation\shared\dxgitype\generate.rsp
		generation\shared\dxgitype\header.txt = generation\shared\dxgitype\header.txt
		generation\shared\dxgitype\shared-dxgitype.h = generation\shared\dxgitype\shared-dxgitype.h
	EndProjectSection
EndProject
Project("{2150E333-8FDC-42A3-9474-1A3956D46DE8}") = "tvout", "tvout", "{6B586C09-33B0-4E3E-9EBE-36152E748B42}"
	ProjectSection(SolutionItems) = preProject
		generation\shared\tvout\generate.rsp = generation\shared\tvout\generate.rsp
		generation\shared\tvout\header.txt = generation\shared\tvout\header.txt
		generation\shared\tvout\shared-tvout.h = generation\shared\tvout\shared-tvout.h
	EndProjectSection
EndProject
Project("{2150E333-8FDC-42A3-9474-1A3956D46DE8}") = "um", "um", "{67311E5E-FA9C-43A6-B431-9EF10047A0CE}"
EndProject
Project("{2150E333-8FDC-42A3-9474-1A3956D46DE8}") = "d2d1", "d2d1", "{D07DF48F-006E-4843-8506-E156319C2601}"
	ProjectSection(SolutionItems) = preProject
		generation\um\d2d1\generate.rsp = generation\um\d2d1\generate.rsp
		generation\um\d2d1\header.txt = generation\um\d2d1\header.txt
		generation\um\d2d1\um-d2d1.h = generation\um\d2d1\um-d2d1.h
	EndProjectSection
EndProject
Project("{2150E333-8FDC-42A3-9474-1A3956D46DE8}") = "d2d1_1", "d2d1_1", "{36713FD3-DF89-4FCD-9534-6DDCE8571836}"
	ProjectSection(SolutionItems) = preProject
		generation\um\d2d1_1\generate.rsp = generation\um\d2d1_1\generate.rsp
		generation\um\d2d1_1\header.txt = generation\um\d2d1_1\header.txt
		generation\um\d2d1_1\um-d2d1_1.h = generation\um\d2d1_1\um-d2d1_1.h
	EndProjectSection
EndProject
Project("{2150E333-8FDC-42A3-9474-1A3956D46DE8}") = "d2d1_2", "d2d1_2", "{4471B4D7-342C-44B7-AA3E-8ED44CD90F33}"
	ProjectSection(SolutionItems) = preProject
		generation\um\d2d1_2\generate.rsp = generation\um\d2d1_2\generate.rsp
		generation\um\d2d1_2\header.txt = generation\um\d2d1_2\header.txt
		generation\um\d2d1_2\um-d2d1_2.h = generation\um\d2d1_2\um-d2d1_2.h
	EndProjectSection
EndProject
Project("{2150E333-8FDC-42A3-9474-1A3956D46DE8}") = "d2d1_3", "d2d1_3", "{9EBCE1E4-21A5-4DCC-8373-A65ADB7C800A}"
	ProjectSection(SolutionItems) = preProject
		generation\um\d2d1_3\generate.rsp = generation\um\d2d1_3\generate.rsp
		generation\um\d2d1_3\header.txt = generation\um\d2d1_3\header.txt
		generation\um\d2d1_3\um-d2d1_3.h = generation\um\d2d1_3\um-d2d1_3.h
	EndProjectSection
EndProject
Project("{2150E333-8FDC-42A3-9474-1A3956D46DE8}") = "d2d1effectauthor", "d2d1effectauthor", "{3FAA36F0-DC75-4C7E-8324-E69988904AE4}"
	ProjectSection(SolutionItems) = preProject
		generation\um\d2d1effectauthor\generate.rsp = generation\um\d2d1effectauthor\generate.rsp
		generation\um\d2d1effectauthor\header.txt = generation\um\d2d1effectauthor\header.txt
		generation\um\d2d1effectauthor\um-d2d1effectauthor.h = generation\um\d2d1effectauthor\um-d2d1effectauthor.h
	EndProjectSection
EndProject
Project("{2150E333-8FDC-42A3-9474-1A3956D46DE8}") = "d2d1effectauthor_1", "d2d1effectauthor_1", "{46B4E5B1-EA95-418D-B39D-982A1AF8DA35}"
	ProjectSection(SolutionItems) = preProject
		generation\um\d2d1effectauthor_1\generate.rsp = generation\um\d2d1effectauthor_1\generate.rsp
		generation\um\d2d1effectauthor_1\header.txt = generation\um\d2d1effectauthor_1\header.txt
		generation\um\d2d1effectauthor_1\um-d2d1effectauthor_1.h = generation\um\d2d1effectauthor_1\um-d2d1effectauthor_1.h
	EndProjectSection
EndProject
Project("{2150E333-8FDC-42A3-9474-1A3956D46DE8}") = "d2d1effects", "d2d1effects", "{77F9C5DB-A736-4501-B346-9E1F4FC33559}"
	ProjectSection(SolutionItems) = preProject
		generation\um\d2d1effects\generate.rsp = generation\um\d2d1effects\generate.rsp
		generation\um\d2d1effects\header.txt = generation\um\d2d1effects\header.txt
		generation\um\d2d1effects\um-d2d1effects.h = generation\um\d2d1effects\um-d2d1effects.h
	EndProjectSection
EndProject
Project("{2150E333-8FDC-42A3-9474-1A3956D46DE8}") = "d2d1effects_1", "d2d1effects_1", "{C56E4948-F4E6-4571-AFBA-14D4916FD949}"
	ProjectSection(SolutionItems) = preProject
		generation\um\d2d1effects_1\generate.rsp = generation\um\d2d1effects_1\generate.rsp
		generation\um\d2d1effects_1\header.txt = generation\um\d2d1effects_1\header.txt
		generation\um\d2d1effects_1\um-d2d1effects_1.h = generation\um\d2d1effects_1\um-d2d1effects_1.h
	EndProjectSection
EndProject
Project("{2150E333-8FDC-42A3-9474-1A3956D46DE8}") = "d2d1effects_2", "d2d1effects_2", "{8C5D6885-5588-4549-BCB2-EBEC35984ED7}"
	ProjectSection(SolutionItems) = preProject
		generation\um\d2d1effects_2\generate.rsp = generation\um\d2d1effects_2\generate.rsp
		generation\um\d2d1effects_2\header.txt = generation\um\d2d1effects_2\header.txt
		generation\um\d2d1effects_2\um-d2d1effects_2.h = generation\um\d2d1effects_2\um-d2d1effects_2.h
	EndProjectSection
EndProject
Project("{2150E333-8FDC-42A3-9474-1A3956D46DE8}") = "d2d1svg", "d2d1svg", "{4767AEE5-45C0-49D1-806A-E5817F64C6CF}"
	ProjectSection(SolutionItems) = preProject
		generation\um\d2d1svg\generate.rsp = generation\um\d2d1svg\generate.rsp
		generation\um\d2d1svg\header.txt = generation\um\d2d1svg\header.txt
		generation\um\d2d1svg\um-d2d1svg.h = generation\um\d2d1svg\um-d2d1svg.h
	EndProjectSection
EndProject
Project("{2150E333-8FDC-42A3-9474-1A3956D46DE8}") = "d3d11", "d3d11", "{AFDB842D-1FEC-48E1-A0F3-B4F53FD3299D}"
	ProjectSection(SolutionItems) = preProject
		generation\um\d3d11\generate.rsp = generation\um\d3d11\generate.rsp
		generation\um\d3d11\header.txt = generation\um\d3d11\header.txt
		generation\um\d3d11\um-d3d11.h = generation\um\d3d11\um-d3d11.h
	EndProjectSection
EndProject
Project("{2150E333-8FDC-42A3-9474-1A3956D46DE8}") = "d3d11_1", "d3d11_1", "{A9C066D4-C8B6-4062-9D86-2EFE4D8EABCD}"
	ProjectSection(SolutionItems) = preProject
		generation\um\d3d11_1\generate.rsp = generation\um\d3d11_1\generate.rsp
		generation\um\d3d11_1\header.txt = generation\um\d3d11_1\header.txt
		generation\um\d3d11_1\um-d3d11_1.h = generation\um\d3d11_1\um-d3d11_1.h
	EndProjectSection
EndProject
Project("{2150E333-8FDC-42A3-9474-1A3956D46DE8}") = "d3d11_2", "d3d11_2", "{CD484A42-0C12-473E-B084-68EB9C10D401}"
	ProjectSection(SolutionItems) = preProject
		generation\um\d3d11_2\generate.rsp = generation\um\d3d11_2\generate.rsp
		generation\um\d3d11_2\header.txt = generation\um\d3d11_2\header.txt
		generation\um\d3d11_2\um-d3d11_2.h = generation\um\d3d11_2\um-d3d11_2.h
	EndProjectSection
EndProject
Project("{2150E333-8FDC-42A3-9474-1A3956D46DE8}") = "d3d11_3", "d3d11_3", "{EAB815D2-DA56-4661-9F7E-55E38FF205A9}"
	ProjectSection(SolutionItems) = preProject
		generation\um\d3d11_3\generate.rsp = generation\um\d3d11_3\generate.rsp
		generation\um\d3d11_3\header.txt = generation\um\d3d11_3\header.txt
		generation\um\d3d11_3\um-d3d11_3.h = generation\um\d3d11_3\um-d3d11_3.h
	EndProjectSection
EndProject
Project("{2150E333-8FDC-42A3-9474-1A3956D46DE8}") = "d3d11_4", "d3d11_4", "{6381B008-24FA-43F6-AD66-30EBD25DC8CF}"
	ProjectSection(SolutionItems) = preProject
		generation\um\d3d11_4\generate.rsp = generation\um\d3d11_4\generate.rsp
		generation\um\d3d11_4\header.txt = generation\um\d3d11_4\header.txt
		generation\um\d3d11_4\um-d3d11_4.h = generation\um\d3d11_4\um-d3d11_4.h
	EndProjectSection
EndProject
Project("{2150E333-8FDC-42A3-9474-1A3956D46DE8}") = "d3d11on12", "d3d11on12", "{760D5A8A-0810-4C1A-A4F0-12982D8F38AA}"
	ProjectSection(SolutionItems) = preProject
		generation\um\d3d11on12\generate.rsp = generation\um\d3d11on12\generate.rsp
		generation\um\d3d11on12\header.txt = generation\um\d3d11on12\header.txt
		generation\um\d3d11on12\um-d3d11on12.h = generation\um\d3d11on12\um-d3d11on12.h
	EndProjectSection
EndProject
Project("{2150E333-8FDC-42A3-9474-1A3956D46DE8}") = "d3d11sdklayers", "d3d11sdklayers", "{9B109AFE-7566-44CC-BABB-E91EC6BA3EB0}"
	ProjectSection(SolutionItems) = preProject
		generation\um\d3d11sdklayers\generate.rsp = generation\um\d3d11sdklayers\generate.rsp
		generation\um\d3d11sdklayers\header.txt = generation\um\d3d11sdklayers\header.txt
		generation\um\d3d11sdklayers\um-d3d11sdklayers.h = generation\um\d3d11sdklayers\um-d3d11sdklayers.h
	EndProjectSection
EndProject
Project("{2150E333-8FDC-42A3-9474-1A3956D46DE8}") = "d3d11shader", "d3d11shader", "{A871F4B8-AC38-4393-B724-422654496AF0}"
	ProjectSection(SolutionItems) = preProject
		generation\um\d3d11shader\generate.rsp = generation\um\d3d11shader\generate.rsp
		generation\um\d3d11shader\header.txt = generation\um\d3d11shader\header.txt
		generation\um\d3d11shader\um-d3d11shader.h = generation\um\d3d11shader\um-d3d11shader.h
	EndProjectSection
EndProject
Project("{2150E333-8FDC-42A3-9474-1A3956D46DE8}") = "d3d11shadertracing", "d3d11shadertracing", "{1B60B7F5-0CAD-4A13-85C2-2BE7FD06665A}"
	ProjectSection(SolutionItems) = preProject
		generation\um\d3d11shadertracing\generate.rsp = generation\um\d3d11shadertracing\generate.rsp
		generation\um\d3d11shadertracing\header.txt = generation\um\d3d11shadertracing\header.txt
		generation\um\d3d11shadertracing\um-d3d11shadertracing.h = generation\um\d3d11shadertracing\um-d3d11shadertracing.h
	EndProjectSection
EndProject
Project("{2150E333-8FDC-42A3-9474-1A3956D46DE8}") = "d3d12", "d3d12", "{E39DBBA1-F5E9-453E-9475-EE95300CE502}"
	ProjectSection(SolutionItems) = preProject
		generation\um\d3d12\generate.rsp = generation\um\d3d12\generate.rsp
		generation\um\d3d12\header.txt = generation\um\d3d12\header.txt
		generation\um\d3d12\um-d3d12.h = generation\um\d3d12\um-d3d12.h
	EndProjectSection
EndProject
Project("{2150E333-8FDC-42A3-9474-1A3956D46DE8}") = "d3d12sdklayers", "d3d12sdklayers", "{6F7520F0-9CA7-4A23-A17E-77762DA10BA7}"
	ProjectSection(SolutionItems) = preProject
		generation\um\d3d12sdklayers\generate.rsp = generation\um\d3d12sdklayers\generate.rsp
		generation\um\d3d12sdklayers\header.txt = generation\um\d3d12sdklayers\header.txt
		generation\um\d3d12sdklayers\um-d3d12sdklayers.h = generation\um\d3d12sdklayers\um-d3d12sdklayers.h
	EndProjectSection
EndProject
Project("{2150E333-8FDC-42A3-9474-1A3956D46DE8}") = "d3d12shader", "d3d12shader", "{2463B9AF-56DB-4871-AEA5-19B3A30BFD1F}"
	ProjectSection(SolutionItems) = preProject
		generation\um\d3d12shader\generate.rsp = generation\um\d3d12shader\generate.rsp
		generation\um\d3d12shader\header.txt = generation\um\d3d12shader\header.txt
		generation\um\d3d12shader\um-d3d12shader.h = generation\um\d3d12shader\um-d3d12shader.h
	EndProjectSection
EndProject
Project("{2150E333-8FDC-42A3-9474-1A3956D46DE8}") = "d3d12video", "d3d12video", "{52B605C1-A287-4414-BA82-13A9BC64D644}"
	ProjectSection(SolutionItems) = preProject
		generation\um\d3d12video\generate.rsp = generation\um\d3d12video\generate.rsp
		generation\um\d3d12video\header.txt = generation\um\d3d12video\header.txt
		generation\um\d3d12video\um-d3d12video.h = generation\um\d3d12video\um-d3d12video.h
	EndProjectSection
EndProject
Project("{2150E333-8FDC-42A3-9474-1A3956D46DE8}") = "d3dcommon", "d3dcommon", "{E3186B8B-0517-439C-9BE5-61BF82800E5E}"
	ProjectSection(SolutionItems) = preProject
		generation\um\d3dcommon\generate.rsp = generation\um\d3dcommon\generate.rsp
		generation\um\d3dcommon\header.txt = generation\um\d3dcommon\header.txt
		generation\um\d3dcommon\um-d3dcommon.h = generation\um\d3dcommon\um-d3dcommon.h
	EndProjectSection
EndProject
Project("{2150E333-8FDC-42A3-9474-1A3956D46DE8}") = "d3dcompiler", "d3dcompiler", "{DE030AE1-665D-41D9-A64A-D9D9BC4E3484}"
	ProjectSection(SolutionItems) = preProject
		generation\um\d3dcompiler\generate.rsp = generation\um\d3dcompiler\generate.rsp
		generation\um\d3dcompiler\header.txt = generation\um\d3dcompiler\header.txt
		generation\um\d3dcompiler\um-d3dcompiler.h = generation\um\d3dcompiler\um-d3dcompiler.h
	EndProjectSection
EndProject
Project("{2150E333-8FDC-42A3-9474-1A3956D46DE8}") = "dcommon", "dcommon", "{67458011-CEA9-4383-87BC-60AF489D695F}"
	ProjectSection(SolutionItems) = preProject
		generation\um\dcommon\generate.rsp = generation\um\dcommon\generate.rsp
		generation\um\dcommon\header.txt = generation\um\dcommon\header.txt
		generation\um\dcommon\um-dcommon.h = generation\um\dcommon\um-dcommon.h
	EndProjectSection
EndProject
Project("{2150E333-8FDC-42A3-9474-1A3956D46DE8}") = "dwrite", "dwrite", "{76F117AB-8B46-4614-99A5-5D64AF304973}"
	ProjectSection(SolutionItems) = preProject
		generation\um\dwrite\generate.rsp = generation\um\dwrite\generate.rsp
		generation\um\dwrite\header.txt = generation\um\dwrite\header.txt
		generation\um\dwrite\um-dwrite.h = generation\um\dwrite\um-dwrite.h
	EndProjectSection
EndProject
Project("{2150E333-8FDC-42A3-9474-1A3956D46DE8}") = "dwrite_1", "dwrite_1", "{9EF3BB14-04ED-4642-9281-B4744426129C}"
	ProjectSection(SolutionItems) = preProject
		generation\um\dwrite_1\generate.rsp = generation\um\dwrite_1\generate.rsp
		generation\um\dwrite_1\header.txt = generation\um\dwrite_1\header.txt
		generation\um\dwrite_1\um-dwrite_1.h = generation\um\dwrite_1\um-dwrite_1.h
	EndProjectSection
EndProject
Project("{2150E333-8FDC-42A3-9474-1A3956D46DE8}") = "dwrite_2", "dwrite_2", "{F21745DB-8D42-462D-A683-E1E44A060389}"
	ProjectSection(SolutionItems) = preProject
		generation\um\dwrite_2\generate.rsp = generation\um\dwrite_2\generate.rsp
		generation\um\dwrite_2\header.txt = generation\um\dwrite_2\header.txt
		generation\um\dwrite_2\um-dwrite_2.h = generation\um\dwrite_2\um-dwrite_2.h
	EndProjectSection
EndProject
Project("{2150E333-8FDC-42A3-9474-1A3956D46DE8}") = "dwrite_3", "dwrite_3", "{58433F10-9D25-4E1E-B472-EE3CC0FA9967}"
	ProjectSection(SolutionItems) = preProject
		generation\um\dwrite_3\generate.rsp = generation\um\dwrite_3\generate.rsp
		generation\um\dwrite_3\header.txt = generation\um\dwrite_3\header.txt
		generation\um\dwrite_3\um-dwrite_3.h = generation\um\dwrite_3\um-dwrite_3.h
	EndProjectSection
EndProject
Project("{2150E333-8FDC-42A3-9474-1A3956D46DE8}") = "dxgidebug", "dxgidebug", "{9983F062-7D44-4A3B-99B9-246E8E279B9C}"
	ProjectSection(SolutionItems) = preProject
		generation\um\dxgidebug\generate.rsp = generation\um\dxgidebug\generate.rsp
		generation\um\dxgidebug\header.txt = generation\um\dxgidebug\header.txt
		generation\um\dxgidebug\um-dxgidebug.h = generation\um\dxgidebug\um-dxgidebug.h
	EndProjectSection
EndProject
Project("{2150E333-8FDC-42A3-9474-1A3956D46DE8}") = "DXGIMessages", "DXGIMessages", "{8C9D5EA5-DB96-4900-9CFA-2E34C2238868}"
	ProjectSection(SolutionItems) = preProject
		generation\um\DXGIMessages\generate.rsp = generation\um\DXGIMessages\generate.rsp
		generation\um\DXGIMessages\header.txt = generation\um\DXGIMessages\header.txt
		generation\um\DXGIMessages\um-DXGIMessages.h = generation\um\DXGIMessages\um-DXGIMessages.h
	EndProjectSection
EndProject
Project("{2150E333-8FDC-42A3-9474-1A3956D46DE8}") = "handleapi", "handleapi", "{9EE9BB6F-0387-4450-B6EF-A58008E69169}"
	ProjectSection(SolutionItems) = preProject
		generation\um\handleapi\generate.rsp = generation\um\handleapi\generate.rsp
		generation\um\handleapi\header.txt = generation\um\handleapi\header.txt
		generation\um\handleapi\um-handleapi.h = generation\um\handleapi\um-handleapi.h
	EndProjectSection
EndProject
Project("{2150E333-8FDC-42A3-9474-1A3956D46DE8}") = "heapapi", "heapapi", "{A81407E5-C3A9-45FA-BF70-148840B975E5}"
	ProjectSection(SolutionItems) = preProject
		generation\um\heapapi\generate.rsp = generation\um\heapapi\generate.rsp
		generation\um\heapapi\header.txt = generation\um\heapapi\header.txt
		generation\um\heapapi\um-heapapi.h = generation\um\heapapi\um-heapapi.h
	EndProjectSection
EndProject
Project("{2150E333-8FDC-42A3-9474-1A3956D46DE8}") = "libloaderapi", "libloaderapi", "{2DEAA573-56ED-452F-95E0-EB997592C972}"
	ProjectSection(SolutionItems) = preProject
		generation\um\libloaderapi\generate.rsp = generation\um\libloaderapi\generate.rsp
		generation\um\libloaderapi\header.txt = generation\um\libloaderapi\header.txt
		generation\um\libloaderapi\um-libloaderapi.h = generation\um\libloaderapi\um-libloaderapi.h
	EndProjectSection
EndProject
Project("{2150E333-8FDC-42A3-9474-1A3956D46DE8}") = "profileapi", "profileapi", "{48DA0623-BEB9-4BF3-B3BE-490FA85A9A0C}"
	ProjectSection(SolutionItems) = preProject
		generation\um\profileapi\generate.rsp = generation\um\profileapi\generate.rsp
		generation\um\profileapi\header.txt = generation\um\profileapi\header.txt
		generation\um\profileapi\um-profileapi.h = generation\um\profileapi\um-profileapi.h
	EndProjectSection
EndProject
Project("{2150E333-8FDC-42A3-9474-1A3956D46DE8}") = "synchapi", "synchapi", "{45B40D25-2FB7-4AB5-9EF7-1F5AFC97E40B}"
	ProjectSection(SolutionItems) = preProject
		generation\um\synchapi\generate.rsp = generation\um\synchapi\generate.rsp
		generation\um\synchapi\header.txt = generation\um\synchapi\header.txt
		generation\um\synchapi\um-synchapi.h = generation\um\synchapi\um-synchapi.h
	EndProjectSection
EndProject
Project("{2150E333-8FDC-42A3-9474-1A3956D46DE8}") = "wincodec", "wincodec", "{C0B34C98-1624-453B-98F7-EC313DB05ECF}"
	ProjectSection(SolutionItems) = preProject
		generation\um\wincodec\generate.rsp = generation\um\wincodec\generate.rsp
		generation\um\wincodec\header.txt = generation\um\wincodec\header.txt
		generation\um\wincodec\um-wincodec.h = generation\um\wincodec\um-wincodec.h
	EndProjectSection
EndProject
Project("{2150E333-8FDC-42A3-9474-1A3956D46DE8}") = "wincodecsdk", "wincodecsdk", "{3F55BFA9-5AEE-41CF-9EB1-E395B1B7CDC1}"
	ProjectSection(SolutionItems) = preProject
		generation\um\wincodecsdk\generate.rsp = generation\um\wincodecsdk\generate.rsp
		generation\um\wincodecsdk\header.txt = generation\um\wincodecsdk\header.txt
		generation\um\wincodecsdk\um-wincodecsdk.h = generation\um\wincodecsdk\um-wincodecsdk.h
	EndProjectSection
EndProject
Project("{2150E333-8FDC-42A3-9474-1A3956D46DE8}") = "wingdi", "wingdi", "{63E40D39-F1AB-4B4B-A9D3-DB17172332A3}"
	ProjectSection(SolutionItems) = preProject
		generation\um\wingdi\generate.rsp = generation\um\wingdi\generate.rsp
		generation\um\wingdi\header.txt = generation\um\wingdi\header.txt
		generation\um\wingdi\um-wingdi.h = generation\um\wingdi\um-wingdi.h
	EndProjectSection
EndProject
Project("{2150E333-8FDC-42A3-9474-1A3956D46DE8}") = "WinUser", "WinUser", "{E2ADCD01-C759-4103-98C5-5C5B980D53B0}"
	ProjectSection(SolutionItems) = preProject
		generation\um\WinUser\generate.rsp = generation\um\WinUser\generate.rsp
		generation\um\WinUser\header.txt = generation\um\WinUser\header.txt
		generation\um\WinUser\um-WinUser.h = generation\um\WinUser\um-WinUser.h
	EndProjectSection
EndProject
Project("{2150E333-8FDC-42A3-9474-1A3956D46DE8}") = "samples", "samples", "{1054E499-981F-4EFA-855B-EC6FA604C6FB}"
	ProjectSection(SolutionItems) = preProject
		samples\Directory.Build.props = samples\Directory.Build.props
		samples\Directory.Build.targets = samples\Directory.Build.targets
	EndProjectSection
EndProject
Project("{2150E333-8FDC-42A3-9474-1A3956D46DE8}") = "DirectX", "DirectX", "{058D8853-1B5A-4AB0-AC39-80D4C1E802D6}"
EndProject
Project("{9A19103F-16F7-4668-BE54-9A1E7A4F7556}") = "TerraFX.Samples.DirectX", "samples\DirectX\TerraFX.Samples.DirectX.csproj", "{4D7EE8D8-9A02-43D4-8D7A-15E734E4D9AA}"
EndProject
Project("{2150E333-8FDC-42A3-9474-1A3956D46DE8}") = "sources", "sources", "{0B821858-8E47-4485-AC06-D2E971A53EB2}"
	ProjectSection(SolutionItems) = preProject
		sources\Directory.Build.props = sources\Directory.Build.props
		sources\Directory.Build.targets = sources\Directory.Build.targets
	EndProjectSection
EndProject
Project("{2150E333-8FDC-42A3-9474-1A3956D46DE8}") = "Interop", "Interop", "{70FBCFD9-B96E-4E72-B35C-681D9B2DA3D6}"
	ProjectSection(SolutionItems) = preProject
		sources\Interop\.editorconfig = sources\Interop\.editorconfig
	EndProjectSection
EndProject
Project("{2150E333-8FDC-42A3-9474-1A3956D46DE8}") = "Windows", "Windows", "{70B9DF97-05BA-4BF3-A945-60DF431235E0}"
EndProject
Project("{9A19103F-16F7-4668-BE54-9A1E7A4F7556}") = "TerraFX.Interop.Windows", "sources\Interop\Windows\TerraFX.Interop.Windows.csproj", "{6AB1F14A-F6F7-4B43-85C8-1C9703A0A1B8}"
EndProject
Project("{2150E333-8FDC-42A3-9474-1A3956D46DE8}") = "tests", "tests", "{EFB05081-EC44-49D3-B6D1-52AE42085B5B}"
	ProjectSection(SolutionItems) = preProject
		tests\Directory.Build.props = tests\Directory.Build.props
		tests\Directory.Build.targets = tests\Directory.Build.targets
	EndProjectSection
EndProject
Project("{2150E333-8FDC-42A3-9474-1A3956D46DE8}") = "Interop", "Interop", "{7E31C739-2787-44ED-8304-7EFCEE1A2B2C}"
EndProject
Project("{2150E333-8FDC-42A3-9474-1A3956D46DE8}") = "Windows", "Windows", "{83A9C646-8419-4C1C-886C-5340C90A7D5B}"
EndProject
Project("{9A19103F-16F7-4668-BE54-9A1E7A4F7556}") = "TerraFX.Interop.Windows.UnitTests", "tests\Interop\Windows\TerraFX.Interop.Windows.UnitTests.csproj", "{37ACC069-F0C9-4DC3-8E13-12C61ACF269D}"
EndProject
Project("{2150E333-8FDC-42A3-9474-1A3956D46DE8}") = "scripts", "scripts", "{48E1F49D-7103-4DE6-9F69-915183B85095}"
	ProjectSection(SolutionItems) = preProject
		scripts\azure-ci.yml = scripts\azure-ci.yml
		scripts\azure-pipelines.yml = scripts\azure-pipelines.yml
		scripts\azure-pr.yml = scripts\azure-pr.yml
		scripts\azure-unix.yml = scripts\azure-unix.yml
		scripts\azure-windows.yml = scripts\azure-windows.yml
		scripts\build.ps1 = scripts\build.ps1
		scripts\build.sh = scripts\build.sh
		scripts\cibuild.cmd = scripts\cibuild.cmd
		scripts\cibuild.sh = scripts\cibuild.sh
	EndProjectSection
EndProject
Project("{2150E333-8FDC-42A3-9474-1A3956D46DE8}") = "Xinput", "Xinput", "{F54C5855-9C8D-4EDF-BFC8-41F2E46DBE3C}"
	ProjectSection(SolutionItems) = preProject
		generation\um\Xinput\generate.rsp = generation\um\Xinput\generate.rsp
		generation\um\Xinput\header.txt = generation\um\Xinput\header.txt
		generation\um\Xinput\um-Xinput.h = generation\um\Xinput\um-Xinput.h
	EndProjectSection
EndProject
Project("{2150E333-8FDC-42A3-9474-1A3956D46DE8}") = "combaseapi", "combaseapi", "{1A62D4BF-8828-434B-98EA-23B1F1AEDDDD}"
	ProjectSection(SolutionItems) = preProject
		generation\um\combaseapi\generate.rsp = generation\um\combaseapi\generate.rsp
		generation\um\combaseapi\header.txt = generation\um\combaseapi\header.txt
		generation\um\combaseapi\um-combaseapi.h = generation\um\combaseapi\um-combaseapi.h
	EndProjectSection
EndProject
Project("{2150E333-8FDC-42A3-9474-1A3956D46DE8}") = "ObjIdlbase", "ObjIdlbase", "{325F3936-6CD2-4395-BD7C-972A2B75A0DD}"
	ProjectSection(SolutionItems) = preProject
		generation\um\ObjIdlbase\generate.rsp = generation\um\ObjIdlbase\generate.rsp
		generation\um\ObjIdlbase\header.txt = generation\um\ObjIdlbase\header.txt
		generation\um\ObjIdlbase\um-ObjIdlbase.h = generation\um\ObjIdlbase\um-ObjIdlbase.h
	EndProjectSection
EndProject
Project("{2150E333-8FDC-42A3-9474-1A3956D46DE8}") = "SoftPub", "SoftPub", "{3D9A2652-972F-48E3-BFC3-25D3DAB2730D}"
	ProjectSection(SolutionItems) = preProject
		generation\um\SoftPub\generate.rsp = generation\um\SoftPub\generate.rsp
		generation\um\SoftPub\header.txt = generation\um\SoftPub\header.txt
		generation\um\SoftPub\um-SoftPub.h = generation\um\SoftPub\um-SoftPub.h
	EndProjectSection
EndProject
Project("{2150E333-8FDC-42A3-9474-1A3956D46DE8}") = "WinTrust", "WinTrust", "{806E005D-A8C4-41A7-AE4E-292CB96C1C59}"
	ProjectSection(SolutionItems) = preProject
		generation\um\WinTrust\generate.rsp = generation\um\WinTrust\generate.rsp
		generation\um\WinTrust\header.txt = generation\um\WinTrust\header.txt
		generation\um\WinTrust\um-WinTrust.h = generation\um\WinTrust\um-WinTrust.h
	EndProjectSection
EndProject
Project("{2150E333-8FDC-42A3-9474-1A3956D46DE8}") = "wincrypt", "wincrypt", "{3E9056CE-8852-4DE8-AC76-182401F7EBD1}"
	ProjectSection(SolutionItems) = preProject
		generation\um\wincrypt\generate.rsp = generation\um\wincrypt\generate.rsp
		generation\um\wincrypt\header.txt = generation\um\wincrypt\header.txt
		generation\um\wincrypt\um-wincrypt.h = generation\um\wincrypt\um-wincrypt.h
	EndProjectSection
EndProject
Project("{2150E333-8FDC-42A3-9474-1A3956D46DE8}") = "mssip", "mssip", "{CB299971-15C7-4F00-9329-D8B3AAE2227E}"
	ProjectSection(SolutionItems) = preProject
		generation\um\mssip\generate.rsp = generation\um\mssip\generate.rsp
		generation\um\mssip\header.txt = generation\um\mssip\header.txt
		generation\um\mssip\um-mssip.h = generation\um\mssip\um-mssip.h
	EndProjectSection
EndProject
Project("{2150E333-8FDC-42A3-9474-1A3956D46DE8}") = "devpropdef", "devpropdef", "{CC18071D-937E-4926-A408-E42AA688ED1D}"
	ProjectSection(SolutionItems) = preProject
		generation\shared\devpropdef\generate.rsp = generation\shared\devpropdef\generate.rsp
		generation\shared\devpropdef\header.txt = generation\shared\devpropdef\header.txt
		generation\shared\devpropdef\shared-devpropdef.h = generation\shared\devpropdef\shared-devpropdef.h
	EndProjectSection
EndProject
Project("{2150E333-8FDC-42A3-9474-1A3956D46DE8}") = "hidclass", "hidclass", "{C1771110-6F35-43EA-96C3-83534A629A9D}"
	ProjectSection(SolutionItems) = preProject
		generation\shared\hidclass\generate.rsp = generation\shared\hidclass\generate.rsp
		generation\shared\hidclass\header.txt = generation\shared\hidclass\header.txt
		generation\shared\hidclass\shared-hidclass.h = generation\shared\hidclass\shared-hidclass.h
	EndProjectSection
EndProject
Project("{2150E333-8FDC-42A3-9474-1A3956D46DE8}") = "hidpi", "hidpi", "{08F0E7CA-01E5-4737-940B-DD6DAE133740}"
	ProjectSection(SolutionItems) = preProject
		generation\shared\hidpi\generate.rsp = generation\shared\hidpi\generate.rsp
		generation\shared\hidpi\header.txt = generation\shared\hidpi\header.txt
		generation\shared\hidpi\shared-hidpi.h = generation\shared\hidpi\shared-hidpi.h
	EndProjectSection
EndProject
Project("{2150E333-8FDC-42A3-9474-1A3956D46DE8}") = "hidsdi", "hidsdi", "{05EC2C2B-8E6F-44E0-BDF0-024DAB73287C}"
	ProjectSection(SolutionItems) = preProject
		generation\shared\hidsdi\generate.rsp = generation\shared\hidsdi\generate.rsp
		generation\shared\hidsdi\header.txt = generation\shared\hidsdi\header.txt
		generation\shared\hidsdi\shared-hidsdi.h = generation\shared\hidsdi\shared-hidsdi.h
	EndProjectSection
EndProject
Project("{2150E333-8FDC-42A3-9474-1A3956D46DE8}") = "fileapi", "fileapi", "{E3401D8D-4F48-4E6C-9000-F0014E307F31}"
	ProjectSection(SolutionItems) = preProject
		generation\um\fileapi\generate.rsp = generation\um\fileapi\generate.rsp
		generation\um\fileapi\header.txt = generation\um\fileapi\header.txt
		generation\um\fileapi\um-fileapi.h = generation\um\fileapi\um-fileapi.h
	EndProjectSection
EndProject
Project("{2150E333-8FDC-42A3-9474-1A3956D46DE8}") = "ioapiset", "ioapiset", "{CA05BC3B-5880-4AD8-A608-EF21B012B71C}"
	ProjectSection(SolutionItems) = preProject
		generation\um\ioapiset\generate.rsp = generation\um\ioapiset\generate.rsp
		generation\um\ioapiset\header.txt = generation\um\ioapiset\header.txt
		generation\um\ioapiset\um-ioapiset.h = generation\um\ioapiset\um-ioapiset.h
	EndProjectSection
EndProject
Project("{2150E333-8FDC-42A3-9474-1A3956D46DE8}") = "minwinbase", "minwinbase", "{C41B4612-C153-4463-943A-8E1287444BA2}"
	ProjectSection(SolutionItems) = preProject
		generation\um\minwinbase\generate.rsp = generation\um\minwinbase\generate.rsp
		generation\um\minwinbase\header.txt = generation\um\minwinbase\header.txt
		generation\um\minwinbase\um-minwinbase.h = generation\um\minwinbase\um-minwinbase.h
	EndProjectSection
EndProject
Project("{2150E333-8FDC-42A3-9474-1A3956D46DE8}") = "prsht", "prsht", "{E9E933E4-E296-41A5-BE9A-9F7776323EBF}"
	ProjectSection(SolutionItems) = preProject
		generation\um\prsht\generate.rsp = generation\um\prsht\generate.rsp
		generation\um\prsht\header.txt = generation\um\prsht\header.txt
		generation\um\prsht\um-prsht.h = generation\um\prsht\um-prsht.h
	EndProjectSection
EndProject
Project("{2150E333-8FDC-42A3-9474-1A3956D46DE8}") = "SetupAPI", "SetupAPI", "{B5F08105-B865-458D-ADED-C36B83269EB1}"
	ProjectSection(SolutionItems) = preProject
		generation\um\SetupAPI\generate.rsp = generation\um\SetupAPI\generate.rsp
		generation\um\SetupAPI\header.txt = generation\um\SetupAPI\header.txt
		generation\um\SetupAPI\um-SetupAPI.h = generation\um\SetupAPI\um-SetupAPI.h
	EndProjectSection
EndProject
Project("{2150E333-8FDC-42A3-9474-1A3956D46DE8}") = "sysinfoapi", "sysinfoapi", "{125B08C4-44AF-4C52-BB37-E1166FD29F9E}"
	ProjectSection(SolutionItems) = preProject
		generation\um\sysinfoapi\generate.rsp = generation\um\sysinfoapi\generate.rsp
		generation\um\sysinfoapi\header.txt = generation\um\sysinfoapi\header.txt
		generation\um\sysinfoapi\um-sysinfoapi.h = generation\um\sysinfoapi\um-sysinfoapi.h
	EndProjectSection
EndProject
Project("{2150E333-8FDC-42A3-9474-1A3956D46DE8}") = "winnt", "winnt", "{D1289E55-9845-48F4-A7A0-7D6CAC08023F}"
	ProjectSection(SolutionItems) = preProject
		generation\um\winnt\generate.rsp = generation\um\winnt\generate.rsp
		generation\um\winnt\header.txt = generation\um\winnt\header.txt
		generation\um\winnt\um-winnt.h = generation\um\winnt\um-winnt.h
	EndProjectSection
EndProject
Project("{2150E333-8FDC-42A3-9474-1A3956D46DE8}") = "processthreadsapi", "processthreadsapi", "{448C0916-2B9C-4008-B1C8-FE82B7FE4684}"
	ProjectSection(SolutionItems) = preProject
		generation\um\processthreadsapi\generate.rsp = generation\um\processthreadsapi\generate.rsp
		generation\um\processthreadsapi\header.txt = generation\um\processthreadsapi\header.txt
		generation\um\processthreadsapi\um-processthreadsapi.h = generation\um\processthreadsapi\um-processthreadsapi.h
	EndProjectSection
EndProject
Project("{2150E333-8FDC-42A3-9474-1A3956D46DE8}") = "WinBase", "WinBase", "{D6EFD0AD-6DC8-463E-A5AF-9DFBB825ACDF}"
	ProjectSection(SolutionItems) = preProject
		generation\um\WinBase\generate.rsp = generation\um\WinBase\generate.rsp
		generation\um\WinBase\header.txt = generation\um\WinBase\header.txt
		generation\um\WinBase\um-WinBase.h = generation\um\WinBase\um-WinBase.h
	EndProjectSection
EndProject
Project("{2150E333-8FDC-42A3-9474-1A3956D46DE8}") = "securitybaseapi", "securitybaseapi", "{8D3A1E72-CEB3-4856-A9E6-2169627BA05E}"
	ProjectSection(SolutionItems) = preProject
		generation\um\securitybaseapi\generate.rsp = generation\um\securitybaseapi\generate.rsp
		generation\um\securitybaseapi\header.txt = generation\um\securitybaseapi\header.txt
		generation\um\securitybaseapi\um-securitybaseapi.h = generation\um\securitybaseapi\um-securitybaseapi.h
	EndProjectSection
EndProject
Project("{2150E333-8FDC-42A3-9474-1A3956D46DE8}") = "minwindef", "minwindef", "{8D278EB6-4EA8-4253-9C75-3FDBBC502FB8}"
	ProjectSection(SolutionItems) = preProject
		generation\shared\minwindef\generate.rsp = generation\shared\minwindef\generate.rsp
		generation\shared\minwindef\header.txt = generation\shared\minwindef\header.txt
		generation\shared\minwindef\shared-minwindef.h = generation\shared\minwindef\shared-minwindef.h
	EndProjectSection
EndProject
Project("{2150E333-8FDC-42A3-9474-1A3956D46DE8}") = "windef", "windef", "{9C82C4BB-1D52-485F-AE59-8CC347753A8C}"
	ProjectSection(SolutionItems) = preProject
		generation\shared\windef\generate.rsp = generation\shared\windef\generate.rsp
		generation\shared\windef\header.txt = generation\shared\windef\header.txt
		generation\shared\windef\shared-windef.h = generation\shared\windef\shared-windef.h
	EndProjectSection
EndProject
Project("{2150E333-8FDC-42A3-9474-1A3956D46DE8}") = "hidusage", "hidusage", "{70E2740C-8582-4522-9DB8-F0AAF4222CB0}"
	ProjectSection(SolutionItems) = preProject
		generation\shared\hidusage\generate.rsp = generation\shared\hidusage\generate.rsp
		generation\shared\hidusage\header.txt = generation\shared\hidusage\header.txt
		generation\shared\hidusage\shared-hidusage.h = generation\shared\hidusage\shared-hidusage.h
	EndProjectSection
EndProject
Project("{2150E333-8FDC-42A3-9474-1A3956D46DE8}") = "intsafe", "intsafe", "{E3052240-0386-4984-8562-DC906A171B9A}"
	ProjectSection(SolutionItems) = preProject
		generation\shared\intsafe\generate.rsp = generation\shared\intsafe\generate.rsp
		generation\shared\intsafe\header.txt = generation\shared\intsafe\header.txt
		generation\shared\intsafe\shared-intsafe.h = generation\shared\intsafe\shared-intsafe.h
	EndProjectSection
EndProject
Project("{2150E333-8FDC-42A3-9474-1A3956D46DE8}") = "winerror", "winerror", "{F23F8885-BCAE-4520-99DF-F0D00D96F934}"
	ProjectSection(SolutionItems) = preProject
		generation\shared\winerror\generate.rsp = generation\shared\winerror\generate.rsp
		generation\shared\winerror\header.txt = generation\shared\winerror\header.txt
		generation\shared\winerror\shared-winerror.h = generation\shared\winerror\shared-winerror.h
	EndProjectSection
EndProject
Project("{2150E333-8FDC-42A3-9474-1A3956D46DE8}") = "winioctl", "winioctl", "{EAC155AF-13A3-404C-A0D6-4BB3754DB357}"
	ProjectSection(SolutionItems) = preProject
		generation\shared\winioctl\generate.rsp = generation\shared\winioctl\generate.rsp
		generation\shared\winioctl\header.txt = generation\shared\winioctl\header.txt
		generation\shared\winioctl\shared-winioctl.h = generation\shared\winioctl\shared-winioctl.h
	EndProjectSection
EndProject
Project("{2150E333-8FDC-42A3-9474-1A3956D46DE8}") = "wtypes", "wtypes", "{7303F50F-3042-406D-9659-670BA4BDAFF3}"
	ProjectSection(SolutionItems) = preProject
		generation\shared\wtypes\generate.rsp = generation\shared\wtypes\generate.rsp
		generation\shared\wtypes\header.txt = generation\shared\wtypes\header.txt
		generation\shared\wtypes\shared-wtypes.h = generation\shared\wtypes\shared-wtypes.h
	EndProjectSection
EndProject
Project("{2150E333-8FDC-42A3-9474-1A3956D46DE8}") = "wtypesbase", "wtypesbase", "{5A59FFC1-BE87-45A2-A8A7-B6FE1BCED271}"
	ProjectSection(SolutionItems) = preProject
		generation\shared\wtypesbase\generate.rsp = generation\shared\wtypesbase\generate.rsp
		generation\shared\wtypesbase\header.txt = generation\shared\wtypesbase\header.txt
		generation\shared\wtypesbase\shared-wtypesbase.h = generation\shared\wtypesbase\shared-wtypesbase.h
	EndProjectSection
EndProject
Project("{2150E333-8FDC-42A3-9474-1A3956D46DE8}") = "documenttarget", "documenttarget", "{6FE54E38-7148-410E-B705-DBD1DEADB289}"
	ProjectSection(SolutionItems) = preProject
		generation\um\documenttarget\generate.rsp = generation\um\documenttarget\generate.rsp
		generation\um\documenttarget\header.txt = generation\um\documenttarget\header.txt
		generation\um\documenttarget\um-documenttarget.h = generation\um\documenttarget\um-documenttarget.h
	EndProjectSection
EndProject
Project("{2150E333-8FDC-42A3-9474-1A3956D46DE8}") = "OAIdl", "OAIdl", "{388063B8-ADB3-4247-AB55-575151D6171E}"
	ProjectSection(SolutionItems) = preProject
		generation\um\OAIdl\generate.rsp = generation\um\OAIdl\generate.rsp
		generation\um\OAIdl\header.txt = generation\um\OAIdl\header.txt
		generation\um\OAIdl\um-OAIdl.h = generation\um\OAIdl\um-OAIdl.h
	EndProjectSection
EndProject
Project("{2150E333-8FDC-42A3-9474-1A3956D46DE8}") = "OCIdl", "OCIdl", "{54243AB4-DCF7-4557-B3D7-31FF74DD8367}"
	ProjectSection(SolutionItems) = preProject
		generation\um\OCIdl\generate.rsp = generation\um\OCIdl\generate.rsp
		generation\um\OCIdl\header.txt = generation\um\OCIdl\header.txt
		generation\um\OCIdl\um-OCIdl.h = generation\um\OCIdl\um-OCIdl.h
	EndProjectSection
EndProject
Project("{2150E333-8FDC-42A3-9474-1A3956D46DE8}") = "ObjIdl", "ObjIdl", "{F191637A-421E-4826-A26E-DE73ACE93494}"
	ProjectSection(SolutionItems) = preProject
		generation\um\ObjIdl\generate.rsp = generation\um\ObjIdl\generate.rsp
		generation\um\ObjIdl\header.txt = generation\um\ObjIdl\header.txt
		generation\um\ObjIdl\um-ObjIdl.h = generation\um\ObjIdl\um-ObjIdl.h
	EndProjectSection
EndProject
Project("{2150E333-8FDC-42A3-9474-1A3956D46DE8}") = "ntstatus", "ntstatus", "{274AC85C-C366-4770-8822-277548199E27}"
	ProjectSection(SolutionItems) = preProject
		generation\um\ntstatus\generate.rsp = generation\um\ntstatus\generate.rsp
		generation\um\ntstatus\header.txt = generation\um\ntstatus\header.txt
		generation\um\ntstatus\um-ntstatus.h = generation\um\ntstatus\um-ntstatus.h
	EndProjectSection
EndProject
Project("{2150E333-8FDC-42A3-9474-1A3956D46DE8}") = "Unknwnbase", "Unknwnbase", "{ACB478FC-1728-4302-ABFE-F3AEBE6C207E}"
	ProjectSection(SolutionItems) = preProject
		generation\um\Unknwnbase\generate.rsp = generation\um\Unknwnbase\generate.rsp
		generation\um\Unknwnbase\header.txt = generation\um\Unknwnbase\header.txt
		generation\um\Unknwnbase\um-Unknwnbase.h = generation\um\Unknwnbase\um-Unknwnbase.h
	EndProjectSection
EndProject
Project("{2150E333-8FDC-42A3-9474-1A3956D46DE8}") = "oleidl", "oleidl", "{E3D36D88-D550-40DF-80F7-01036FE8F684}"
	ProjectSection(SolutionItems) = preProject
		generation\um\oleidl\generate.rsp = generation\um\oleidl\generate.rsp
		generation\um\oleidl\header.txt = generation\um\oleidl\header.txt
		generation\um\oleidl\um-oleidl.h = generation\um\oleidl\um-oleidl.h
	EndProjectSection
EndProject
Project("{2150E333-8FDC-42A3-9474-1A3956D46DE8}") = "PropIdlBase", "PropIdlBase", "{811E51D3-DBA8-4988-A365-9E801DD3DAD5}"
	ProjectSection(SolutionItems) = preProject
		generation\um\PropIdlBase\generate.rsp = generation\um\PropIdlBase\generate.rsp
		generation\um\PropIdlBase\header.txt = generation\um\PropIdlBase\header.txt
		generation\um\PropIdlBase\um-PropIdlBase.h = generation\um\PropIdlBase\um-PropIdlBase.h
	EndProjectSection
EndProject
Project("{2150E333-8FDC-42A3-9474-1A3956D46DE8}") = "urlmon", "urlmon", "{6F88379B-A1EC-4BEC-920C-0743822F8493}"
	ProjectSection(SolutionItems) = preProject
		generation\um\urlmon\generate.rsp = generation\um\urlmon\generate.rsp
		generation\um\urlmon\header.txt = generation\um\urlmon\header.txt
		generation\um\urlmon\um-urlmon.h = generation\um\urlmon\um-urlmon.h
	EndProjectSection
EndProject
Project("{2150E333-8FDC-42A3-9474-1A3956D46DE8}") = "servprov", "servprov", "{70A02165-57BB-48DC-A6C5-B93E253CD3BE}"
	ProjectSection(SolutionItems) = preProject
		generation\um\servprov\generate.rsp = generation\um\servprov\generate.rsp
		generation\um\servprov\header.txt = generation\um\servprov\header.txt
		generation\um\servprov\um-servprov.h = generation\um\servprov\um-servprov.h
	EndProjectSection
EndProject
Project("{2150E333-8FDC-42A3-9474-1A3956D46DE8}") = "msxml", "msxml", "{5653F94C-B8A1-4B7E-8226-34813ECA01C0}"
	ProjectSection(SolutionItems) = preProject
		generation\um\msxml\generate.rsp = generation\um\msxml\generate.rsp
		generation\um\msxml\header.txt = generation\um\msxml\header.txt
		generation\um\msxml\um-msxml.h = generation\um\msxml\um-msxml.h
	EndProjectSection
EndProject
Project("{2150E333-8FDC-42A3-9474-1A3956D46DE8}") = "D2DErr", "D2DErr", "{C51AED35-0089-4BDE-842F-5390F69BE055}"
	ProjectSection(SolutionItems) = preProject
		generation\um\D2DErr\generate.rsp = generation\um\D2DErr\generate.rsp
		generation\um\D2DErr\header.txt = generation\um\D2DErr\header.txt
		generation\um\D2DErr\um-D2DErr.h = generation\um\D2DErr\um-D2DErr.h
	EndProjectSection
EndProject
Project("{2150E333-8FDC-42A3-9474-1A3956D46DE8}") = "dxcapi", "dxcapi", "{CB8001DB-06E1-4391-B9DC-4C163DD343B6}"
	ProjectSection(SolutionItems) = preProject
		generation\um\dxcapi\generate.rsp = generation\um\dxcapi\generate.rsp
		generation\um\dxcapi\header.txt = generation\um\dxcapi\header.txt
		generation\um\dxcapi\um-dxcapi.h = generation\um\dxcapi\um-dxcapi.h
	EndProjectSection
EndProject
Project("{2150E333-8FDC-42A3-9474-1A3956D46DE8}") = "dxcore", "dxcore", "{4F134A2D-BBD7-4105-9D1E-18961D8D6600}"
	ProjectSection(SolutionItems) = preProject
		generation\um\dxcore\generate.rsp = generation\um\dxcore\generate.rsp
		generation\um\dxcore\header.txt = generation\um\dxcore\header.txt
		generation\um\dxcore\um-dxcore.h = generation\um\dxcore\um-dxcore.h
	EndProjectSection
EndProject
Project("{2150E333-8FDC-42A3-9474-1A3956D46DE8}") = "dxcore_interface", "dxcore_interface", "{B5B39F76-5BDC-400C-94B9-73DE33D8E3CF}"
	ProjectSection(SolutionItems) = preProject
		generation\um\dxcore_interface\generate.rsp = generation\um\dxcore_interface\generate.rsp
		generation\um\dxcore_interface\header.txt = generation\um\dxcore_interface\header.txt
		generation\um\dxcore_interface\um-dxcore_interface.h = generation\um\dxcore_interface\um-dxcore_interface.h
	EndProjectSection
EndProject
Project("{2150E333-8FDC-42A3-9474-1A3956D46DE8}") = "dcomptypes", "dcomptypes", "{A91EFD53-A552-4410-9549-19F57E02E95A}"
	ProjectSection(SolutionItems) = preProject
		generation\shared\dcomptypes\generate.rsp = generation\shared\dcomptypes\generate.rsp
		generation\shared\dcomptypes\header.txt = generation\shared\dcomptypes\header.txt
		generation\shared\dcomptypes\shared-dcomptypes.h = generation\shared\dcomptypes\shared-dcomptypes.h
	EndProjectSection
EndProject
Project("{2150E333-8FDC-42A3-9474-1A3956D46DE8}") = "dcomp", "dcomp", "{B05F9DF2-502C-49DE-B50D-B0A60736004B}"
	ProjectSection(SolutionItems) = preProject
		generation\um\dcomp\generate.rsp = generation\um\dcomp\generate.rsp
		generation\um\dcomp\header.txt = generation\um\dcomp\header.txt
		generation\um\dcomp\um-dcomp.h = generation\um\dcomp\um-dcomp.h
	EndProjectSection
EndProject
Project("{2150E333-8FDC-42A3-9474-1A3956D46DE8}") = "dcompanimation", "dcompanimation", "{EC83F1EF-197E-48E8-8726-9805EC8CFBE3}"
	ProjectSection(SolutionItems) = preProject
		generation\um\dcompanimation\generate.rsp = generation\um\dcompanimation\generate.rsp
		generation\um\dcompanimation\header.txt = generation\um\dcompanimation\header.txt
		generation\um\dcompanimation\um-dcompanimation.h = generation\um\dcompanimation\um-dcompanimation.h
	EndProjectSection
EndProject
Project("{2150E333-8FDC-42A3-9474-1A3956D46DE8}") = "xaudio2", "xaudio2", "{EF133177-5261-4B8E-9DE2-0E0E069CF542}"
	ProjectSection(SolutionItems) = preProject
		generation\um\xaudio2\generate.rsp = generation\um\xaudio2\generate.rsp
		generation\um\xaudio2\header.txt = generation\um\xaudio2\header.txt
		generation\um\xaudio2\um-xaudio2.h = generation\um\xaudio2\um-xaudio2.h
	EndProjectSection
EndProject
Project("{2150E333-8FDC-42A3-9474-1A3956D46DE8}") = "xaudio2fx", "xaudio2fx", "{1A4B460B-F26E-4B3C-BFCC-7417C9D1B19C}"
	ProjectSection(SolutionItems) = preProject
		generation\um\xaudio2fx\generate.rsp = generation\um\xaudio2fx\generate.rsp
		generation\um\xaudio2fx\header.txt = generation\um\xaudio2fx\header.txt
		generation\um\xaudio2fx\um-xaudio2fx.h = generation\um\xaudio2fx\um-xaudio2fx.h
	EndProjectSection
EndProject
Project("{2150E333-8FDC-42A3-9474-1A3956D46DE8}") = "xapo", "xapo", "{81650B24-E7C8-41BE-8297-DD8E50B43220}"
	ProjectSection(SolutionItems) = preProject
		generation\um\xapo\generate.rsp = generation\um\xapo\generate.rsp
		generation\um\xapo\header.txt = generation\um\xapo\header.txt
		generation\um\xapo\um-xapo.h = generation\um\xapo\um-xapo.h
	EndProjectSection
EndProject
Project("{2150E333-8FDC-42A3-9474-1A3956D46DE8}") = "xapobase", "xapobase", "{6BC63DCF-7DF0-454C-86D5-20042D6EB9CF}"
	ProjectSection(SolutionItems) = preProject
		generation\um\xapobase\generate.rsp = generation\um\xapobase\generate.rsp
		generation\um\xapobase\header.txt = generation\um\xapobase\header.txt
		generation\um\xapobase\um-xapobase.h = generation\um\xapobase\um-xapobase.h
	EndProjectSection
EndProject
Project("{2150E333-8FDC-42A3-9474-1A3956D46DE8}") = "xapofx", "xapofx", "{B64DCBFD-3EED-4F15-B6DD-31014BBCE1C4}"
	ProjectSection(SolutionItems) = preProject
		generation\um\xapofx\generate.rsp = generation\um\xapofx\generate.rsp
		generation\um\xapofx\header.txt = generation\um\xapofx\header.txt
		generation\um\xapofx\um-xapofx.h = generation\um\xapofx\um-xapofx.h
	EndProjectSection
EndProject
Project("{2150E333-8FDC-42A3-9474-1A3956D46DE8}") = "x3daudio", "x3daudio", "{A87FCD03-C198-4F4F-8951-A3EB973599F7}"
	ProjectSection(SolutionItems) = preProject
		generation\um\x3daudio\generate.rsp = generation\um\x3daudio\generate.rsp
		generation\um\x3daudio\header.txt = generation\um\x3daudio\header.txt
		generation\um\x3daudio\um-x3daudio.h = generation\um\x3daudio\um-x3daudio.h
	EndProjectSection
EndProject
Project("{2150E333-8FDC-42A3-9474-1A3956D46DE8}") = "mmeapi", "mmeapi", "{43560D77-BB58-44C0-ACFD-33AFC1031460}"
	ProjectSection(SolutionItems) = preProject
		generation\um\mmeapi\generate.rsp = generation\um\mmeapi\generate.rsp
		generation\um\mmeapi\header.txt = generation\um\mmeapi\header.txt
		generation\um\mmeapi\um-mmeapi.h = generation\um\mmeapi\um-mmeapi.h
	EndProjectSection
EndProject
Project("{2150E333-8FDC-42A3-9474-1A3956D46DE8}") = "mmsyscom", "mmsyscom", "{E946BCCF-E6E9-4646-9C35-8E13F514203A}"
	ProjectSection(SolutionItems) = preProject
		generation\um\mmsyscom\generate.rsp = generation\um\mmsyscom\generate.rsp
		generation\um\mmsyscom\header.txt = generation\um\mmsyscom\header.txt
		generation\um\mmsyscom\um-mmsyscom.h = generation\um\mmsyscom\um-mmsyscom.h
	EndProjectSection
EndProject
Project("{2150E333-8FDC-42A3-9474-1A3956D46DE8}") = "AudioSessionTypes", "AudioSessionTypes", "{50062655-7A86-43ED-AE26-D441B771CFDB}"
	ProjectSection(SolutionItems) = preProject
		generation\um\AudioSessionTypes\generate.rsp = generation\um\AudioSessionTypes\generate.rsp
		generation\um\AudioSessionTypes\header.txt = generation\um\AudioSessionTypes\header.txt
		generation\um\AudioSessionTypes\um-AudioSessionTypes.h = generation\um\AudioSessionTypes\um-AudioSessionTypes.h
	EndProjectSection
EndProject
Project("{2150E333-8FDC-42A3-9474-1A3956D46DE8}") = "mmreg", "mmreg", "{A6F7ABE5-89E1-483A-ADBD-D89EF79E6E16}"
	ProjectSection(SolutionItems) = preProject
		generation\shared\mmreg\generate.rsp = generation\shared\mmreg\generate.rsp
		generation\shared\mmreg\header.txt = generation\shared\mmreg\header.txt
		generation\shared\mmreg\shared-mmreg.h = generation\shared\mmreg\shared-mmreg.h
	EndProjectSection
EndProject
Project("{2150E333-8FDC-42A3-9474-1A3956D46DE8}") = "DirectML", "DirectML", "{7B34FD9E-65C1-4140-80D5-6E8A8D39A8CF}"
	ProjectSection(SolutionItems) = preProject
		generation\um\DirectML\generate.rsp = generation\um\DirectML\generate.rsp
		generation\um\DirectML\header.txt = generation\um\DirectML\header.txt
		generation\um\DirectML\um-DirectML.h = generation\um\DirectML\um-DirectML.h
	EndProjectSection
EndProject
Project("{2150E333-8FDC-42A3-9474-1A3956D46DE8}") = "sapi", "sapi", "{C06939FB-3A0B-4706-8DF3-0404392920FB}"
	ProjectSection(SolutionItems) = preProject
		generation\um\sapi\generate.rsp = generation\um\sapi\generate.rsp
		generation\um\sapi\header.txt = generation\um\sapi\header.txt
		generation\um\sapi\um-sapi.h = generation\um\sapi\um-sapi.h
	EndProjectSection
EndProject
Global
	GlobalSection(SolutionConfigurationPlatforms) = preSolution
		Debug|Any CPU = Debug|Any CPU
		Release|Any CPU = Release|Any CPU
	EndGlobalSection
	GlobalSection(ProjectConfigurationPlatforms) = postSolution
		{4D7EE8D8-9A02-43D4-8D7A-15E734E4D9AA}.Debug|Any CPU.ActiveCfg = Debug|Any CPU
		{4D7EE8D8-9A02-43D4-8D7A-15E734E4D9AA}.Debug|Any CPU.Build.0 = Debug|Any CPU
		{4D7EE8D8-9A02-43D4-8D7A-15E734E4D9AA}.Release|Any CPU.ActiveCfg = Release|Any CPU
		{4D7EE8D8-9A02-43D4-8D7A-15E734E4D9AA}.Release|Any CPU.Build.0 = Release|Any CPU
		{6AB1F14A-F6F7-4B43-85C8-1C9703A0A1B8}.Debug|Any CPU.ActiveCfg = Debug|Any CPU
		{6AB1F14A-F6F7-4B43-85C8-1C9703A0A1B8}.Debug|Any CPU.Build.0 = Debug|Any CPU
		{6AB1F14A-F6F7-4B43-85C8-1C9703A0A1B8}.Release|Any CPU.ActiveCfg = Release|Any CPU
		{6AB1F14A-F6F7-4B43-85C8-1C9703A0A1B8}.Release|Any CPU.Build.0 = Release|Any CPU
		{37ACC069-F0C9-4DC3-8E13-12C61ACF269D}.Debug|Any CPU.ActiveCfg = Debug|Any CPU
		{37ACC069-F0C9-4DC3-8E13-12C61ACF269D}.Debug|Any CPU.Build.0 = Debug|Any CPU
		{37ACC069-F0C9-4DC3-8E13-12C61ACF269D}.Release|Any CPU.ActiveCfg = Release|Any CPU
		{37ACC069-F0C9-4DC3-8E13-12C61ACF269D}.Release|Any CPU.Build.0 = Release|Any CPU
	EndGlobalSection
	GlobalSection(SolutionProperties) = preSolution
		HideSolutionNode = FALSE
	EndGlobalSection
	GlobalSection(NestedProjects) = preSolution
		{F9716DD9-2967-4295-AC71-F1FD5A9EEFEF} = {D9638FEE-50A4-44FF-B1F6-72E59548490B}
		{27AC8160-04C5-4FC1-AE12-C3BCCEC59B3E} = {F9716DD9-2967-4295-AC71-F1FD5A9EEFEF}
		{5E52E621-8D72-4017-84CD-D73940044AA6} = {F9716DD9-2967-4295-AC71-F1FD5A9EEFEF}
		{7DE990A2-DE34-4BB1-8B0E-C10DB9BFD625} = {F9716DD9-2967-4295-AC71-F1FD5A9EEFEF}
		{2A0AF32A-A785-4055-8CB4-BCCDE7437D34} = {F9716DD9-2967-4295-AC71-F1FD5A9EEFEF}
		{88D06B2F-FAA9-4B0A-8E50-63AC28AC4464} = {F9716DD9-2967-4295-AC71-F1FD5A9EEFEF}
		{C46C3D04-D9B6-440F-8644-3DA27525198B} = {F9716DD9-2967-4295-AC71-F1FD5A9EEFEF}
		{4D5B32E6-D5DA-4D2E-B87E-389DF3066B0C} = {F9716DD9-2967-4295-AC71-F1FD5A9EEFEF}
		{79C044F1-E0EB-42EC-A4ED-1F086089853A} = {F9716DD9-2967-4295-AC71-F1FD5A9EEFEF}
		{133D4A58-8AD4-4D46-9847-3C12F24A775E} = {F9716DD9-2967-4295-AC71-F1FD5A9EEFEF}
		{6B586C09-33B0-4E3E-9EBE-36152E748B42} = {F9716DD9-2967-4295-AC71-F1FD5A9EEFEF}
		{67311E5E-FA9C-43A6-B431-9EF10047A0CE} = {D9638FEE-50A4-44FF-B1F6-72E59548490B}
		{D07DF48F-006E-4843-8506-E156319C2601} = {67311E5E-FA9C-43A6-B431-9EF10047A0CE}
		{36713FD3-DF89-4FCD-9534-6DDCE8571836} = {67311E5E-FA9C-43A6-B431-9EF10047A0CE}
		{4471B4D7-342C-44B7-AA3E-8ED44CD90F33} = {67311E5E-FA9C-43A6-B431-9EF10047A0CE}
		{9EBCE1E4-21A5-4DCC-8373-A65ADB7C800A} = {67311E5E-FA9C-43A6-B431-9EF10047A0CE}
		{3FAA36F0-DC75-4C7E-8324-E69988904AE4} = {67311E5E-FA9C-43A6-B431-9EF10047A0CE}
		{46B4E5B1-EA95-418D-B39D-982A1AF8DA35} = {67311E5E-FA9C-43A6-B431-9EF10047A0CE}
		{77F9C5DB-A736-4501-B346-9E1F4FC33559} = {67311E5E-FA9C-43A6-B431-9EF10047A0CE}
		{C56E4948-F4E6-4571-AFBA-14D4916FD949} = {67311E5E-FA9C-43A6-B431-9EF10047A0CE}
		{8C5D6885-5588-4549-BCB2-EBEC35984ED7} = {67311E5E-FA9C-43A6-B431-9EF10047A0CE}
		{4767AEE5-45C0-49D1-806A-E5817F64C6CF} = {67311E5E-FA9C-43A6-B431-9EF10047A0CE}
		{AFDB842D-1FEC-48E1-A0F3-B4F53FD3299D} = {67311E5E-FA9C-43A6-B431-9EF10047A0CE}
		{A9C066D4-C8B6-4062-9D86-2EFE4D8EABCD} = {67311E5E-FA9C-43A6-B431-9EF10047A0CE}
		{CD484A42-0C12-473E-B084-68EB9C10D401} = {67311E5E-FA9C-43A6-B431-9EF10047A0CE}
		{EAB815D2-DA56-4661-9F7E-55E38FF205A9} = {67311E5E-FA9C-43A6-B431-9EF10047A0CE}
		{6381B008-24FA-43F6-AD66-30EBD25DC8CF} = {67311E5E-FA9C-43A6-B431-9EF10047A0CE}
		{760D5A8A-0810-4C1A-A4F0-12982D8F38AA} = {67311E5E-FA9C-43A6-B431-9EF10047A0CE}
		{9B109AFE-7566-44CC-BABB-E91EC6BA3EB0} = {67311E5E-FA9C-43A6-B431-9EF10047A0CE}
		{A871F4B8-AC38-4393-B724-422654496AF0} = {67311E5E-FA9C-43A6-B431-9EF10047A0CE}
		{1B60B7F5-0CAD-4A13-85C2-2BE7FD06665A} = {67311E5E-FA9C-43A6-B431-9EF10047A0CE}
		{E39DBBA1-F5E9-453E-9475-EE95300CE502} = {67311E5E-FA9C-43A6-B431-9EF10047A0CE}
		{6F7520F0-9CA7-4A23-A17E-77762DA10BA7} = {67311E5E-FA9C-43A6-B431-9EF10047A0CE}
		{2463B9AF-56DB-4871-AEA5-19B3A30BFD1F} = {67311E5E-FA9C-43A6-B431-9EF10047A0CE}
		{52B605C1-A287-4414-BA82-13A9BC64D644} = {67311E5E-FA9C-43A6-B431-9EF10047A0CE}
		{E3186B8B-0517-439C-9BE5-61BF82800E5E} = {67311E5E-FA9C-43A6-B431-9EF10047A0CE}
		{DE030AE1-665D-41D9-A64A-D9D9BC4E3484} = {67311E5E-FA9C-43A6-B431-9EF10047A0CE}
		{67458011-CEA9-4383-87BC-60AF489D695F} = {67311E5E-FA9C-43A6-B431-9EF10047A0CE}
		{76F117AB-8B46-4614-99A5-5D64AF304973} = {67311E5E-FA9C-43A6-B431-9EF10047A0CE}
		{9EF3BB14-04ED-4642-9281-B4744426129C} = {67311E5E-FA9C-43A6-B431-9EF10047A0CE}
		{F21745DB-8D42-462D-A683-E1E44A060389} = {67311E5E-FA9C-43A6-B431-9EF10047A0CE}
		{58433F10-9D25-4E1E-B472-EE3CC0FA9967} = {67311E5E-FA9C-43A6-B431-9EF10047A0CE}
		{9983F062-7D44-4A3B-99B9-246E8E279B9C} = {67311E5E-FA9C-43A6-B431-9EF10047A0CE}
		{8C9D5EA5-DB96-4900-9CFA-2E34C2238868} = {67311E5E-FA9C-43A6-B431-9EF10047A0CE}
		{9EE9BB6F-0387-4450-B6EF-A58008E69169} = {67311E5E-FA9C-43A6-B431-9EF10047A0CE}
		{A81407E5-C3A9-45FA-BF70-148840B975E5} = {67311E5E-FA9C-43A6-B431-9EF10047A0CE}
		{2DEAA573-56ED-452F-95E0-EB997592C972} = {67311E5E-FA9C-43A6-B431-9EF10047A0CE}
		{48DA0623-BEB9-4BF3-B3BE-490FA85A9A0C} = {67311E5E-FA9C-43A6-B431-9EF10047A0CE}
		{45B40D25-2FB7-4AB5-9EF7-1F5AFC97E40B} = {67311E5E-FA9C-43A6-B431-9EF10047A0CE}
		{C0B34C98-1624-453B-98F7-EC313DB05ECF} = {67311E5E-FA9C-43A6-B431-9EF10047A0CE}
		{3F55BFA9-5AEE-41CF-9EB1-E395B1B7CDC1} = {67311E5E-FA9C-43A6-B431-9EF10047A0CE}
		{63E40D39-F1AB-4B4B-A9D3-DB17172332A3} = {67311E5E-FA9C-43A6-B431-9EF10047A0CE}
		{E2ADCD01-C759-4103-98C5-5C5B980D53B0} = {67311E5E-FA9C-43A6-B431-9EF10047A0CE}
		{058D8853-1B5A-4AB0-AC39-80D4C1E802D6} = {1054E499-981F-4EFA-855B-EC6FA604C6FB}
		{4D7EE8D8-9A02-43D4-8D7A-15E734E4D9AA} = {058D8853-1B5A-4AB0-AC39-80D4C1E802D6}
		{70FBCFD9-B96E-4E72-B35C-681D9B2DA3D6} = {0B821858-8E47-4485-AC06-D2E971A53EB2}
		{70B9DF97-05BA-4BF3-A945-60DF431235E0} = {70FBCFD9-B96E-4E72-B35C-681D9B2DA3D6}
		{6AB1F14A-F6F7-4B43-85C8-1C9703A0A1B8} = {70B9DF97-05BA-4BF3-A945-60DF431235E0}
		{7E31C739-2787-44ED-8304-7EFCEE1A2B2C} = {EFB05081-EC44-49D3-B6D1-52AE42085B5B}
		{83A9C646-8419-4C1C-886C-5340C90A7D5B} = {7E31C739-2787-44ED-8304-7EFCEE1A2B2C}
		{37ACC069-F0C9-4DC3-8E13-12C61ACF269D} = {83A9C646-8419-4C1C-886C-5340C90A7D5B}
		{F54C5855-9C8D-4EDF-BFC8-41F2E46DBE3C} = {67311E5E-FA9C-43A6-B431-9EF10047A0CE}
		{1A62D4BF-8828-434B-98EA-23B1F1AEDDDD} = {67311E5E-FA9C-43A6-B431-9EF10047A0CE}
		{325F3936-6CD2-4395-BD7C-972A2B75A0DD} = {67311E5E-FA9C-43A6-B431-9EF10047A0CE}
		{3D9A2652-972F-48E3-BFC3-25D3DAB2730D} = {67311E5E-FA9C-43A6-B431-9EF10047A0CE}
		{806E005D-A8C4-41A7-AE4E-292CB96C1C59} = {67311E5E-FA9C-43A6-B431-9EF10047A0CE}
		{3E9056CE-8852-4DE8-AC76-182401F7EBD1} = {67311E5E-FA9C-43A6-B431-9EF10047A0CE}
		{CB299971-15C7-4F00-9329-D8B3AAE2227E} = {67311E5E-FA9C-43A6-B431-9EF10047A0CE}
		{CC18071D-937E-4926-A408-E42AA688ED1D} = {F9716DD9-2967-4295-AC71-F1FD5A9EEFEF}
		{C1771110-6F35-43EA-96C3-83534A629A9D} = {F9716DD9-2967-4295-AC71-F1FD5A9EEFEF}
		{08F0E7CA-01E5-4737-940B-DD6DAE133740} = {F9716DD9-2967-4295-AC71-F1FD5A9EEFEF}
		{05EC2C2B-8E6F-44E0-BDF0-024DAB73287C} = {F9716DD9-2967-4295-AC71-F1FD5A9EEFEF}
		{E3401D8D-4F48-4E6C-9000-F0014E307F31} = {67311E5E-FA9C-43A6-B431-9EF10047A0CE}
		{CA05BC3B-5880-4AD8-A608-EF21B012B71C} = {67311E5E-FA9C-43A6-B431-9EF10047A0CE}
		{C41B4612-C153-4463-943A-8E1287444BA2} = {67311E5E-FA9C-43A6-B431-9EF10047A0CE}
		{E9E933E4-E296-41A5-BE9A-9F7776323EBF} = {67311E5E-FA9C-43A6-B431-9EF10047A0CE}
		{B5F08105-B865-458D-ADED-C36B83269EB1} = {67311E5E-FA9C-43A6-B431-9EF10047A0CE}
		{125B08C4-44AF-4C52-BB37-E1166FD29F9E} = {67311E5E-FA9C-43A6-B431-9EF10047A0CE}
		{D1289E55-9845-48F4-A7A0-7D6CAC08023F} = {67311E5E-FA9C-43A6-B431-9EF10047A0CE}
		{448C0916-2B9C-4008-B1C8-FE82B7FE4684} = {67311E5E-FA9C-43A6-B431-9EF10047A0CE}
		{D6EFD0AD-6DC8-463E-A5AF-9DFBB825ACDF} = {67311E5E-FA9C-43A6-B431-9EF10047A0CE}
		{8D3A1E72-CEB3-4856-A9E6-2169627BA05E} = {67311E5E-FA9C-43A6-B431-9EF10047A0CE}
		{8D278EB6-4EA8-4253-9C75-3FDBBC502FB8} = {F9716DD9-2967-4295-AC71-F1FD5A9EEFEF}
		{9C82C4BB-1D52-485F-AE59-8CC347753A8C} = {F9716DD9-2967-4295-AC71-F1FD5A9EEFEF}
		{70E2740C-8582-4522-9DB8-F0AAF4222CB0} = {F9716DD9-2967-4295-AC71-F1FD5A9EEFEF}
		{E3052240-0386-4984-8562-DC906A171B9A} = {F9716DD9-2967-4295-AC71-F1FD5A9EEFEF}
		{F23F8885-BCAE-4520-99DF-F0D00D96F934} = {F9716DD9-2967-4295-AC71-F1FD5A9EEFEF}
		{EAC155AF-13A3-404C-A0D6-4BB3754DB357} = {F9716DD9-2967-4295-AC71-F1FD5A9EEFEF}
		{7303F50F-3042-406D-9659-670BA4BDAFF3} = {F9716DD9-2967-4295-AC71-F1FD5A9EEFEF}
		{5A59FFC1-BE87-45A2-A8A7-B6FE1BCED271} = {F9716DD9-2967-4295-AC71-F1FD5A9EEFEF}
		{6FE54E38-7148-410E-B705-DBD1DEADB289} = {67311E5E-FA9C-43A6-B431-9EF10047A0CE}
		{388063B8-ADB3-4247-AB55-575151D6171E} = {67311E5E-FA9C-43A6-B431-9EF10047A0CE}
		{54243AB4-DCF7-4557-B3D7-31FF74DD8367} = {67311E5E-FA9C-43A6-B431-9EF10047A0CE}
		{F191637A-421E-4826-A26E-DE73ACE93494} = {67311E5E-FA9C-43A6-B431-9EF10047A0CE}
		{274AC85C-C366-4770-8822-277548199E27} = {67311E5E-FA9C-43A6-B431-9EF10047A0CE}
		{ACB478FC-1728-4302-ABFE-F3AEBE6C207E} = {67311E5E-FA9C-43A6-B431-9EF10047A0CE}
		{E3D36D88-D550-40DF-80F7-01036FE8F684} = {67311E5E-FA9C-43A6-B431-9EF10047A0CE}
		{811E51D3-DBA8-4988-A365-9E801DD3DAD5} = {67311E5E-FA9C-43A6-B431-9EF10047A0CE}
		{6F88379B-A1EC-4BEC-920C-0743822F8493} = {67311E5E-FA9C-43A6-B431-9EF10047A0CE}
		{70A02165-57BB-48DC-A6C5-B93E253CD3BE} = {67311E5E-FA9C-43A6-B431-9EF10047A0CE}
		{5653F94C-B8A1-4B7E-8226-34813ECA01C0} = {67311E5E-FA9C-43A6-B431-9EF10047A0CE}
		{C51AED35-0089-4BDE-842F-5390F69BE055} = {67311E5E-FA9C-43A6-B431-9EF10047A0CE}
		{CB8001DB-06E1-4391-B9DC-4C163DD343B6} = {67311E5E-FA9C-43A6-B431-9EF10047A0CE}
		{4F134A2D-BBD7-4105-9D1E-18961D8D6600} = {67311E5E-FA9C-43A6-B431-9EF10047A0CE}
		{B5B39F76-5BDC-400C-94B9-73DE33D8E3CF} = {67311E5E-FA9C-43A6-B431-9EF10047A0CE}
		{A91EFD53-A552-4410-9549-19F57E02E95A} = {F9716DD9-2967-4295-AC71-F1FD5A9EEFEF}
		{B05F9DF2-502C-49DE-B50D-B0A60736004B} = {67311E5E-FA9C-43A6-B431-9EF10047A0CE}
		{EC83F1EF-197E-48E8-8726-9805EC8CFBE3} = {67311E5E-FA9C-43A6-B431-9EF10047A0CE}
		{EF133177-5261-4B8E-9DE2-0E0E069CF542} = {67311E5E-FA9C-43A6-B431-9EF10047A0CE}
		{1A4B460B-F26E-4B3C-BFCC-7417C9D1B19C} = {67311E5E-FA9C-43A6-B431-9EF10047A0CE}
		{81650B24-E7C8-41BE-8297-DD8E50B43220} = {67311E5E-FA9C-43A6-B431-9EF10047A0CE}
		{6BC63DCF-7DF0-454C-86D5-20042D6EB9CF} = {67311E5E-FA9C-43A6-B431-9EF10047A0CE}
		{B64DCBFD-3EED-4F15-B6DD-31014BBCE1C4} = {67311E5E-FA9C-43A6-B431-9EF10047A0CE}
		{A87FCD03-C198-4F4F-8951-A3EB973599F7} = {67311E5E-FA9C-43A6-B431-9EF10047A0CE}
		{43560D77-BB58-44C0-ACFD-33AFC1031460} = {67311E5E-FA9C-43A6-B431-9EF10047A0CE}
		{E946BCCF-E6E9-4646-9C35-8E13F514203A} = {67311E5E-FA9C-43A6-B431-9EF10047A0CE}
		{50062655-7A86-43ED-AE26-D441B771CFDB} = {67311E5E-FA9C-43A6-B431-9EF10047A0CE}
		{A6F7ABE5-89E1-483A-ADBD-D89EF79E6E16} = {F9716DD9-2967-4295-AC71-F1FD5A9EEFEF}
		{7B34FD9E-65C1-4140-80D5-6E8A8D39A8CF} = {67311E5E-FA9C-43A6-B431-9EF10047A0CE}
		{C06939FB-3A0B-4706-8DF3-0404392920FB} = {67311E5E-FA9C-43A6-B431-9EF10047A0CE}
	EndGlobalSection
	GlobalSection(ExtensibilityGlobals) = postSolution
		SolutionGuid = {2FE36DF8-2D9C-4F20-8787-45DC74B57461}
	EndGlobalSection
EndGlobal
